{
  "version": 4,
  "terraform_version": "1.12.2",
  "serial": 884,
  "lineage": "b3e64b2a-cc0d-c2f1-6c81-a420c6ac1afb",
  "outputs": {
    "bastion": {
      "value": "54.188.105.125",
      "type": "string"
    },
    "elb": {
      "value": "lb-jenkins-985501314.us-west-2.elb.amazonaws.com",
      "type": "string"
    },
    "jenkins_private_ip": {
      "value": "10.0.3.122",
      "type": "string"
    }
  },
  "resources": [
    {
      "mode": "data",
      "type": "aws_ami",
      "name": "bastion",
      "provider": "provider[\"registry.terraform.io/hashicorp/aws\"]",
      "instances": [
        {
          "schema_version": 0,
          "attributes": {
            "allow_unsafe_filter": null,
            "architecture": "x86_64",
            "arn": "arn:aws:ec2:us-west-2::image/ami-0f845fe6588c34e96",
            "block_device_mappings": [
              {
                "device_name": "/dev/xvda",
                "ebs": {
                  "delete_on_termination": "true",
                  "encrypted": "false",
                  "iops": "3000",
                  "snapshot_id": "snap-09128ec4d672fc3bc",
                  "throughput": "125",
                  "volume_initialization_rate": "0",
                  "volume_size": "30",
                  "volume_type": "gp3"
                },
                "no_device": "",
                "virtual_name": ""
              }
            ],
            "boot_mode": "uefi-preferred",
            "creation_date": "2025-08-28T23:01:25.000Z",
            "deprecation_time": "2027-08-28T23:01:25.000Z",
            "description": "Amazon Linux AMI 2023.0.20250828 x86_64 ECS HVM EBS",
            "ena_support": true,
            "executable_users": null,
            "filter": [
              {
                "name": "name",
                "values": [
                  "al2023-ami-*-x86_64"
                ]
              }
            ],
            "hypervisor": "xen",
            "id": "ami-0f845fe6588c34e96",
            "image_id": "ami-0f845fe6588c34e96",
            "image_location": "amazon/al2023-ami-ecs-hvm-2023.0.20250828-kernel-6.1-x86_64",
            "image_owner_alias": "amazon",
            "image_type": "machine",
            "imds_support": "v2.0",
            "include_deprecated": false,
            "kernel_id": "",
            "last_launched_time": "",
            "most_recent": true,
            "name": "al2023-ami-ecs-hvm-2023.0.20250828-kernel-6.1-x86_64",
            "name_regex": null,
            "owner_id": "591542846629",
            "owners": [
              "amazon"
            ],
            "platform": "",
            "platform_details": "Linux/UNIX",
            "product_codes": [],
            "public": true,
            "ramdisk_id": "",
            "region": "us-west-2",
            "root_device_name": "/dev/xvda",
            "root_device_type": "ebs",
            "root_snapshot_id": "snap-09128ec4d672fc3bc",
            "sriov_net_support": "simple",
            "state": "available",
            "state_reason": {
              "code": "UNSET",
              "message": "UNSET"
            },
            "tags": {},
            "timeouts": null,
            "tpm_support": "",
            "uefi_data": null,
            "usage_operation": "RunInstances",
            "virtualization_type": "hvm"
          },
          "sensitive_attributes": [],
          "identity_schema_version": 0
        }
      ]
    },
    {
      "mode": "data",
      "type": "aws_ami",
      "name": "jenkins",
      "provider": "provider[\"registry.terraform.io/hashicorp/aws\"]",
      "instances": [
        {
          "schema_version": 0,
          "attributes": {
            "allow_unsafe_filter": null,
            "architecture": "x86_64",
            "arn": "arn:aws:ec2:us-west-2::image/ami-0f845fe6588c34e96",
            "block_device_mappings": [
              {
                "device_name": "/dev/xvda",
                "ebs": {
                  "delete_on_termination": "true",
                  "encrypted": "false",
                  "iops": "3000",
                  "snapshot_id": "snap-09128ec4d672fc3bc",
                  "throughput": "125",
                  "volume_initialization_rate": "0",
                  "volume_size": "30",
                  "volume_type": "gp3"
                },
                "no_device": "",
                "virtual_name": ""
              }
            ],
            "boot_mode": "uefi-preferred",
            "creation_date": "2025-08-28T23:01:25.000Z",
            "deprecation_time": "2027-08-28T23:01:25.000Z",
            "description": "Amazon Linux AMI 2023.0.20250828 x86_64 ECS HVM EBS",
            "ena_support": true,
            "executable_users": null,
            "filter": [
              {
                "name": "name",
                "values": [
                  "al2023-ami-*-x86_64"
                ]
              }
            ],
            "hypervisor": "xen",
            "id": "ami-0f845fe6588c34e96",
            "image_id": "ami-0f845fe6588c34e96",
            "image_location": "amazon/al2023-ami-ecs-hvm-2023.0.20250828-kernel-6.1-x86_64",
            "image_owner_alias": "amazon",
            "image_type": "machine",
            "imds_support": "v2.0",
            "include_deprecated": false,
            "kernel_id": "",
            "last_launched_time": "",
            "most_recent": true,
            "name": "al2023-ami-ecs-hvm-2023.0.20250828-kernel-6.1-x86_64",
            "name_regex": null,
            "owner_id": "591542846629",
            "owners": [
              "amazon"
            ],
            "platform": "",
            "platform_details": "Linux/UNIX",
            "product_codes": [],
            "public": true,
            "ramdisk_id": "",
            "region": "us-west-2",
            "root_device_name": "/dev/xvda",
            "root_device_type": "ebs",
            "root_snapshot_id": "snap-09128ec4d672fc3bc",
            "sriov_net_support": "simple",
            "state": "available",
            "state_reason": {
              "code": "UNSET",
              "message": "UNSET"
            },
            "tags": {},
            "timeouts": null,
            "tpm_support": "",
            "uefi_data": null,
            "usage_operation": "RunInstances",
            "virtualization_type": "hvm"
          },
          "sensitive_attributes": [],
          "identity_schema_version": 0
        }
      ]
    },
    {
      "mode": "data",
      "type": "aws_ami",
      "name": "worker",
      "provider": "provider[\"registry.terraform.io/hashicorp/aws\"]",
      "instances": [
        {
          "schema_version": 0,
          "attributes": {
            "allow_unsafe_filter": null,
            "architecture": "x86_64",
            "arn": "arn:aws:ec2:us-west-2::image/ami-0f845fe6588c34e96",
            "block_device_mappings": [
              {
                "device_name": "/dev/xvda",
                "ebs": {
                  "delete_on_termination": "true",
                  "encrypted": "false",
                  "iops": "3000",
                  "snapshot_id": "snap-09128ec4d672fc3bc",
                  "throughput": "125",
                  "volume_initialization_rate": "0",
                  "volume_size": "30",
                  "volume_type": "gp3"
                },
                "no_device": "",
                "virtual_name": ""
              }
            ],
            "boot_mode": "uefi-preferred",
            "creation_date": "2025-08-28T23:01:25.000Z",
            "deprecation_time": "2027-08-28T23:01:25.000Z",
            "description": "Amazon Linux AMI 2023.0.20250828 x86_64 ECS HVM EBS",
            "ena_support": true,
            "executable_users": null,
            "filter": [
              {
                "name": "name",
                "values": [
                  "al2023-ami-*-x86_64"
                ]
              }
            ],
            "hypervisor": "xen",
            "id": "ami-0f845fe6588c34e96",
            "image_id": "ami-0f845fe6588c34e96",
            "image_location": "amazon/al2023-ami-ecs-hvm-2023.0.20250828-kernel-6.1-x86_64",
            "image_owner_alias": "amazon",
            "image_type": "machine",
            "imds_support": "v2.0",
            "include_deprecated": false,
            "kernel_id": "",
            "last_launched_time": "",
            "most_recent": true,
            "name": "al2023-ami-ecs-hvm-2023.0.20250828-kernel-6.1-x86_64",
            "name_regex": null,
            "owner_id": "591542846629",
            "owners": [
              "amazon"
            ],
            "platform": "",
            "platform_details": "Linux/UNIX",
            "product_codes": [],
            "public": true,
            "ramdisk_id": "",
            "region": "us-west-2",
            "root_device_name": "/dev/xvda",
            "root_device_type": "ebs",
            "root_snapshot_id": "snap-09128ec4d672fc3bc",
            "sriov_net_support": "simple",
            "state": "available",
            "state_reason": {
              "code": "UNSET",
              "message": "UNSET"
            },
            "tags": {},
            "timeouts": null,
            "tpm_support": "",
            "uefi_data": null,
            "usage_operation": "RunInstances",
            "virtualization_type": "hvm"
          },
          "sensitive_attributes": [],
          "identity_schema_version": 0
        }
      ]
    },
    {
      "mode": "data",
      "type": "aws_instances",
      "name": "jenkins",
      "provider": "provider[\"registry.terraform.io/hashicorp/aws\"]",
      "instances": [
        {
          "schema_version": 0,
          "attributes": {
            "filter": [
              {
                "name": "tag:aws:autoscaling:groupName",
                "values": [
                  "jenkins-autoscaling-group"
                ]
              }
            ],
            "id": "us-west-2",
            "ids": [
              "i-0558c3be61922d7cc"
            ],
            "instance_state_names": [
              "running"
            ],
            "instance_tags": null,
            "ipv6_addresses": [],
            "private_ips": [
              "10.0.3.122"
            ],
            "public_ips": [],
            "region": "us-west-2",
            "timeouts": null
          },
          "sensitive_attributes": [],
          "identity_schema_version": 0
        }
      ]
    },
    {
      "mode": "data",
      "type": "http",
      "name": "my_ip",
      "provider": "provider[\"registry.terraform.io/hashicorp/http\"]",
      "instances": [
        {
          "schema_version": 0,
          "attributes": {
            "body": "84.142.220.65\n",
            "ca_cert_pem": null,
            "client_cert_pem": null,
            "client_key_pem": null,
            "id": "https://checkip.amazonaws.com/",
            "insecure": null,
            "method": null,
            "request_body": null,
            "request_headers": null,
            "request_timeout_ms": null,
            "response_body": "84.142.220.65\n",
            "response_body_base64": "ODQuMTQyLjIyMC42NQo=",
            "response_headers": {
              "Content-Length": "14",
              "Content-Type": "text/plain;charset=UTF-8",
              "Date": "Tue, 09 Sep 2025 19:02:01 GMT",
              "Server": "nginx",
              "Vary": "Origin, Access-Control-Request-Method, Access-Control-Request-Headers"
            },
            "retry": null,
            "status_code": 200,
            "url": "https://checkip.amazonaws.com/"
          },
          "sensitive_attributes": [],
          "identity_schema_version": 0
        }
      ]
    },
    {
      "mode": "data",
      "type": "template_file",
      "name": "user_data_worker",
      "provider": "provider[\"registry.terraform.io/hashicorp/template\"]",
      "instances": [
        {
          "schema_version": 0,
          "attributes": {
            "filename": null,
            "id": "973ba8665ae733f32d49c5bc58395abafc0be9528008896e5176f2d7812257e6",
            "rendered": "#!/usr/bin/env bash\n\nJENKINS_USERNAME=admin\nJENKINS_PASSWORD=password\n\nJENKINS_URL=\"http://10.0.3.122:8080\"\n\necho \"Waiting for $JENKINS_URL to return HTTP 200...\"\n\nwhile true; do\n  STATUS=$(curl -o /dev/null -s -w \"%{http_code}\" \"$JENKINS_URL/login\")\n  if [ \"$STATUS\" -eq 200 ]; then\n    echo \"Success: $JENKINS_URL/login is up (HTTP 200)\"\n    break\n  else\n    echo \"Current status: $STATUS. Retrying in 5 seconds...\"\n    sleep 5\n  fi\ndone\n\nCOOKIEJAR=\"$(mktemp)\"\nTOKEN=$(curl -u $JENKINS_USERNAME:$JENKINS_PASSWORD --cookie-jar \"$COOKIEJAR\" ''$JENKINS_URL'/crumbIssuer/api/xml?xpath=concat(//crumbRequestField,\":\",//crumb)')\nINSTANCE_NAME=$(curl -s 169.254.169.254/latest/meta-data/local-hostname)\nINSTANCE_IP=$(curl -s 169.254.169.254/latest/meta-data/local-ipv4)\nJENKINS_CREDENTIALS_ID=\"jenkins-worker\"\n\ncurl -v -u $JENKINS_USERNAME:$JENKINS_PASSWORD --cookie \"$COOKIEJAR\" -H \"$TOKEN\" -d 'script=\nimport hudson.model.Node.Mode\nimport hudson.slaves.*\nimport jenkins.model.Jenkins\nimport hudson.plugins.sshslaves.SSHLauncher\n\nDumbSlave dumb = new DumbSlave(\"'$INSTANCE_NAME'\",\n\"'$INSTANCE_NAME'\",\n\"/home/ec2-user\",\n\"3\",\nMode.NORMAL,\n\"workers\",\nnew SSHLauncher(\"'$INSTANCE_IP'\", 22, \"'$JENKINS_CREDENTIALS_ID'\"),\nRetentionStrategy.INSTANCE)\nJenkins.instance.addNode(dumb)\n' $JENKINS_URL/script\n\nrm -rf $COOKIEJAR",
            "template": "#!/usr/bin/env bash\n\nJENKINS_USERNAME=admin\nJENKINS_PASSWORD=password\n\nJENKINS_URL=\"http://${jenkins_private_ip}:8080\"\n\necho \"Waiting for $JENKINS_URL to return HTTP 200...\"\n\nwhile true; do\n  STATUS=$(curl -o /dev/null -s -w \"%%{http_code}\" \"$JENKINS_URL/login\")\n  if [ \"$STATUS\" -eq 200 ]; then\n    echo \"Success: $JENKINS_URL/login is up (HTTP 200)\"\n    break\n  else\n    echo \"Current status: $STATUS. Retrying in 5 seconds...\"\n    sleep 5\n  fi\ndone\n\nCOOKIEJAR=\"$(mktemp)\"\nTOKEN=$(curl -u $JENKINS_USERNAME:$JENKINS_PASSWORD --cookie-jar \"$COOKIEJAR\" ''$JENKINS_URL'/crumbIssuer/api/xml?xpath=concat(//crumbRequestField,\":\",//crumb)')\nINSTANCE_NAME=$(curl -s 169.254.169.254/latest/meta-data/local-hostname)\nINSTANCE_IP=$(curl -s 169.254.169.254/latest/meta-data/local-ipv4)\nJENKINS_CREDENTIALS_ID=\"${worker_credentials_id}\"\n\ncurl -v -u $JENKINS_USERNAME:$JENKINS_PASSWORD --cookie \"$COOKIEJAR\" -H \"$TOKEN\" -d 'script=\nimport hudson.model.Node.Mode\nimport hudson.slaves.*\nimport jenkins.model.Jenkins\nimport hudson.plugins.sshslaves.SSHLauncher\n\nDumbSlave dumb = new DumbSlave(\"'$INSTANCE_NAME'\",\n\"'$INSTANCE_NAME'\",\n\"/home/ec2-user\",\n\"3\",\nMode.NORMAL,\n\"workers\",\nnew SSHLauncher(\"'$INSTANCE_IP'\", 22, \"'$JENKINS_CREDENTIALS_ID'\"),\nRetentionStrategy.INSTANCE)\nJenkins.instance.addNode(dumb)\n' $JENKINS_URL/script\n\nrm -rf $COOKIEJAR",
            "vars": {
              "jenkins_private_ip": "10.0.3.122",
              "worker_credentials_id": "jenkins-worker"
            }
          },
          "sensitive_attributes": [],
          "identity_schema_version": 0
        }
      ]
    },
    {
      "mode": "managed",
      "type": "aws_autoscaling_group",
      "name": "jenkins",
      "provider": "provider[\"registry.terraform.io/hashicorp/aws\"]",
      "instances": [
        {
          "schema_version": 1,
          "attributes": {
            "arn": "arn:aws:autoscaling:us-west-2:162590743500:autoScalingGroup:cd885872-ef39-4471-99f8-bd8e42dabe09:autoScalingGroupName/jenkins-autoscaling-group",
            "availability_zone_distribution": [
              {
                "capacity_distribution_strategy": "balanced-best-effort"
              }
            ],
            "availability_zones": [
              "us-west-2a",
              "us-west-2b"
            ],
            "capacity_rebalance": false,
            "capacity_reservation_specification": [
              {
                "capacity_reservation_preference": "default",
                "capacity_reservation_target": []
              }
            ],
            "context": "",
            "default_cooldown": 300,
            "default_instance_warmup": 0,
            "desired_capacity": 1,
            "desired_capacity_type": "",
            "enabled_metrics": null,
            "force_delete": false,
            "force_delete_warm_pool": false,
            "health_check_grace_period": 1200,
            "health_check_type": "ELB",
            "id": "jenkins-autoscaling-group",
            "ignore_failed_scaling_activities": false,
            "initial_lifecycle_hook": [],
            "instance_maintenance_policy": [],
            "instance_refresh": [],
            "launch_configuration": "",
            "launch_template": [
              {
                "id": "lt-000e684e1fc764cdd",
                "name": "jenkins-launch-template",
                "version": "$Latest"
              }
            ],
            "load_balancers": [],
            "max_instance_lifetime": 0,
            "max_size": 1,
            "metrics_granularity": "1Minute",
            "min_elb_capacity": null,
            "min_size": 1,
            "mixed_instances_policy": [],
            "name": "jenkins-autoscaling-group",
            "name_prefix": "",
            "placement_group": "",
            "predicted_capacity": 0,
            "protect_from_scale_in": false,
            "region": "us-west-2",
            "service_linked_role_arn": "arn:aws:iam::162590743500:role/aws-service-role/autoscaling.amazonaws.com/AWSServiceRoleForAutoScaling",
            "suspended_processes": null,
            "tag": [],
            "target_group_arns": [
              "arn:aws:elasticloadbalancing:us-west-2:162590743500:targetgroup/lb-target-group-jenkins/8f2df563af9993c2"
            ],
            "termination_policies": null,
            "timeouts": null,
            "traffic_source": [
              {
                "identifier": "arn:aws:elasticloadbalancing:us-west-2:162590743500:targetgroup/lb-target-group-jenkins/8f2df563af9993c2",
                "type": "elbv2"
              }
            ],
            "vpc_zone_identifier": [
              "subnet-04be0d4aa057628ff",
              "subnet-0eab5017d1336af3e"
            ],
            "wait_for_capacity_timeout": "10m",
            "wait_for_elb_capacity": null,
            "warm_pool": [],
            "warm_pool_size": 0
          },
          "sensitive_attributes": [],
          "identity_schema_version": 0,
          "private": "eyJlMmJmYjczMC1lY2FhLTExZTYtOGY4OC0zNDM2M2JjN2M0YzAiOnsiZGVsZXRlIjo2MDAwMDAwMDAwMDAsInVwZGF0ZSI6NjAwMDAwMDAwMDAwfSwic2NoZW1hX3ZlcnNpb24iOiIxIn0=",
          "dependencies": [
            "aws_launch_template.jenkins",
            "aws_lb_target_group.jenkins",
            "aws_security_group.bastion",
            "aws_security_group.jenkins",
            "aws_security_group.lb",
            "aws_subnet.private_subnet",
            "aws_vpc.custom",
            "data.aws_ami.jenkins",
            "data.http.my_ip"
          ]
        }
      ]
    },
    {
      "mode": "managed",
      "type": "aws_autoscaling_group",
      "name": "worker",
      "provider": "provider[\"registry.terraform.io/hashicorp/aws\"]",
      "instances": [
        {
          "schema_version": 1,
          "attributes": {
            "arn": "arn:aws:autoscaling:us-west-2:162590743500:autoScalingGroup:940a1656-c913-4a81-9dc7-e64843bca5c8:autoScalingGroupName/worker-autoscaling-group",
            "availability_zone_distribution": [
              {
                "capacity_distribution_strategy": "balanced-best-effort"
              }
            ],
            "availability_zones": [
              "us-west-2a",
              "us-west-2b"
            ],
            "capacity_rebalance": false,
            "capacity_reservation_specification": [
              {
                "capacity_reservation_preference": "default",
                "capacity_reservation_target": []
              }
            ],
            "context": "",
            "default_cooldown": 300,
            "default_instance_warmup": 0,
            "desired_capacity": 1,
            "desired_capacity_type": "",
            "enabled_metrics": null,
            "force_delete": false,
            "force_delete_warm_pool": false,
            "health_check_grace_period": 300,
            "health_check_type": "EC2",
            "id": "worker-autoscaling-group",
            "ignore_failed_scaling_activities": false,
            "initial_lifecycle_hook": [],
            "instance_maintenance_policy": [],
            "instance_refresh": [],
            "launch_configuration": "",
            "launch_template": [
              {
                "id": "lt-0523270659c2d69a5",
                "name": "worker-launch-template",
                "version": "$Latest"
              }
            ],
            "load_balancers": [],
            "max_instance_lifetime": 0,
            "max_size": 2,
            "metrics_granularity": "1Minute",
            "min_elb_capacity": null,
            "min_size": 1,
            "mixed_instances_policy": [],
            "name": "worker-autoscaling-group",
            "name_prefix": "",
            "placement_group": "",
            "predicted_capacity": 0,
            "protect_from_scale_in": false,
            "region": "us-west-2",
            "service_linked_role_arn": "arn:aws:iam::162590743500:role/aws-service-role/autoscaling.amazonaws.com/AWSServiceRoleForAutoScaling",
            "suspended_processes": null,
            "tag": [],
            "target_group_arns": [],
            "termination_policies": null,
            "timeouts": null,
            "traffic_source": [],
            "vpc_zone_identifier": [
              "subnet-04be0d4aa057628ff",
              "subnet-0eab5017d1336af3e"
            ],
            "wait_for_capacity_timeout": "10m",
            "wait_for_elb_capacity": null,
            "warm_pool": [],
            "warm_pool_size": 0
          },
          "sensitive_attributes": [],
          "identity_schema_version": 0,
          "private": "eyJlMmJmYjczMC1lY2FhLTExZTYtOGY4OC0zNDM2M2JjN2M0YzAiOnsiZGVsZXRlIjo2MDAwMDAwMDAwMDAsInVwZGF0ZSI6NjAwMDAwMDAwMDAwfSwic2NoZW1hX3ZlcnNpb24iOiIxIn0=",
          "dependencies": [
            "aws_autoscaling_group.jenkins",
            "aws_launch_template.jenkins",
            "aws_launch_template.worker",
            "aws_lb_target_group.jenkins",
            "aws_security_group.bastion",
            "aws_security_group.jenkins",
            "aws_security_group.lb",
            "aws_security_group.worker",
            "aws_subnet.private_subnet",
            "aws_vpc.custom",
            "data.aws_ami.jenkins",
            "data.aws_ami.worker",
            "data.aws_instances.jenkins",
            "data.http.my_ip",
            "data.template_file.user_data_worker"
          ]
        }
      ]
    },
    {
      "mode": "managed",
      "type": "aws_autoscaling_policy",
      "name": "scale-in",
      "provider": "provider[\"registry.terraform.io/hashicorp/aws\"]",
      "instances": [
        {
          "schema_version": 0,
          "attributes": {
            "adjustment_type": "ChangeInCapacity",
            "arn": "arn:aws:autoscaling:us-west-2:162590743500:scalingPolicy:59125375-a151-45db-9327-49edfd279a08:autoScalingGroupName/worker-autoscaling-group:policyName/scale-in-workers",
            "autoscaling_group_name": "worker-autoscaling-group",
            "cooldown": 300,
            "enabled": true,
            "estimated_instance_warmup": 0,
            "id": "scale-in-workers",
            "metric_aggregation_type": "",
            "min_adjustment_magnitude": 0,
            "name": "scale-in-workers",
            "policy_type": "SimpleScaling",
            "predictive_scaling_configuration": [],
            "region": "us-west-2",
            "scaling_adjustment": -1,
            "step_adjustment": [],
            "target_tracking_configuration": []
          },
          "sensitive_attributes": [],
          "identity_schema_version": 0,
          "private": "bnVsbA==",
          "dependencies": [
            "aws_autoscaling_group.jenkins",
            "aws_autoscaling_group.worker",
            "aws_launch_template.jenkins",
            "aws_launch_template.worker",
            "aws_lb_target_group.jenkins",
            "aws_security_group.bastion",
            "aws_security_group.jenkins",
            "aws_security_group.lb",
            "aws_security_group.worker",
            "aws_subnet.private_subnet",
            "aws_vpc.custom",
            "data.aws_ami.jenkins",
            "data.aws_ami.worker",
            "data.aws_instances.jenkins",
            "data.http.my_ip",
            "data.template_file.user_data_worker"
          ]
        }
      ]
    },
    {
      "mode": "managed",
      "type": "aws_autoscaling_policy",
      "name": "scale-out",
      "provider": "provider[\"registry.terraform.io/hashicorp/aws\"]",
      "instances": [
        {
          "schema_version": 0,
          "attributes": {
            "adjustment_type": "ChangeInCapacity",
            "arn": "arn:aws:autoscaling:us-west-2:162590743500:scalingPolicy:16f8cba5-55a7-445e-b395-efeb5d9c723b:autoScalingGroupName/worker-autoscaling-group:policyName/scale-out-workers",
            "autoscaling_group_name": "worker-autoscaling-group",
            "cooldown": 300,
            "enabled": true,
            "estimated_instance_warmup": 0,
            "id": "scale-out-workers",
            "metric_aggregation_type": "",
            "min_adjustment_magnitude": 0,
            "name": "scale-out-workers",
            "policy_type": "SimpleScaling",
            "predictive_scaling_configuration": [],
            "region": "us-west-2",
            "scaling_adjustment": 1,
            "step_adjustment": [],
            "target_tracking_configuration": []
          },
          "sensitive_attributes": [],
          "identity_schema_version": 0,
          "private": "bnVsbA==",
          "dependencies": [
            "aws_autoscaling_group.jenkins",
            "aws_autoscaling_group.worker",
            "aws_launch_template.jenkins",
            "aws_launch_template.worker",
            "aws_lb_target_group.jenkins",
            "aws_security_group.bastion",
            "aws_security_group.jenkins",
            "aws_security_group.lb",
            "aws_security_group.worker",
            "aws_subnet.private_subnet",
            "aws_vpc.custom",
            "data.aws_ami.jenkins",
            "data.aws_ami.worker",
            "data.aws_instances.jenkins",
            "data.http.my_ip",
            "data.template_file.user_data_worker"
          ]
        }
      ]
    },
    {
      "mode": "managed",
      "type": "aws_cloudwatch_metric_alarm",
      "name": "high-cpu-workers-alarm",
      "provider": "provider[\"registry.terraform.io/hashicorp/aws\"]",
      "instances": [
        {
          "schema_version": 1,
          "attributes": {
            "actions_enabled": true,
            "alarm_actions": [
              "arn:aws:autoscaling:us-west-2:162590743500:scalingPolicy:16f8cba5-55a7-445e-b395-efeb5d9c723b:autoScalingGroupName/worker-autoscaling-group:policyName/scale-out-workers"
            ],
            "alarm_description": "This metric monitors workers cpu utilization",
            "alarm_name": "high-cpu-workers-alarm",
            "arn": "arn:aws:cloudwatch:us-west-2:162590743500:alarm:high-cpu-workers-alarm",
            "comparison_operator": "GreaterThanOrEqualToThreshold",
            "datapoints_to_alarm": 0,
            "dimensions": {
              "AutoScalingGroupName": "worker-autoscaling-group"
            },
            "evaluate_low_sample_count_percentiles": "",
            "evaluation_periods": 2,
            "extended_statistic": "",
            "id": "high-cpu-workers-alarm",
            "insufficient_data_actions": null,
            "metric_name": "CPUUtilization",
            "metric_query": [],
            "namespace": "AWS/EC2",
            "ok_actions": null,
            "period": 120,
            "region": "us-west-2",
            "statistic": "Average",
            "tags": null,
            "tags_all": {},
            "threshold": 80,
            "threshold_metric_id": "",
            "treat_missing_data": "missing",
            "unit": ""
          },
          "sensitive_attributes": [],
          "identity_schema_version": 0,
          "identity": {
            "account_id": "162590743500",
            "alarm_name": "high-cpu-workers-alarm",
            "region": "us-west-2"
          },
          "private": "eyJzY2hlbWFfdmVyc2lvbiI6IjEifQ==",
          "dependencies": [
            "aws_autoscaling_group.jenkins",
            "aws_autoscaling_group.worker",
            "aws_autoscaling_policy.scale-out",
            "aws_launch_template.jenkins",
            "aws_launch_template.worker",
            "aws_lb_target_group.jenkins",
            "aws_security_group.bastion",
            "aws_security_group.jenkins",
            "aws_security_group.lb",
            "aws_security_group.worker",
            "aws_subnet.private_subnet",
            "aws_vpc.custom",
            "data.aws_ami.jenkins",
            "data.aws_ami.worker",
            "data.aws_instances.jenkins",
            "data.http.my_ip",
            "data.template_file.user_data_worker"
          ]
        }
      ]
    },
    {
      "mode": "managed",
      "type": "aws_cloudwatch_metric_alarm",
      "name": "low-cpu-workers-alarm",
      "provider": "provider[\"registry.terraform.io/hashicorp/aws\"]",
      "instances": [
        {
          "schema_version": 1,
          "attributes": {
            "actions_enabled": true,
            "alarm_actions": [
              "arn:aws:autoscaling:us-west-2:162590743500:scalingPolicy:59125375-a151-45db-9327-49edfd279a08:autoScalingGroupName/worker-autoscaling-group:policyName/scale-in-workers"
            ],
            "alarm_description": "This metric monitors workers cpu utilization",
            "alarm_name": "low-cpu-workers-alarm",
            "arn": "arn:aws:cloudwatch:us-west-2:162590743500:alarm:low-cpu-workers-alarm",
            "comparison_operator": "LessThanOrEqualToThreshold",
            "datapoints_to_alarm": 0,
            "dimensions": {
              "AutoScalingGroupName": "worker-autoscaling-group"
            },
            "evaluate_low_sample_count_percentiles": "",
            "evaluation_periods": 2,
            "extended_statistic": "",
            "id": "low-cpu-workers-alarm",
            "insufficient_data_actions": null,
            "metric_name": "CPUUtilization",
            "metric_query": [],
            "namespace": "AWS/EC2",
            "ok_actions": null,
            "period": 120,
            "region": "us-west-2",
            "statistic": "Average",
            "tags": null,
            "tags_all": {},
            "threshold": 20,
            "threshold_metric_id": "",
            "treat_missing_data": "missing",
            "unit": ""
          },
          "sensitive_attributes": [],
          "identity_schema_version": 0,
          "identity": {
            "account_id": "162590743500",
            "alarm_name": "low-cpu-workers-alarm",
            "region": "us-west-2"
          },
          "private": "eyJzY2hlbWFfdmVyc2lvbiI6IjEifQ==",
          "dependencies": [
            "aws_autoscaling_group.jenkins",
            "aws_autoscaling_group.worker",
            "aws_autoscaling_policy.scale-in",
            "aws_launch_template.jenkins",
            "aws_launch_template.worker",
            "aws_lb_target_group.jenkins",
            "aws_security_group.bastion",
            "aws_security_group.jenkins",
            "aws_security_group.lb",
            "aws_security_group.worker",
            "aws_subnet.private_subnet",
            "aws_vpc.custom",
            "data.aws_ami.jenkins",
            "data.aws_ami.worker",
            "data.aws_instances.jenkins",
            "data.http.my_ip",
            "data.template_file.user_data_worker"
          ]
        }
      ]
    },
    {
      "mode": "managed",
      "type": "aws_eip",
      "name": "nat_gateway_eip",
      "provider": "provider[\"registry.terraform.io/hashicorp/aws\"]",
      "instances": [
        {
          "schema_version": 0,
          "attributes": {
            "address": null,
            "allocation_id": "eipalloc-09bf779ae63bbe9ba",
            "arn": "arn:aws:ec2:us-west-2:162590743500:elastic-ip/eipalloc-09bf779ae63bbe9ba",
            "associate_with_private_ip": null,
            "association_id": "",
            "carrier_ip": "",
            "customer_owned_ip": "",
            "customer_owned_ipv4_pool": "",
            "domain": "vpc",
            "id": "eipalloc-09bf779ae63bbe9ba",
            "instance": "",
            "ipam_pool_id": null,
            "network_border_group": "us-west-2",
            "network_interface": "",
            "private_dns": null,
            "private_ip": "",
            "ptr_record": "",
            "public_dns": "ec2-54-188-55-225.us-west-2.compute.amazonaws.com",
            "public_ip": "54.188.55.225",
            "public_ipv4_pool": "amazon",
            "region": "us-west-2",
            "tags": {
              "Author": "Marcus Hogh",
              "Name": "nat-gateway-eip-jenkins"
            },
            "tags_all": {
              "Author": "Marcus Hogh",
              "Name": "nat-gateway-eip-jenkins"
            },
            "timeouts": null
          },
          "sensitive_attributes": [],
          "identity_schema_version": 0,
          "private": "eyJlMmJmYjczMC1lY2FhLTExZTYtOGY4OC0zNDM2M2JjN2M0YzAiOnsiZGVsZXRlIjoxODAwMDAwMDAwMDAsInJlYWQiOjkwMDAwMDAwMDAwMCwidXBkYXRlIjozMDAwMDAwMDAwMDB9fQ=="
        }
      ]
    },
    {
      "mode": "managed",
      "type": "aws_instance",
      "name": "bastion",
      "provider": "provider[\"registry.terraform.io/hashicorp/aws\"]",
      "instances": [
        {
          "schema_version": 2,
          "attributes": {
            "ami": "ami-0f845fe6588c34e96",
            "arn": "arn:aws:ec2:us-west-2:162590743500:instance/i-04c18d79fba8ccfea",
            "associate_public_ip_address": true,
            "availability_zone": "us-west-2a",
            "capacity_reservation_specification": [
              {
                "capacity_reservation_preference": "open",
                "capacity_reservation_target": []
              }
            ],
            "cpu_options": [
              {
                "amd_sev_snp": "",
                "core_count": 1,
                "threads_per_core": 2
              }
            ],
            "credit_specification": [
              {
                "cpu_credits": "unlimited"
              }
            ],
            "disable_api_stop": false,
            "disable_api_termination": false,
            "ebs_block_device": [],
            "ebs_optimized": false,
            "enable_primary_ipv6": null,
            "enclave_options": [
              {
                "enabled": false
              }
            ],
            "ephemeral_block_device": [],
            "force_destroy": false,
            "get_password_data": false,
            "hibernation": false,
            "host_id": "",
            "host_resource_group_arn": null,
            "iam_instance_profile": "",
            "id": "i-04c18d79fba8ccfea",
            "instance_initiated_shutdown_behavior": "stop",
            "instance_lifecycle": "",
            "instance_market_options": [],
            "instance_state": "running",
            "instance_type": "t3.micro",
            "ipv6_address_count": 0,
            "ipv6_addresses": [],
            "key_name": "vockey",
            "launch_template": [],
            "maintenance_options": [
              {
                "auto_recovery": "default"
              }
            ],
            "metadata_options": [
              {
                "http_endpoint": "enabled",
                "http_protocol_ipv6": "disabled",
                "http_put_response_hop_limit": 2,
                "http_tokens": "required",
                "instance_metadata_tags": "disabled"
              }
            ],
            "monitoring": false,
            "network_interface": [],
            "outpost_arn": "",
            "password_data": "",
            "placement_group": "",
            "placement_group_id": "",
            "placement_partition_number": 0,
            "primary_network_interface": [
              {
                "delete_on_termination": true,
                "network_interface_id": "eni-00b253c7aa18d201a"
              }
            ],
            "primary_network_interface_id": "eni-00b253c7aa18d201a",
            "private_dns": "ip-10-0-0-246.us-west-2.compute.internal",
            "private_dns_name_options": [
              {
                "enable_resource_name_dns_a_record": false,
                "enable_resource_name_dns_aaaa_record": false,
                "hostname_type": "ip-name"
              }
            ],
            "private_ip": "10.0.0.246",
            "public_dns": "ec2-54-188-105-125.us-west-2.compute.amazonaws.com",
            "public_ip": "54.188.105.125",
            "region": "us-west-2",
            "root_block_device": [
              {
                "delete_on_termination": true,
                "device_name": "/dev/xvda",
                "encrypted": false,
                "iops": 3000,
                "kms_key_id": "",
                "tags": {},
                "tags_all": {},
                "throughput": 125,
                "volume_id": "vol-0f54611eb3dff898f",
                "volume_size": 30,
                "volume_type": "gp3"
              }
            ],
            "secondary_private_ips": [],
            "security_groups": [],
            "source_dest_check": true,
            "spot_instance_request_id": "",
            "subnet_id": "subnet-0dec9a4b0f5e12e3b",
            "tags": {
              "Author": "Marcus Hogh",
              "Name": "bastion-jenkins"
            },
            "tags_all": {
              "Author": "Marcus Hogh",
              "Name": "bastion-jenkins"
            },
            "tenancy": "default",
            "timeouts": null,
            "user_data": null,
            "user_data_base64": null,
            "user_data_replace_on_change": false,
            "volume_tags": null,
            "vpc_security_group_ids": [
              "sg-04790945be7534e65"
            ]
          },
          "sensitive_attributes": [],
          "identity_schema_version": 0,
          "identity": {
            "account_id": "162590743500",
            "id": "i-04c18d79fba8ccfea",
            "region": "us-west-2"
          },
          "private": "eyJlMmJmYjczMC1lY2FhLTExZTYtOGY4OC0zNDM2M2JjN2M0YzAiOnsiY3JlYXRlIjo2MDAwMDAwMDAwMDAsImRlbGV0ZSI6MTIwMDAwMDAwMDAwMCwicmVhZCI6OTAwMDAwMDAwMDAwLCJ1cGRhdGUiOjYwMDAwMDAwMDAwMH0sInNjaGVtYV92ZXJzaW9uIjoiMiJ9",
          "dependencies": [
            "aws_security_group.bastion",
            "aws_subnet.public_subnet",
            "aws_vpc.custom",
            "data.aws_ami.bastion",
            "data.http.my_ip"
          ]
        }
      ]
    },
    {
      "mode": "managed",
      "type": "aws_internet_gateway",
      "name": "igw",
      "provider": "provider[\"registry.terraform.io/hashicorp/aws\"]",
      "instances": [
        {
          "schema_version": 0,
          "attributes": {
            "arn": "arn:aws:ec2:us-west-2:162590743500:internet-gateway/igw-09cbc1588a3afcbe1",
            "id": "igw-09cbc1588a3afcbe1",
            "owner_id": "162590743500",
            "region": "us-west-2",
            "tags": {
              "Author": "Marcus Hogh",
              "Name": "igw-jenkins"
            },
            "tags_all": {
              "Author": "Marcus Hogh",
              "Name": "igw-jenkins"
            },
            "timeouts": null,
            "vpc_id": "vpc-0967a488f1632edbd"
          },
          "sensitive_attributes": [],
          "identity_schema_version": 0,
          "private": "eyJlMmJmYjczMC1lY2FhLTExZTYtOGY4OC0zNDM2M2JjN2M0YzAiOnsiY3JlYXRlIjoxMjAwMDAwMDAwMDAwLCJkZWxldGUiOjEyMDAwMDAwMDAwMDAsInVwZGF0ZSI6MTIwMDAwMDAwMDAwMH19",
          "dependencies": [
            "aws_vpc.custom"
          ]
        }
      ]
    },
    {
      "mode": "managed",
      "type": "aws_launch_template",
      "name": "jenkins",
      "provider": "provider[\"registry.terraform.io/hashicorp/aws\"]",
      "instances": [
        {
          "schema_version": 0,
          "attributes": {
            "arn": "arn:aws:ec2:us-west-2:162590743500:launch-template/lt-000e684e1fc764cdd",
            "block_device_mappings": [],
            "capacity_reservation_specification": [],
            "cpu_options": [],
            "credit_specification": [],
            "default_version": 1,
            "description": "",
            "disable_api_stop": false,
            "disable_api_termination": false,
            "ebs_optimized": "",
            "enclave_options": [],
            "hibernation_options": [],
            "iam_instance_profile": [],
            "id": "lt-000e684e1fc764cdd",
            "image_id": "ami-0f845fe6588c34e96",
            "instance_initiated_shutdown_behavior": "",
            "instance_market_options": [],
            "instance_requirements": [],
            "instance_type": "t3.micro",
            "kernel_id": "",
            "key_name": "vockey",
            "latest_version": 1,
            "license_specification": [],
            "maintenance_options": [],
            "metadata_options": [
              {
                "http_endpoint": "enabled",
                "http_protocol_ipv6": "",
                "http_put_response_hop_limit": 0,
                "http_tokens": "optional",
                "instance_metadata_tags": ""
              }
            ],
            "monitoring": [],
            "name": "jenkins-launch-template",
            "name_prefix": "",
            "network_interfaces": [],
            "placement": [],
            "private_dns_name_options": [],
            "ram_disk_id": "",
            "region": "us-west-2",
            "security_group_names": null,
            "tag_specifications": [
              {
                "resource_type": "instance",
                "tags": {
                  "Author": "Marcus Hogh",
                  "Name": "server-jenkins"
                }
              }
            ],
            "tags": null,
            "tags_all": {},
            "update_default_version": null,
            "user_data": "IyEvdXNyL2Jpbi9lbnYgYmFzaAoKY3VybCAtbyAvZXRjL3l1bS5yZXBvcy5kL2plbmtpbnMucmVwbyBodHRwczovL3BrZy5qZW5raW5zLmlvL3JlZGhhdC1zdGFibGUvamVua2lucy5yZXBvCnJwbSAtLWltcG9ydCBodHRwczovL3BrZy5qZW5raW5zLmlvL3JlZGhhdC1zdGFibGUvamVua2lucy5pby0yMDIzLmtleQpkbmYgdXBncmFkZQojIEFkZCByZXF1aXJlZCBkZXBlbmRlbmNpZXMgZm9yIHRoZSBqZW5raW5zIHBhY2thZ2UKZG5mIGluc3RhbGwgamF2YS0yMS1hbWF6b24tY29ycmV0dG8gLXkKZG5mIGluc3RhbGwgamVua2lucyAteQpzeXN0ZW1jdGwgZGFlbW9uLXJlbG9hZAoKbWtkaXIgLXAgL3Zhci9saWIvamVua2lucy9pbml0Lmdyb292eS5kCmNhdCA8PEVPRiA+IC92YXIvbGliL2plbmtpbnMvaW5pdC5ncm9vdnkuZC9iYXNpYy1zZWN1cml0eS5ncm9vdnkKIyFncm9vdnkKCmltcG9ydCBqZW5raW5zLm1vZGVsLioKaW1wb3J0IGh1ZHNvbi5zZWN1cml0eS4qCgovLyBHZXQgZW52IHZhcnMgb3IgdXNlIGRlZmF1bHRzCmRlZiBlbnYgPSBTeXN0ZW0uZ2V0ZW52KCkKZGVmIGFkbWluVXNlcm5hbWUgPSBlbnZbJ0pFTktJTlNfVVNFUk5BTUUnXSA/OiAnYWRtaW4nCmRlZiBhZG1pblBhc3N3b3JkID0gZW52WydKRU5LSU5TX1BBU1NXT1JEJ10gPzogJ3Bhc3N3b3JkJwoKZGVmIGluc3RhbmNlID0gSmVua2lucy5nZXRJbnN0YW5jZSgpCmRlZiBodWRzb25SZWFsbSA9IG5ldyBIdWRzb25Qcml2YXRlU2VjdXJpdHlSZWFsbShmYWxzZSkKaHVkc29uUmVhbG0uY3JlYXRlQWNjb3VudChhZG1pblVzZXJuYW1lLCBhZG1pblBhc3N3b3JkKQppbnN0YW5jZS5zZXRTZWN1cml0eVJlYWxtKGh1ZHNvblJlYWxtKQoKZGVmIHN0cmF0ZWd5ID0gbmV3IEZ1bGxDb250cm9sT25jZUxvZ2dlZEluQXV0aG9yaXphdGlvblN0cmF0ZWd5KCkKc3RyYXRlZ3kuc2V0QWxsb3dBbm9ueW1vdXNSZWFkKGZhbHNlKQppbnN0YW5jZS5zZXRBdXRob3JpemF0aW9uU3RyYXRlZ3koc3RyYXRlZ3kpCgppbnN0YW5jZS5zYXZlKCkKRU9GCmNhdCA8PEVPRiA+IC92YXIvbGliL2plbmtpbnMvaW5pdC5ncm9vdnkuZC9zZXQtdXJsLmdyb292eQojIWdyb292eQoKaW1wb3J0IGplbmtpbnMubW9kZWwuKgppbXBvcnQgamVua2lucy5tb2RlbC5KZW5raW5zTG9jYXRpb25Db25maWd1cmF0aW9uCgpkZWYgY29tbWFuZCA9ICJjdXJsIC1zIGh0dHA6Ly8xNjkuMjU0LjE2OS4yNTQvbGF0ZXN0L21ldGEtZGF0YS9wdWJsaWMtaXB2NCIKZGVmIHByb2Nlc3MgPSBjb21tYW5kLmV4ZWN1dGUoKQpwcm9jZXNzLndhaXRGb3IoKQoKZGVmIHB1YmxpY0lwdjQgPSBwcm9jZXNzLnRleHQKZGVmIGplbmtpbnNMb2NhdGlvbkNvbmZpZ3VyYXRpb24gPSBKZW5raW5zTG9jYXRpb25Db25maWd1cmF0aW9uLmdldCgpCgpkZWYgbmV3VXJsID0gImh0dHA6Ly9cJHtwdWJsaWNJcHY0fTo4MDgwLyIKamVua2luc0xvY2F0aW9uQ29uZmlndXJhdGlvbi5zZXRVcmwobmV3VXJsKQoKamVua2luc0xvY2F0aW9uQ29uZmlndXJhdGlvbi5zYXZlKCkKRU9GCmNhdCA8PEVPRiA+IC92YXIvbGliL2plbmtpbnMvaW5pdC5ncm9vdnkuZC93b3JrZXItY3JlZGVudGlhbHMuZ3Jvb3Z5CiMhZ3Jvb3Z5CgppbXBvcnQgY29tLmNsb3VkYmVlcy5wbHVnaW5zLmNyZWRlbnRpYWxzLioKaW1wb3J0IGNvbS5jbG91ZGJlZXMucGx1Z2lucy5jcmVkZW50aWFscy5kb21haW5zLioKaW1wb3J0IGNvbS5jbG91ZGJlZXMucGx1Z2lucy5jcmVkZW50aWFscy5pbXBsLioKaW1wb3J0IGNvbS5jbG91ZGJlZXMucGx1Z2lucy5jcmVkZW50aWFscy5DcmVkZW50aWFsc1Njb3BlCmltcG9ydCBjb20uY2xvdWRiZWVzLmplbmtpbnMucGx1Z2lucy5zc2hjcmVkZW50aWFscy5pbXBsLioKaW1wb3J0IGplbmtpbnMubW9kZWwuKgoKZGVmIGNyZWRlbnRpYWxJZCAgID0gImplbmtpbnMtd29ya2VyIgpkZWYgdXNlcm5hbWUgICAgICAgPSAiZWMyLXVzZXIiCmRlZiBwYXNzcGhyYXNlICAgICA9ICIiIApkZWYgZGVzY3JpcHRpb24gICAgPSAiV29ya2VyIHByaXZhdGUga2V5IgoKZGVmIGRvbWFpbiA9IERvbWFpbi5nbG9iYWwoKQpkZWYgc3RvcmUgPSBKZW5raW5zLmluc3RhbmNlLmdldEV4dGVuc2lvbkxpc3QoCiAgICAnY29tLmNsb3VkYmVlcy5wbHVnaW5zLmNyZWRlbnRpYWxzLlN5c3RlbUNyZWRlbnRpYWxzUHJvdmlkZXInCilbMF0uZ2V0U3RvcmUoKQoKZGVmIGV4aXN0aW5nID0gc3RvcmUuZ2V0Q3JlZGVudGlhbHMoZG9tYWluKS5maW5kIHsgaXQuaWQgPT0gY3JlZGVudGlhbElkIH0KaWYgKGV4aXN0aW5nKSB7CiAgICBwcmludGxuICJDcmVkZW50aWFsICcke2NyZWRlbnRpYWxJZH0nIGFscmVhZHkgZXhpc3RzLiBTa2lwcGluZyBjcmVhdGlvbi4iCiAgICByZXR1cm4KfQoKZGVmIGtleVNvdXJjZSA9IG5ldyBCYXNpY1NTSFVzZXJQcml2YXRlS2V5LlVzZXJzUHJpdmF0ZUtleVNvdXJjZSgpCmRlZiBzc2hLZXlDcmVkZW50aWFsID0gbmV3IEJhc2ljU1NIVXNlclByaXZhdGVLZXkoCiAgICBDcmVkZW50aWFsc1Njb3BlLkdMT0JBTCwKICAgIGNyZWRlbnRpYWxJZCwKICAgIHVzZXJuYW1lLAogICAga2V5U291cmNlLAogICAgcGFzc3BocmFzZSwKICAgIGRlc2NyaXB0aW9uCikKCnN0b3JlLmFkZENyZWRlbnRpYWxzKGRvbWFpbiwgc3NoS2V5Q3JlZGVudGlhbCkKcHJpbnRsbiAiQ3JlZGVudGlhbCAnJHtjcmVkZW50aWFsSWR9JyBhZGRlZCBzdWNjZXNzZnVsbHkuIgpFT0YKY2hvd24gLVIgamVua2luczpqZW5raW5zIC92YXIvbGliL2plbmtpbnMvaW5pdC5ncm9vdnkuZAoKbWtkaXIgLXAgL3RtcC9jb25maWcKY2F0IDw8RU9GID4gL3RtcC9jb25maWcvcGx1Z2lucwphbnQKYW50aXNhbXktbWFya3VwLWZvcm1hdHRlcgphcGFjaGUtaHR0cGNvbXBvbmVudHMtY2xpZW50LTQtYXBpCmFzbS1hcGkKYm9vdHN0cmFwNS1hcGkKYm91bmN5Y2FzdGxlLWFwaQpicmFuY2gtYXBpCmJ1aWxkLXRpbWVvdXQKY2FmZmVpbmUtYXBpCmNoZWNrcy1hcGkKY2xvdWRiZWVzLWZvbGRlcgpjb21tb25zLWxhbmczLWFwaQpjb21tb25zLXRleHQtYXBpCmNyZWRlbnRpYWxzCmNyZWRlbnRpYWxzLWJpbmRpbmcKZGFyay10aGVtZQpkaXNwbGF5LXVybC1hcGkKZHVyYWJsZS10YXNrCmVjaGFydHMtYXBpCmVkZHNhLWFwaQplbWFpbC1leHQKZm9udC1hd2Vzb21lLWFwaQpnaXQKZ2l0LWNsaWVudApnaXRodWIKZ2l0aHViLWFwaQpnaXRodWItYnJhbmNoLXNvdXJjZQpncmFkbGUKZ3Nvbi1hcGkKaW5zdGFuY2UtaWRlbnRpdHkKaW9uaWNvbnMtYXBpCmphY2tzb24yLWFwaQpqYWthcnRhLWFjdGl2YXRpb24tYXBpCmpha2FydGEtbWFpbC1hcGkKamF2YXgtYWN0aXZhdGlvbi1hcGkKamF4Ygpqand0LWFwaQpqb2RhLXRpbWUtYXBpCmpxdWVyeTMtYXBpCmpzb24tYXBpCmpzb24tcGF0aC1hcGkKanNvdXAKanVuaXQKbGRhcAptYWlsZXIKbWF0cml4LWF1dGgKbWF0cml4LXByb2plY3QKbWV0cmljcwptaW5hLXNzaGQtYXBpLWNvbW1vbgptaW5hLXNzaGQtYXBpLWNvcmUKb2todHRwLWFwaQpwaXBlbGluZS1idWlsZC1zdGVwCnBpcGVsaW5lLWdpdGh1Yi1saWIKcGlwZWxpbmUtZ3JhcGgtdmlldwpwaXBlbGluZS1ncm9vdnktbGliCnBpcGVsaW5lLWlucHV0LXN0ZXAKcGlwZWxpbmUtbWlsZXN0b25lLXN0ZXAKcGlwZWxpbmUtbW9kZWwtYXBpCnBpcGVsaW5lLW1vZGVsLWRlZmluaXRpb24KcGlwZWxpbmUtbW9kZWwtZXh0ZW5zaW9ucwpwaXBlbGluZS1zdGFnZS1zdGVwCnBpcGVsaW5lLXN0YWdlLXRhZ3MtbWV0YWRhdGEKcGxhaW4tY3JlZGVudGlhbHMKcGx1Z2luLXV0aWwtYXBpCnJlc291cmNlLWRpc3Bvc2VyCnNjbS1hcGkKc2NyaXB0LXNlY3VyaXR5CnNuYWtleWFtbC1hcGkKc3NoLWNyZWRlbnRpYWxzCnNzaC1zbGF2ZXMKc3RydWN0cwp0aGVtZS1tYW5hZ2VyCnRpbWVzdGFtcGVyCnRva2VuLW1hY3JvCnRyaWxlYWQtYXBpCnZhcmlhbnQKd29ya2Zsb3ctYWdncmVnYXRvcgp3b3JrZmxvdy1hcGkKd29ya2Zsb3ctYmFzaWMtc3RlcHMKd29ya2Zsb3ctY3BzCndvcmtmbG93LWR1cmFibGUtdGFzay1zdGVwCndvcmtmbG93LWpvYgp3b3JrZmxvdy1tdWx0aWJyYW5jaAp3b3JrZmxvdy1zY20tc3RlcAp3b3JrZmxvdy1zdGVwLWFwaQp3b3JrZmxvdy1zdXBwb3J0CndzLWNsZWFudXAKRU9GCmNhdCA8PEVPRiA+IC90bXAvY29uZmlnL2luc3RhbGwtcGx1Z2lucy5zaAojIS9iaW4vYmFzaAoKc2V0IC1lCgpwbHVnaW5fZGlyPS92YXIvbGliL2plbmtpbnMvcGx1Z2lucwpmaWxlX293bmVyPWplbmtpbnMuamVua2lucwoKbWtkaXIgLXAgL3Zhci9saWIvamVua2lucy9wbHVnaW5zCgppbnN0YWxsUGx1Z2luKCkgewogIGlmIFsgLWYgXCR7cGx1Z2luX2Rpcn0vXCR7MX0uaHBpIC1vIC1mIFwke3BsdWdpbl9kaXJ9L1wkezF9LmpwaSBdOyB0aGVuCiAgICBpZiBbICJcJDIiID09ICIxIiBdOyB0aGVuCiAgICAgIHJldHVybiAxCiAgICBmaQogICAgZWNobyAiU2tpcHBlZDogXCQxIChhbHJlYWR5IGluc3RhbGxlZCkiCiAgICByZXR1cm4gMAogIGVsc2UKICAgIGVjaG8gIkluc3RhbGxpbmc6IFwkMSIKICAgIGN1cmwgLUwgLS1zaWxlbnQgLS1vdXRwdXQgXCR7cGx1Z2luX2Rpcn0vXCR7MX0uaHBpICBodHRwczovL3VwZGF0ZXMuamVua2lucy1jaS5vcmcvbGF0ZXN0L1wkezF9LmhwaQogICAgcmV0dXJuIDAKICBmaQp9Cgp3aGlsZSByZWFkIC1yIHBsdWdpbgpkbwogICAgaW5zdGFsbFBsdWdpbiAiXCRwbHVnaW4iCmRvbmUgPCAiL3RtcC9jb25maWcvcGx1Z2lucyIKCmNoYW5nZWQ9MQptYXhsb29wcz0xMDAKCndoaWxlIFsgIlwkY2hhbmdlZCIgID09ICIxIiBdOyBkbwogIGVjaG8gIkNoZWNrIGZvciBtaXNzaW5nIGRlcGVuZGVjaWVzIC4uLiIKICBpZiAgWyBcJG1heGxvb3BzIC1sdCAxIF0gOyB0aGVuCiAgICBlY2hvICJNYXggbG9vcCBjb3VudCByZWFjaGVkIC0gcHJvYmFibHkgYSBidWcgaW4gdGhpcyBzY3JpcHQ6IFwkMCIKICAgIGV4aXQgMQogIGZpCiAgKChtYXhsb29wcy0tKSkKICBjaGFuZ2VkPTAKICBmb3IgZiBpbiBcJHtwbHVnaW5fZGlyfS8qLmhwaSA7IGRvCiAgICAjIHdpdGhvdXQgb3B0aW9uYWxzCiAgICAjZGVwcz0kKCB1bnppcCAtcCAke2Z9IE1FVEEtSU5GL01BTklGRVNULk1GIHwgdHIgLWQgJ1xyJyB8IHNlZCAtZSAnOmE7TjskIWJhO3MvXG4gLy9nJyB8IGdyZXAgLWUgIl5QbHVnaW4tRGVwZW5kZW5jaWVzOiAiIHwgYXdrICd7IHByaW50ICQyIH0nIHwgdHIgJywnICdcbicgfCBncmVwIC12ICJyZXNvbHV0aW9uOj1vcHRpb25hbCIgfCBhd2sgLUYgJzonICd7IHByaW50ICQxIH0nIHwgdHIgJ1xuJyAnICcgKQogICAgIyB3aXRoIG9wdGlvbmFscwogICAgZGVwcz0kKCB1bnppcCAtcCAke2Z9IE1FVEEtSU5GL01BTklGRVNULk1GIHwgdHIgLWQgJ1xyJyB8IHNlZCAtZSAnOmE7TjskIWJhO3MvXG4gLy9nJyB8IGdyZXAgLWUgIl5QbHVnaW4tRGVwZW5kZW5jaWVzOiAiIHwgYXdrICd7IHByaW50ICQyIH0nIHwgdHIgJywnICdcbicgfCBhd2sgLUYgJzonICd7IHByaW50ICQxIH0nIHwgdHIgJ1xuJyAnICcgKQogICAgZm9yIHBsdWdpbiBpbiBcJGRlcHM7IGRvCiAgICAgIGluc3RhbGxQbHVnaW4gIlwkcGx1Z2luIiAxICYmIGNoYW5nZWQ9MQogICAgZG9uZQogIGRvbmUKZG9uZQoKZWNobyAiZml4aW5nIHBlcm1pc3Npb25zIgoKY2hvd24gXCR7ZmlsZV9vd25lcn0gXCR7cGx1Z2luX2Rpcn0gLVIKCmVjaG8gImFsbCBkb25lIgpFT0YKY2htb2QgdSt4IC90bXAvY29uZmlnL2luc3RhbGwtcGx1Z2lucy5zaAovdG1wL2NvbmZpZy9pbnN0YWxsLXBsdWdpbnMuc2gKCmplbmtpbnNfdmVyc2lvbj0kKHJwbSAtcWEgfCBncmVwIGplbmtpbnMgfCBjdXQgLWQgJy0nIC1mMikKZWNobyAiJGplbmtpbnNfdmVyc2lvbiIgPiAvdmFyL2xpYi9qZW5raW5zL2plbmtpbnMuaW5zdGFsbC5JbnN0YWxsVXRpbC5sYXN0RXhlY1ZlcnNpb24KZWNobyAiJGplbmtpbnNfdmVyc2lvbiIgPiAvdmFyL2xpYi9qZW5raW5zL2plbmtpbnMuaW5zdGFsbC5VcGdyYWRlV2l6YXJkLnN0YXRlCgpzeXN0ZW1jdGwgZW5hYmxlIC0tbm93IGplbmtpbnM=",
            "vpc_security_group_ids": [
              "sg-0f25e4fa8b562d9b6"
            ]
          },
          "sensitive_attributes": [],
          "identity_schema_version": 0,
          "private": "bnVsbA==",
          "dependencies": [
            "aws_security_group.bastion",
            "aws_security_group.jenkins",
            "aws_security_group.lb",
            "aws_vpc.custom",
            "data.aws_ami.jenkins",
            "data.http.my_ip"
          ]
        }
      ]
    },
    {
      "mode": "managed",
      "type": "aws_launch_template",
      "name": "worker",
      "provider": "provider[\"registry.terraform.io/hashicorp/aws\"]",
      "instances": [
        {
          "schema_version": 0,
          "attributes": {
            "arn": "arn:aws:ec2:us-west-2:162590743500:launch-template/lt-0523270659c2d69a5",
            "block_device_mappings": [],
            "capacity_reservation_specification": [],
            "cpu_options": [],
            "credit_specification": [],
            "default_version": 1,
            "description": "",
            "disable_api_stop": false,
            "disable_api_termination": false,
            "ebs_optimized": "",
            "enclave_options": [],
            "hibernation_options": [],
            "iam_instance_profile": [],
            "id": "lt-0523270659c2d69a5",
            "image_id": "ami-0f845fe6588c34e96",
            "instance_initiated_shutdown_behavior": "",
            "instance_market_options": [],
            "instance_requirements": [],
            "instance_type": "t3.micro",
            "kernel_id": "",
            "key_name": "vockey",
            "latest_version": 1,
            "license_specification": [],
            "maintenance_options": [],
            "metadata_options": [
              {
                "http_endpoint": "enabled",
                "http_protocol_ipv6": "",
                "http_put_response_hop_limit": 0,
                "http_tokens": "optional",
                "instance_metadata_tags": ""
              }
            ],
            "monitoring": [],
            "name": "worker-launch-template",
            "name_prefix": "",
            "network_interfaces": [
              {
                "associate_carrier_ip_address": "",
                "associate_public_ip_address": "false",
                "connection_tracking_specification": [],
                "delete_on_termination": "",
                "description": "",
                "device_index": 0,
                "ena_srd_specification": [],
                "interface_type": "",
                "ipv4_address_count": 0,
                "ipv4_addresses": null,
                "ipv4_prefix_count": 0,
                "ipv4_prefixes": null,
                "ipv6_address_count": 0,
                "ipv6_addresses": null,
                "ipv6_prefix_count": 0,
                "ipv6_prefixes": null,
                "network_card_index": 0,
                "network_interface_id": "",
                "primary_ipv6": "",
                "private_ip_address": "",
                "security_groups": [
                  "sg-0eceaf5e7dd011c97"
                ],
                "subnet_id": ""
              }
            ],
            "placement": [],
            "private_dns_name_options": [],
            "ram_disk_id": "",
            "region": "us-west-2",
            "security_group_names": null,
            "tag_specifications": [
              {
                "resource_type": "instance",
                "tags": {
                  "Name": "worker-jenkins"
                }
              }
            ],
            "tags": null,
            "tags_all": {},
            "update_default_version": null,
            "user_data": "IyEvdXNyL2Jpbi9lbnYgYmFzaAoKSkVOS0lOU19VU0VSTkFNRT1hZG1pbgpKRU5LSU5TX1BBU1NXT1JEPXBhc3N3b3JkCgpKRU5LSU5TX1VSTD0iaHR0cDovLzEwLjAuMy4xMjI6ODA4MCIKCmVjaG8gIldhaXRpbmcgZm9yICRKRU5LSU5TX1VSTCB0byByZXR1cm4gSFRUUCAyMDAuLi4iCgp3aGlsZSB0cnVlOyBkbwogIFNUQVRVUz0kKGN1cmwgLW8gL2Rldi9udWxsIC1zIC13ICIle2h0dHBfY29kZX0iICIkSkVOS0lOU19VUkwvbG9naW4iKQogIGlmIFsgIiRTVEFUVVMiIC1lcSAyMDAgXTsgdGhlbgogICAgZWNobyAiU3VjY2VzczogJEpFTktJTlNfVVJML2xvZ2luIGlzIHVwIChIVFRQIDIwMCkiCiAgICBicmVhawogIGVsc2UKICAgIGVjaG8gIkN1cnJlbnQgc3RhdHVzOiAkU1RBVFVTLiBSZXRyeWluZyBpbiA1IHNlY29uZHMuLi4iCiAgICBzbGVlcCA1CiAgZmkKZG9uZQoKQ09PS0lFSkFSPSIkKG1rdGVtcCkiClRPS0VOPSQoY3VybCAtdSAkSkVOS0lOU19VU0VSTkFNRTokSkVOS0lOU19QQVNTV09SRCAtLWNvb2tpZS1qYXIgIiRDT09LSUVKQVIiICcnJEpFTktJTlNfVVJMJy9jcnVtYklzc3Vlci9hcGkveG1sP3hwYXRoPWNvbmNhdCgvL2NydW1iUmVxdWVzdEZpZWxkLCI6IiwvL2NydW1iKScpCklOU1RBTkNFX05BTUU9JChjdXJsIC1zIDE2OS4yNTQuMTY5LjI1NC9sYXRlc3QvbWV0YS1kYXRhL2xvY2FsLWhvc3RuYW1lKQpJTlNUQU5DRV9JUD0kKGN1cmwgLXMgMTY5LjI1NC4xNjkuMjU0L2xhdGVzdC9tZXRhLWRhdGEvbG9jYWwtaXB2NCkKSkVOS0lOU19DUkVERU5USUFMU19JRD0iamVua2lucy13b3JrZXIiCgpjdXJsIC12IC11ICRKRU5LSU5TX1VTRVJOQU1FOiRKRU5LSU5TX1BBU1NXT1JEIC0tY29va2llICIkQ09PS0lFSkFSIiAtSCAiJFRPS0VOIiAtZCAnc2NyaXB0PQppbXBvcnQgaHVkc29uLm1vZGVsLk5vZGUuTW9kZQppbXBvcnQgaHVkc29uLnNsYXZlcy4qCmltcG9ydCBqZW5raW5zLm1vZGVsLkplbmtpbnMKaW1wb3J0IGh1ZHNvbi5wbHVnaW5zLnNzaHNsYXZlcy5TU0hMYXVuY2hlcgoKRHVtYlNsYXZlIGR1bWIgPSBuZXcgRHVtYlNsYXZlKCInJElOU1RBTkNFX05BTUUnIiwKIickSU5TVEFOQ0VfTkFNRSciLAoiL2hvbWUvZWMyLXVzZXIiLAoiMyIsCk1vZGUuTk9STUFMLAoid29ya2VycyIsCm5ldyBTU0hMYXVuY2hlcigiJyRJTlNUQU5DRV9JUCciLCAyMiwgIickSkVOS0lOU19DUkVERU5USUFMU19JRCciKSwKUmV0ZW50aW9uU3RyYXRlZ3kuSU5TVEFOQ0UpCkplbmtpbnMuaW5zdGFuY2UuYWRkTm9kZShkdW1iKQonICRKRU5LSU5TX1VSTC9zY3JpcHQKCnJtIC1yZiAkQ09PS0lFSkFS",
            "vpc_security_group_ids": null
          },
          "sensitive_attributes": [],
          "identity_schema_version": 0,
          "private": "bnVsbA==",
          "dependencies": [
            "aws_autoscaling_group.jenkins",
            "aws_launch_template.jenkins",
            "aws_lb_target_group.jenkins",
            "aws_security_group.bastion",
            "aws_security_group.jenkins",
            "aws_security_group.lb",
            "aws_security_group.worker",
            "aws_subnet.private_subnet",
            "aws_vpc.custom",
            "data.aws_ami.jenkins",
            "data.aws_ami.worker",
            "data.aws_instances.jenkins",
            "data.http.my_ip",
            "data.template_file.user_data_worker"
          ]
        }
      ]
    },
    {
      "mode": "managed",
      "type": "aws_lb",
      "name": "jenkins",
      "provider": "provider[\"registry.terraform.io/hashicorp/aws\"]",
      "instances": [
        {
          "schema_version": 0,
          "attributes": {
            "access_logs": [
              {
                "bucket": "",
                "enabled": false,
                "prefix": ""
              }
            ],
            "arn": "arn:aws:elasticloadbalancing:us-west-2:162590743500:loadbalancer/app/lb-jenkins/0abd6554aaea8f64",
            "arn_suffix": "app/lb-jenkins/0abd6554aaea8f64",
            "client_keep_alive": 3600,
            "connection_logs": [
              {
                "bucket": "",
                "enabled": false,
                "prefix": ""
              }
            ],
            "customer_owned_ipv4_pool": "",
            "desync_mitigation_mode": "defensive",
            "dns_name": "lb-jenkins-985501314.us-west-2.elb.amazonaws.com",
            "dns_record_client_routing_policy": null,
            "drop_invalid_header_fields": false,
            "enable_cross_zone_load_balancing": true,
            "enable_deletion_protection": false,
            "enable_http2": true,
            "enable_tls_version_and_cipher_suite_headers": false,
            "enable_waf_fail_open": false,
            "enable_xff_client_port": false,
            "enable_zonal_shift": false,
            "enforce_security_group_inbound_rules_on_private_link_traffic": "",
            "id": "arn:aws:elasticloadbalancing:us-west-2:162590743500:loadbalancer/app/lb-jenkins/0abd6554aaea8f64",
            "idle_timeout": 60,
            "internal": false,
            "ip_address_type": "ipv4",
            "ipam_pools": [],
            "load_balancer_type": "application",
            "minimum_load_balancer_capacity": [],
            "name": "lb-jenkins",
            "name_prefix": "",
            "preserve_host_header": false,
            "region": "us-west-2",
            "secondary_ips_auto_assigned_per_subnet": null,
            "security_groups": [
              "sg-043cda329af0ce6e8"
            ],
            "subnet_mapping": [
              {
                "allocation_id": "",
                "ipv6_address": "",
                "outpost_id": "",
                "private_ipv4_address": "",
                "subnet_id": "subnet-049b75a2cdc29372a"
              },
              {
                "allocation_id": "",
                "ipv6_address": "",
                "outpost_id": "",
                "private_ipv4_address": "",
                "subnet_id": "subnet-0dec9a4b0f5e12e3b"
              }
            ],
            "subnets": [
              "subnet-049b75a2cdc29372a",
              "subnet-0dec9a4b0f5e12e3b"
            ],
            "tags": {
              "Author": "Marcus Hogh",
              "Name": "lb-jenkins"
            },
            "tags_all": {
              "Author": "Marcus Hogh",
              "Name": "lb-jenkins"
            },
            "timeouts": null,
            "vpc_id": "vpc-0967a488f1632edbd",
            "xff_header_processing_mode": "append",
            "zone_id": "Z1H1FL5HABSF5"
          },
          "sensitive_attributes": [],
          "identity_schema_version": 0,
          "identity": {
            "arn": "arn:aws:elasticloadbalancing:us-west-2:162590743500:loadbalancer/app/lb-jenkins/0abd6554aaea8f64"
          },
          "private": "eyJlMmJmYjczMC1lY2FhLTExZTYtOGY4OC0zNDM2M2JjN2M0YzAiOnsiY3JlYXRlIjo2MDAwMDAwMDAwMDAsImRlbGV0ZSI6NjAwMDAwMDAwMDAwLCJ1cGRhdGUiOjYwMDAwMDAwMDAwMH19",
          "dependencies": [
            "aws_security_group.lb",
            "aws_subnet.public_subnet",
            "aws_vpc.custom",
            "data.http.my_ip"
          ]
        }
      ]
    },
    {
      "mode": "managed",
      "type": "aws_lb_listener",
      "name": "jenkins_http",
      "provider": "provider[\"registry.terraform.io/hashicorp/aws\"]",
      "instances": [
        {
          "schema_version": 0,
          "attributes": {
            "alpn_policy": null,
            "arn": "arn:aws:elasticloadbalancing:us-west-2:162590743500:listener/app/lb-jenkins/0abd6554aaea8f64/8c94532ef6599caa",
            "certificate_arn": null,
            "default_action": [
              {
                "authenticate_cognito": [],
                "authenticate_oidc": [],
                "fixed_response": [],
                "forward": [],
                "order": 1,
                "redirect": [],
                "target_group_arn": "arn:aws:elasticloadbalancing:us-west-2:162590743500:targetgroup/lb-target-group-jenkins/8f2df563af9993c2",
                "type": "forward"
              }
            ],
            "id": "arn:aws:elasticloadbalancing:us-west-2:162590743500:listener/app/lb-jenkins/0abd6554aaea8f64/8c94532ef6599caa",
            "load_balancer_arn": "arn:aws:elasticloadbalancing:us-west-2:162590743500:loadbalancer/app/lb-jenkins/0abd6554aaea8f64",
            "mutual_authentication": [],
            "port": 80,
            "protocol": "HTTP",
            "region": "us-west-2",
            "routing_http_request_x_amzn_mtls_clientcert_header_name": null,
            "routing_http_request_x_amzn_mtls_clientcert_issuer_header_name": null,
            "routing_http_request_x_amzn_mtls_clientcert_leaf_header_name": null,
            "routing_http_request_x_amzn_mtls_clientcert_serial_number_header_name": null,
            "routing_http_request_x_amzn_mtls_clientcert_subject_header_name": null,
            "routing_http_request_x_amzn_mtls_clientcert_validity_header_name": null,
            "routing_http_request_x_amzn_tls_cipher_suite_header_name": null,
            "routing_http_request_x_amzn_tls_version_header_name": null,
            "routing_http_response_access_control_allow_credentials_header_value": "",
            "routing_http_response_access_control_allow_headers_header_value": "",
            "routing_http_response_access_control_allow_methods_header_value": "",
            "routing_http_response_access_control_allow_origin_header_value": "",
            "routing_http_response_access_control_expose_headers_header_value": "",
            "routing_http_response_access_control_max_age_header_value": "",
            "routing_http_response_content_security_policy_header_value": "",
            "routing_http_response_server_enabled": true,
            "routing_http_response_strict_transport_security_header_value": "",
            "routing_http_response_x_content_type_options_header_value": "",
            "routing_http_response_x_frame_options_header_value": "",
            "ssl_policy": "",
            "tags": null,
            "tags_all": {},
            "tcp_idle_timeout_seconds": null,
            "timeouts": null
          },
          "sensitive_attributes": [],
          "identity_schema_version": 0,
          "identity": {
            "arn": "arn:aws:elasticloadbalancing:us-west-2:162590743500:listener/app/lb-jenkins/0abd6554aaea8f64/8c94532ef6599caa"
          },
          "private": "eyJlMmJmYjczMC1lY2FhLTExZTYtOGY4OC0zNDM2M2JjN2M0YzAiOnsiY3JlYXRlIjozMDAwMDAwMDAwMDAsInVwZGF0ZSI6MzAwMDAwMDAwMDAwfX0=",
          "dependencies": [
            "aws_lb.jenkins",
            "aws_lb_target_group.jenkins",
            "aws_security_group.lb",
            "aws_subnet.public_subnet",
            "aws_vpc.custom",
            "data.http.my_ip"
          ]
        }
      ]
    },
    {
      "mode": "managed",
      "type": "aws_lb_target_group",
      "name": "jenkins",
      "provider": "provider[\"registry.terraform.io/hashicorp/aws\"]",
      "instances": [
        {
          "schema_version": 0,
          "attributes": {
            "arn": "arn:aws:elasticloadbalancing:us-west-2:162590743500:targetgroup/lb-target-group-jenkins/8f2df563af9993c2",
            "arn_suffix": "targetgroup/lb-target-group-jenkins/8f2df563af9993c2",
            "connection_termination": null,
            "deregistration_delay": "300",
            "health_check": [
              {
                "enabled": true,
                "healthy_threshold": 2,
                "interval": 30,
                "matcher": "200",
                "path": "/",
                "port": "traffic-port",
                "protocol": "HTTP",
                "timeout": 3,
                "unhealthy_threshold": 2
              }
            ],
            "id": "arn:aws:elasticloadbalancing:us-west-2:162590743500:targetgroup/lb-target-group-jenkins/8f2df563af9993c2",
            "ip_address_type": "ipv4",
            "lambda_multi_value_headers_enabled": false,
            "load_balancer_arns": [],
            "load_balancing_algorithm_type": "round_robin",
            "load_balancing_anomaly_mitigation": "off",
            "load_balancing_cross_zone_enabled": "use_load_balancer_configuration",
            "name": "lb-target-group-jenkins",
            "name_prefix": "",
            "port": 8080,
            "preserve_client_ip": null,
            "protocol": "HTTP",
            "protocol_version": "HTTP1",
            "proxy_protocol_v2": false,
            "region": "us-west-2",
            "slow_start": 0,
            "stickiness": [
              {
                "cookie_duration": 86400,
                "cookie_name": "",
                "enabled": false,
                "type": "lb_cookie"
              }
            ],
            "tags": {
              "Author": "Marcus Hogh",
              "Name": "lb-target-group-jenkins"
            },
            "tags_all": {
              "Author": "Marcus Hogh",
              "Name": "lb-target-group-jenkins"
            },
            "target_failover": [
              {
                "on_deregistration": null,
                "on_unhealthy": null
              }
            ],
            "target_group_health": [
              {
                "dns_failover": [
                  {
                    "minimum_healthy_targets_count": "1",
                    "minimum_healthy_targets_percentage": "off"
                  }
                ],
                "unhealthy_state_routing": [
                  {
                    "minimum_healthy_targets_count": 1,
                    "minimum_healthy_targets_percentage": "off"
                  }
                ]
              }
            ],
            "target_health_state": [
              {
                "enable_unhealthy_connection_termination": null,
                "unhealthy_draining_interval": null
              }
            ],
            "target_type": "instance",
            "vpc_id": "vpc-0967a488f1632edbd"
          },
          "sensitive_attributes": [],
          "identity_schema_version": 0,
          "identity": {
            "arn": "arn:aws:elasticloadbalancing:us-west-2:162590743500:targetgroup/lb-target-group-jenkins/8f2df563af9993c2"
          },
          "private": "bnVsbA==",
          "dependencies": [
            "aws_vpc.custom"
          ]
        }
      ]
    },
    {
      "mode": "managed",
      "type": "aws_nat_gateway",
      "name": "nat_gateway",
      "provider": "provider[\"registry.terraform.io/hashicorp/aws\"]",
      "instances": [
        {
          "schema_version": 0,
          "attributes": {
            "allocation_id": "eipalloc-09bf779ae63bbe9ba",
            "association_id": "eipassoc-0648109286f6132ff",
            "connectivity_type": "public",
            "id": "nat-0d7c44d73b0b75325",
            "network_interface_id": "eni-01d04f5a088f72ec8",
            "private_ip": "10.0.0.26",
            "public_ip": "54.188.55.225",
            "region": "us-west-2",
            "secondary_allocation_ids": [],
            "secondary_private_ip_address_count": 0,
            "secondary_private_ip_addresses": [],
            "subnet_id": "subnet-0dec9a4b0f5e12e3b",
            "tags": {
              "Author": "Marcus Hogh",
              "Name": "nat-gateway-jenkins"
            },
            "tags_all": {
              "Author": "Marcus Hogh",
              "Name": "nat-gateway-jenkins"
            },
            "timeouts": null
          },
          "sensitive_attributes": [],
          "identity_schema_version": 0,
          "private": "eyJlMmJmYjczMC1lY2FhLTExZTYtOGY4OC0zNDM2M2JjN2M0YzAiOnsiY3JlYXRlIjo2MDAwMDAwMDAwMDAsImRlbGV0ZSI6MTgwMDAwMDAwMDAwMCwidXBkYXRlIjo2MDAwMDAwMDAwMDB9fQ==",
          "dependencies": [
            "aws_eip.nat_gateway_eip",
            "aws_internet_gateway.igw",
            "aws_subnet.public_subnet",
            "aws_vpc.custom"
          ]
        }
      ]
    },
    {
      "mode": "managed",
      "type": "aws_route_table",
      "name": "private_route_table",
      "provider": "provider[\"registry.terraform.io/hashicorp/aws\"]",
      "instances": [
        {
          "schema_version": 0,
          "attributes": {
            "arn": "arn:aws:ec2:us-west-2:162590743500:route-table/rtb-03ad2a6f92d0c4463",
            "id": "rtb-03ad2a6f92d0c4463",
            "owner_id": "162590743500",
            "propagating_vgws": [],
            "region": "us-west-2",
            "route": [
              {
                "carrier_gateway_id": "",
                "cidr_block": "0.0.0.0/0",
                "core_network_arn": "",
                "destination_prefix_list_id": "",
                "egress_only_gateway_id": "",
                "gateway_id": "nat-0d7c44d73b0b75325",
                "ipv6_cidr_block": "",
                "local_gateway_id": "",
                "nat_gateway_id": "",
                "network_interface_id": "",
                "transit_gateway_id": "",
                "vpc_endpoint_id": "",
                "vpc_peering_connection_id": ""
              }
            ],
            "tags": {
              "Author": "Marcus Hogh",
              "Name": "private-route-table-jenkins"
            },
            "tags_all": {
              "Author": "Marcus Hogh",
              "Name": "private-route-table-jenkins"
            },
            "timeouts": null,
            "vpc_id": "vpc-0967a488f1632edbd"
          },
          "sensitive_attributes": [],
          "identity_schema_version": 0,
          "identity": {
            "account_id": "162590743500",
            "id": "rtb-03ad2a6f92d0c4463",
            "region": "us-west-2"
          },
          "private": "eyJlMmJmYjczMC1lY2FhLTExZTYtOGY4OC0zNDM2M2JjN2M0YzAiOnsiY3JlYXRlIjozMDAwMDAwMDAwMDAsImRlbGV0ZSI6MzAwMDAwMDAwMDAwLCJ1cGRhdGUiOjEyMDAwMDAwMDAwMH19",
          "dependencies": [
            "aws_eip.nat_gateway_eip",
            "aws_internet_gateway.igw",
            "aws_nat_gateway.nat_gateway",
            "aws_subnet.public_subnet",
            "aws_vpc.custom"
          ]
        }
      ]
    },
    {
      "mode": "managed",
      "type": "aws_route_table",
      "name": "public_route_table",
      "provider": "provider[\"registry.terraform.io/hashicorp/aws\"]",
      "instances": [
        {
          "schema_version": 0,
          "attributes": {
            "arn": "arn:aws:ec2:us-west-2:162590743500:route-table/rtb-02d8d3056bda14293",
            "id": "rtb-02d8d3056bda14293",
            "owner_id": "162590743500",
            "propagating_vgws": [],
            "region": "us-west-2",
            "route": [
              {
                "carrier_gateway_id": "",
                "cidr_block": "0.0.0.0/0",
                "core_network_arn": "",
                "destination_prefix_list_id": "",
                "egress_only_gateway_id": "",
                "gateway_id": "igw-09cbc1588a3afcbe1",
                "ipv6_cidr_block": "",
                "local_gateway_id": "",
                "nat_gateway_id": "",
                "network_interface_id": "",
                "transit_gateway_id": "",
                "vpc_endpoint_id": "",
                "vpc_peering_connection_id": ""
              }
            ],
            "tags": {
              "Author": "Marcus Hogh",
              "Name": "public-route-table-jenkins"
            },
            "tags_all": {
              "Author": "Marcus Hogh",
              "Name": "public-route-table-jenkins"
            },
            "timeouts": null,
            "vpc_id": "vpc-0967a488f1632edbd"
          },
          "sensitive_attributes": [],
          "identity_schema_version": 0,
          "identity": {
            "account_id": "162590743500",
            "id": "rtb-02d8d3056bda14293",
            "region": "us-west-2"
          },
          "private": "eyJlMmJmYjczMC1lY2FhLTExZTYtOGY4OC0zNDM2M2JjN2M0YzAiOnsiY3JlYXRlIjozMDAwMDAwMDAwMDAsImRlbGV0ZSI6MzAwMDAwMDAwMDAwLCJ1cGRhdGUiOjEyMDAwMDAwMDAwMH19",
          "dependencies": [
            "aws_internet_gateway.igw",
            "aws_vpc.custom"
          ]
        }
      ]
    },
    {
      "mode": "managed",
      "type": "aws_route_table_association",
      "name": "private_subnets",
      "provider": "provider[\"registry.terraform.io/hashicorp/aws\"]",
      "instances": [
        {
          "index_key": "us-west-2a",
          "schema_version": 0,
          "attributes": {
            "gateway_id": "",
            "id": "rtbassoc-04d5e27e53b944cd9",
            "region": "us-west-2",
            "route_table_id": "rtb-03ad2a6f92d0c4463",
            "subnet_id": "subnet-04be0d4aa057628ff",
            "timeouts": null
          },
          "sensitive_attributes": [],
          "identity_schema_version": 0,
          "private": "eyJlMmJmYjczMC1lY2FhLTExZTYtOGY4OC0zNDM2M2JjN2M0YzAiOnsiY3JlYXRlIjozMDAwMDAwMDAwMDAsImRlbGV0ZSI6MzAwMDAwMDAwMDAwLCJ1cGRhdGUiOjEyMDAwMDAwMDAwMH19",
          "dependencies": [
            "aws_eip.nat_gateway_eip",
            "aws_internet_gateway.igw",
            "aws_nat_gateway.nat_gateway",
            "aws_route_table.private_route_table",
            "aws_subnet.private_subnet",
            "aws_subnet.public_subnet",
            "aws_vpc.custom"
          ]
        },
        {
          "index_key": "us-west-2b",
          "schema_version": 0,
          "attributes": {
            "gateway_id": "",
            "id": "rtbassoc-0773e8ae13e9b9491",
            "region": "us-west-2",
            "route_table_id": "rtb-03ad2a6f92d0c4463",
            "subnet_id": "subnet-0eab5017d1336af3e",
            "timeouts": null
          },
          "sensitive_attributes": [],
          "identity_schema_version": 0,
          "private": "eyJlMmJmYjczMC1lY2FhLTExZTYtOGY4OC0zNDM2M2JjN2M0YzAiOnsiY3JlYXRlIjozMDAwMDAwMDAwMDAsImRlbGV0ZSI6MzAwMDAwMDAwMDAwLCJ1cGRhdGUiOjEyMDAwMDAwMDAwMH19",
          "dependencies": [
            "aws_eip.nat_gateway_eip",
            "aws_internet_gateway.igw",
            "aws_nat_gateway.nat_gateway",
            "aws_route_table.private_route_table",
            "aws_subnet.private_subnet",
            "aws_subnet.public_subnet",
            "aws_vpc.custom"
          ]
        }
      ]
    },
    {
      "mode": "managed",
      "type": "aws_route_table_association",
      "name": "public_subnets",
      "provider": "provider[\"registry.terraform.io/hashicorp/aws\"]",
      "instances": [
        {
          "index_key": "us-west-2a",
          "schema_version": 0,
          "attributes": {
            "gateway_id": "",
            "id": "rtbassoc-0fd268f849df391ce",
            "region": "us-west-2",
            "route_table_id": "rtb-02d8d3056bda14293",
            "subnet_id": "subnet-0dec9a4b0f5e12e3b",
            "timeouts": null
          },
          "sensitive_attributes": [],
          "identity_schema_version": 0,
          "private": "eyJlMmJmYjczMC1lY2FhLTExZTYtOGY4OC0zNDM2M2JjN2M0YzAiOnsiY3JlYXRlIjozMDAwMDAwMDAwMDAsImRlbGV0ZSI6MzAwMDAwMDAwMDAwLCJ1cGRhdGUiOjEyMDAwMDAwMDAwMH19",
          "dependencies": [
            "aws_internet_gateway.igw",
            "aws_route_table.public_route_table",
            "aws_subnet.public_subnet",
            "aws_vpc.custom"
          ]
        },
        {
          "index_key": "us-west-2b",
          "schema_version": 0,
          "attributes": {
            "gateway_id": "",
            "id": "rtbassoc-03a8bad9d6aab8abe",
            "region": "us-west-2",
            "route_table_id": "rtb-02d8d3056bda14293",
            "subnet_id": "subnet-049b75a2cdc29372a",
            "timeouts": null
          },
          "sensitive_attributes": [],
          "identity_schema_version": 0,
          "private": "eyJlMmJmYjczMC1lY2FhLTExZTYtOGY4OC0zNDM2M2JjN2M0YzAiOnsiY3JlYXRlIjozMDAwMDAwMDAwMDAsImRlbGV0ZSI6MzAwMDAwMDAwMDAwLCJ1cGRhdGUiOjEyMDAwMDAwMDAwMH19",
          "dependencies": [
            "aws_internet_gateway.igw",
            "aws_route_table.public_route_table",
            "aws_subnet.public_subnet",
            "aws_vpc.custom"
          ]
        }
      ]
    },
    {
      "mode": "managed",
      "type": "aws_security_group",
      "name": "bastion",
      "provider": "provider[\"registry.terraform.io/hashicorp/aws\"]",
      "instances": [
        {
          "schema_version": 1,
          "attributes": {
            "arn": "arn:aws:ec2:us-west-2:162590743500:security-group/sg-04790945be7534e65",
            "description": "Allow tcp/22 from my IP",
            "egress": [
              {
                "cidr_blocks": [
                  "0.0.0.0/0"
                ],
                "description": "",
                "from_port": 0,
                "ipv6_cidr_blocks": [],
                "prefix_list_ids": [],
                "protocol": "-1",
                "security_groups": [],
                "self": false,
                "to_port": 0
              }
            ],
            "id": "sg-04790945be7534e65",
            "ingress": [
              {
                "cidr_blocks": [
                  "84.142.220.65/32"
                ],
                "description": "",
                "from_port": 22,
                "ipv6_cidr_blocks": [],
                "prefix_list_ids": [],
                "protocol": "tcp",
                "security_groups": [],
                "self": false,
                "to_port": 22
              }
            ],
            "name": "bastion-security-group-jenkins",
            "name_prefix": "",
            "owner_id": "162590743500",
            "region": "us-west-2",
            "revoke_rules_on_delete": false,
            "tags": {
              "Author": "Marcus Hogh",
              "Name": "bastion-security-group-jenkins"
            },
            "tags_all": {
              "Author": "Marcus Hogh",
              "Name": "bastion-security-group-jenkins"
            },
            "timeouts": null,
            "vpc_id": "vpc-0967a488f1632edbd"
          },
          "sensitive_attributes": [],
          "identity_schema_version": 0,
          "identity": {
            "account_id": "162590743500",
            "id": "sg-04790945be7534e65",
            "region": "us-west-2"
          },
          "private": "eyJlMmJmYjczMC1lY2FhLTExZTYtOGY4OC0zNDM2M2JjN2M0YzAiOnsiY3JlYXRlIjo2MDAwMDAwMDAwMDAsImRlbGV0ZSI6OTAwMDAwMDAwMDAwfSwic2NoZW1hX3ZlcnNpb24iOiIxIn0=",
          "dependencies": [
            "aws_vpc.custom",
            "data.http.my_ip"
          ]
        }
      ]
    },
    {
      "mode": "managed",
      "type": "aws_security_group",
      "name": "jenkins",
      "provider": "provider[\"registry.terraform.io/hashicorp/aws\"]",
      "instances": [
        {
          "schema_version": 1,
          "attributes": {
            "arn": "arn:aws:ec2:us-west-2:162590743500:security-group/sg-0f25e4fa8b562d9b6",
            "description": "Allow tcp/8080 from load balancer and tcp/22 from bastion",
            "egress": [
              {
                "cidr_blocks": [
                  "0.0.0.0/0"
                ],
                "description": "",
                "from_port": 0,
                "ipv6_cidr_blocks": [],
                "prefix_list_ids": [],
                "protocol": "-1",
                "security_groups": [],
                "self": false,
                "to_port": 0
              }
            ],
            "id": "sg-0f25e4fa8b562d9b6",
            "ingress": [
              {
                "cidr_blocks": [],
                "description": "",
                "from_port": 22,
                "ipv6_cidr_blocks": [],
                "prefix_list_ids": [],
                "protocol": "tcp",
                "security_groups": [
                  "sg-04790945be7534e65"
                ],
                "self": false,
                "to_port": 22
              },
              {
                "cidr_blocks": [],
                "description": "",
                "from_port": 8080,
                "ipv6_cidr_blocks": [],
                "prefix_list_ids": [],
                "protocol": "tcp",
                "security_groups": [
                  "sg-043cda329af0ce6e8"
                ],
                "self": false,
                "to_port": 8080
              }
            ],
            "name": "jenkins-security-group-jenkins",
            "name_prefix": "",
            "owner_id": "162590743500",
            "region": "us-west-2",
            "revoke_rules_on_delete": false,
            "tags": {
              "Author": "Marcus Hogh",
              "Name": "jenkins-security-group-jenkins"
            },
            "tags_all": {
              "Author": "Marcus Hogh",
              "Name": "jenkins-security-group-jenkins"
            },
            "timeouts": null,
            "vpc_id": "vpc-0967a488f1632edbd"
          },
          "sensitive_attributes": [],
          "identity_schema_version": 0,
          "identity": {
            "account_id": "162590743500",
            "id": "sg-0f25e4fa8b562d9b6",
            "region": "us-west-2"
          },
          "private": "eyJlMmJmYjczMC1lY2FhLTExZTYtOGY4OC0zNDM2M2JjN2M0YzAiOnsiY3JlYXRlIjo2MDAwMDAwMDAwMDAsImRlbGV0ZSI6OTAwMDAwMDAwMDAwfSwic2NoZW1hX3ZlcnNpb24iOiIxIn0=",
          "dependencies": [
            "aws_security_group.bastion",
            "aws_security_group.lb",
            "aws_vpc.custom",
            "data.http.my_ip"
          ]
        }
      ]
    },
    {
      "mode": "managed",
      "type": "aws_security_group",
      "name": "lb",
      "provider": "provider[\"registry.terraform.io/hashicorp/aws\"]",
      "instances": [
        {
          "schema_version": 1,
          "attributes": {
            "arn": "arn:aws:ec2:us-west-2:162590743500:security-group/sg-043cda329af0ce6e8",
            "description": "Allow tcp/80 and tcp/443 from everywhere",
            "egress": [
              {
                "cidr_blocks": [
                  "0.0.0.0/0"
                ],
                "description": "",
                "from_port": 0,
                "ipv6_cidr_blocks": [],
                "prefix_list_ids": [],
                "protocol": "-1",
                "security_groups": [],
                "self": false,
                "to_port": 0
              }
            ],
            "id": "sg-043cda329af0ce6e8",
            "ingress": [
              {
                "cidr_blocks": [
                  "84.142.220.65/32"
                ],
                "description": "",
                "from_port": 443,
                "ipv6_cidr_blocks": [],
                "prefix_list_ids": [],
                "protocol": "tcp",
                "security_groups": [],
                "self": false,
                "to_port": 443
              },
              {
                "cidr_blocks": [
                  "84.142.220.65/32"
                ],
                "description": "",
                "from_port": 80,
                "ipv6_cidr_blocks": [],
                "prefix_list_ids": [],
                "protocol": "tcp",
                "security_groups": [],
                "self": false,
                "to_port": 80
              }
            ],
            "name": "lb-security-group-jenkins",
            "name_prefix": "",
            "owner_id": "162590743500",
            "region": "us-west-2",
            "revoke_rules_on_delete": false,
            "tags": {
              "Author": "Marcus Hogh",
              "Name": "lb-security-group-jenkins"
            },
            "tags_all": {
              "Author": "Marcus Hogh",
              "Name": "lb-security-group-jenkins"
            },
            "timeouts": null,
            "vpc_id": "vpc-0967a488f1632edbd"
          },
          "sensitive_attributes": [],
          "identity_schema_version": 0,
          "identity": {
            "account_id": "162590743500",
            "id": "sg-043cda329af0ce6e8",
            "region": "us-west-2"
          },
          "private": "eyJlMmJmYjczMC1lY2FhLTExZTYtOGY4OC0zNDM2M2JjN2M0YzAiOnsiY3JlYXRlIjo2MDAwMDAwMDAwMDAsImRlbGV0ZSI6OTAwMDAwMDAwMDAwfSwic2NoZW1hX3ZlcnNpb24iOiIxIn0=",
          "dependencies": [
            "aws_vpc.custom",
            "data.http.my_ip"
          ]
        }
      ]
    },
    {
      "mode": "managed",
      "type": "aws_security_group",
      "name": "worker",
      "provider": "provider[\"registry.terraform.io/hashicorp/aws\"]",
      "instances": [
        {
          "schema_version": 1,
          "attributes": {
            "arn": "arn:aws:ec2:us-west-2:162590743500:security-group/sg-0eceaf5e7dd011c97",
            "description": "Allow tcp/22 from bastion and jenkins security groups",
            "egress": [
              {
                "cidr_blocks": [
                  "0.0.0.0/0"
                ],
                "description": "",
                "from_port": 0,
                "ipv6_cidr_blocks": [],
                "prefix_list_ids": [],
                "protocol": "-1",
                "security_groups": [],
                "self": false,
                "to_port": 0
              }
            ],
            "id": "sg-0eceaf5e7dd011c97",
            "ingress": [
              {
                "cidr_blocks": [],
                "description": "",
                "from_port": 22,
                "ipv6_cidr_blocks": [],
                "prefix_list_ids": [],
                "protocol": "tcp",
                "security_groups": [
                  "sg-04790945be7534e65",
                  "sg-0f25e4fa8b562d9b6"
                ],
                "self": false,
                "to_port": 22
              }
            ],
            "name": "worker-security-group-jenkins",
            "name_prefix": "",
            "owner_id": "162590743500",
            "region": "us-west-2",
            "revoke_rules_on_delete": false,
            "tags": {
              "Author": "Marcus Hogh",
              "Name": "worker-security-group-jenkins"
            },
            "tags_all": {
              "Author": "Marcus Hogh",
              "Name": "worker-security-group-jenkins"
            },
            "timeouts": null,
            "vpc_id": "vpc-0967a488f1632edbd"
          },
          "sensitive_attributes": [],
          "identity_schema_version": 0,
          "identity": {
            "account_id": "162590743500",
            "id": "sg-0eceaf5e7dd011c97",
            "region": "us-west-2"
          },
          "private": "eyJlMmJmYjczMC1lY2FhLTExZTYtOGY4OC0zNDM2M2JjN2M0YzAiOnsiY3JlYXRlIjo2MDAwMDAwMDAwMDAsImRlbGV0ZSI6OTAwMDAwMDAwMDAwfSwic2NoZW1hX3ZlcnNpb24iOiIxIn0=",
          "dependencies": [
            "aws_security_group.bastion",
            "aws_security_group.jenkins",
            "aws_security_group.lb",
            "aws_vpc.custom",
            "data.http.my_ip"
          ]
        }
      ]
    },
    {
      "mode": "managed",
      "type": "aws_subnet",
      "name": "private_subnet",
      "provider": "provider[\"registry.terraform.io/hashicorp/aws\"]",
      "instances": [
        {
          "index_key": "us-west-2a",
          "schema_version": 1,
          "attributes": {
            "arn": "arn:aws:ec2:us-west-2:162590743500:subnet/subnet-04be0d4aa057628ff",
            "assign_ipv6_address_on_creation": false,
            "availability_zone": "us-west-2a",
            "availability_zone_id": "usw2-az1",
            "cidr_block": "10.0.1.0/24",
            "customer_owned_ipv4_pool": "",
            "enable_dns64": false,
            "enable_lni_at_device_index": 0,
            "enable_resource_name_dns_a_record_on_launch": false,
            "enable_resource_name_dns_aaaa_record_on_launch": false,
            "id": "subnet-04be0d4aa057628ff",
            "ipv6_cidr_block": "",
            "ipv6_cidr_block_association_id": "",
            "ipv6_native": false,
            "map_customer_owned_ip_on_launch": false,
            "map_public_ip_on_launch": false,
            "outpost_arn": "",
            "owner_id": "162590743500",
            "private_dns_hostname_type_on_launch": "ip-name",
            "region": "us-west-2",
            "tags": {
              "Author": "Marcus Hogh",
              "Name": "private-subnet-10.0.1.0/24-us-west-2a-jenkins"
            },
            "tags_all": {
              "Author": "Marcus Hogh",
              "Name": "private-subnet-10.0.1.0/24-us-west-2a-jenkins"
            },
            "timeouts": null,
            "vpc_id": "vpc-0967a488f1632edbd"
          },
          "sensitive_attributes": [],
          "identity_schema_version": 0,
          "identity": {
            "account_id": "162590743500",
            "id": "subnet-04be0d4aa057628ff",
            "region": "us-west-2"
          },
          "private": "eyJlMmJmYjczMC1lY2FhLTExZTYtOGY4OC0zNDM2M2JjN2M0YzAiOnsiY3JlYXRlIjo2MDAwMDAwMDAwMDAsImRlbGV0ZSI6MTIwMDAwMDAwMDAwMH0sInNjaGVtYV92ZXJzaW9uIjoiMSJ9",
          "dependencies": [
            "aws_vpc.custom"
          ]
        },
        {
          "index_key": "us-west-2b",
          "schema_version": 1,
          "attributes": {
            "arn": "arn:aws:ec2:us-west-2:162590743500:subnet/subnet-0eab5017d1336af3e",
            "assign_ipv6_address_on_creation": false,
            "availability_zone": "us-west-2b",
            "availability_zone_id": "usw2-az2",
            "cidr_block": "10.0.3.0/24",
            "customer_owned_ipv4_pool": "",
            "enable_dns64": false,
            "enable_lni_at_device_index": 0,
            "enable_resource_name_dns_a_record_on_launch": false,
            "enable_resource_name_dns_aaaa_record_on_launch": false,
            "id": "subnet-0eab5017d1336af3e",
            "ipv6_cidr_block": "",
            "ipv6_cidr_block_association_id": "",
            "ipv6_native": false,
            "map_customer_owned_ip_on_launch": false,
            "map_public_ip_on_launch": false,
            "outpost_arn": "",
            "owner_id": "162590743500",
            "private_dns_hostname_type_on_launch": "ip-name",
            "region": "us-west-2",
            "tags": {
              "Author": "Marcus Hogh",
              "Name": "private-subnet-10.0.3.0/24-us-west-2b-jenkins"
            },
            "tags_all": {
              "Author": "Marcus Hogh",
              "Name": "private-subnet-10.0.3.0/24-us-west-2b-jenkins"
            },
            "timeouts": null,
            "vpc_id": "vpc-0967a488f1632edbd"
          },
          "sensitive_attributes": [],
          "identity_schema_version": 0,
          "identity": {
            "account_id": "162590743500",
            "id": "subnet-0eab5017d1336af3e",
            "region": "us-west-2"
          },
          "private": "eyJlMmJmYjczMC1lY2FhLTExZTYtOGY4OC0zNDM2M2JjN2M0YzAiOnsiY3JlYXRlIjo2MDAwMDAwMDAwMDAsImRlbGV0ZSI6MTIwMDAwMDAwMDAwMH0sInNjaGVtYV92ZXJzaW9uIjoiMSJ9",
          "dependencies": [
            "aws_vpc.custom"
          ]
        }
      ]
    },
    {
      "mode": "managed",
      "type": "aws_subnet",
      "name": "public_subnet",
      "provider": "provider[\"registry.terraform.io/hashicorp/aws\"]",
      "instances": [
        {
          "index_key": "us-west-2a",
          "schema_version": 1,
          "attributes": {
            "arn": "arn:aws:ec2:us-west-2:162590743500:subnet/subnet-0dec9a4b0f5e12e3b",
            "assign_ipv6_address_on_creation": false,
            "availability_zone": "us-west-2a",
            "availability_zone_id": "usw2-az1",
            "cidr_block": "10.0.0.0/24",
            "customer_owned_ipv4_pool": "",
            "enable_dns64": false,
            "enable_lni_at_device_index": 0,
            "enable_resource_name_dns_a_record_on_launch": false,
            "enable_resource_name_dns_aaaa_record_on_launch": false,
            "id": "subnet-0dec9a4b0f5e12e3b",
            "ipv6_cidr_block": "",
            "ipv6_cidr_block_association_id": "",
            "ipv6_native": false,
            "map_customer_owned_ip_on_launch": false,
            "map_public_ip_on_launch": false,
            "outpost_arn": "",
            "owner_id": "162590743500",
            "private_dns_hostname_type_on_launch": "ip-name",
            "region": "us-west-2",
            "tags": {
              "Author": "Marcus Hogh",
              "Name": "public-subnet-10.0.0.0/24-us-west-2a-jenkins"
            },
            "tags_all": {
              "Author": "Marcus Hogh",
              "Name": "public-subnet-10.0.0.0/24-us-west-2a-jenkins"
            },
            "timeouts": null,
            "vpc_id": "vpc-0967a488f1632edbd"
          },
          "sensitive_attributes": [],
          "identity_schema_version": 0,
          "identity": {
            "account_id": "162590743500",
            "id": "subnet-0dec9a4b0f5e12e3b",
            "region": "us-west-2"
          },
          "private": "eyJlMmJmYjczMC1lY2FhLTExZTYtOGY4OC0zNDM2M2JjN2M0YzAiOnsiY3JlYXRlIjo2MDAwMDAwMDAwMDAsImRlbGV0ZSI6MTIwMDAwMDAwMDAwMH0sInNjaGVtYV92ZXJzaW9uIjoiMSJ9",
          "dependencies": [
            "aws_vpc.custom"
          ]
        },
        {
          "index_key": "us-west-2b",
          "schema_version": 1,
          "attributes": {
            "arn": "arn:aws:ec2:us-west-2:162590743500:subnet/subnet-049b75a2cdc29372a",
            "assign_ipv6_address_on_creation": false,
            "availability_zone": "us-west-2b",
            "availability_zone_id": "usw2-az2",
            "cidr_block": "10.0.2.0/24",
            "customer_owned_ipv4_pool": "",
            "enable_dns64": false,
            "enable_lni_at_device_index": 0,
            "enable_resource_name_dns_a_record_on_launch": false,
            "enable_resource_name_dns_aaaa_record_on_launch": false,
            "id": "subnet-049b75a2cdc29372a",
            "ipv6_cidr_block": "",
            "ipv6_cidr_block_association_id": "",
            "ipv6_native": false,
            "map_customer_owned_ip_on_launch": false,
            "map_public_ip_on_launch": false,
            "outpost_arn": "",
            "owner_id": "162590743500",
            "private_dns_hostname_type_on_launch": "ip-name",
            "region": "us-west-2",
            "tags": {
              "Author": "Marcus Hogh",
              "Name": "public-subnet-10.0.2.0/24-us-west-2b-jenkins"
            },
            "tags_all": {
              "Author": "Marcus Hogh",
              "Name": "public-subnet-10.0.2.0/24-us-west-2b-jenkins"
            },
            "timeouts": null,
            "vpc_id": "vpc-0967a488f1632edbd"
          },
          "sensitive_attributes": [],
          "identity_schema_version": 0,
          "identity": {
            "account_id": "162590743500",
            "id": "subnet-049b75a2cdc29372a",
            "region": "us-west-2"
          },
          "private": "eyJlMmJmYjczMC1lY2FhLTExZTYtOGY4OC0zNDM2M2JjN2M0YzAiOnsiY3JlYXRlIjo2MDAwMDAwMDAwMDAsImRlbGV0ZSI6MTIwMDAwMDAwMDAwMH0sInNjaGVtYV92ZXJzaW9uIjoiMSJ9",
          "dependencies": [
            "aws_vpc.custom"
          ]
        }
      ]
    },
    {
      "mode": "managed",
      "type": "aws_vpc",
      "name": "custom",
      "provider": "provider[\"registry.terraform.io/hashicorp/aws\"]",
      "instances": [
        {
          "schema_version": 1,
          "attributes": {
            "arn": "arn:aws:ec2:us-west-2:162590743500:vpc/vpc-0967a488f1632edbd",
            "assign_generated_ipv6_cidr_block": false,
            "cidr_block": "10.0.0.0/16",
            "default_network_acl_id": "acl-0d9022a972d4b296d",
            "default_route_table_id": "rtb-00cc795cffcfaed6a",
            "default_security_group_id": "sg-0c363a630431ba145",
            "dhcp_options_id": "dopt-015ad3ba34bb527d5",
            "enable_dns_hostnames": true,
            "enable_dns_support": true,
            "enable_network_address_usage_metrics": false,
            "id": "vpc-0967a488f1632edbd",
            "instance_tenancy": "default",
            "ipv4_ipam_pool_id": null,
            "ipv4_netmask_length": null,
            "ipv6_association_id": "",
            "ipv6_cidr_block": "",
            "ipv6_cidr_block_network_border_group": "",
            "ipv6_ipam_pool_id": "",
            "ipv6_netmask_length": 0,
            "main_route_table_id": "rtb-00cc795cffcfaed6a",
            "owner_id": "162590743500",
            "region": "us-west-2",
            "tags": {
              "Author": "Marcus Hogh",
              "Name": "jenkins"
            },
            "tags_all": {
              "Author": "Marcus Hogh",
              "Name": "jenkins"
            }
          },
          "sensitive_attributes": [],
          "identity_schema_version": 0,
          "private": "eyJzY2hlbWFfdmVyc2lvbiI6IjEifQ=="
        }
      ]
    }
  ],
  "check_results": null
}
