{
  "version": 4,
  "terraform_version": "1.12.2",
  "serial": 1187,
  "lineage": "b3e64b2a-cc0d-c2f1-6c81-a420c6ac1afb",
  "outputs": {
    "bastion": {
      "value": "35.91.156.52",
      "type": "string"
    },
    "proxy": {
      "value": "ec2-44-243-13-243.us-west-2.compute.amazonaws.com",
      "type": "string"
    }
  },
  "resources": [
    {
      "mode": "data",
      "type": "aws_ami",
      "name": "bastion",
      "provider": "provider[\"registry.terraform.io/hashicorp/aws\"]",
      "instances": [
        {
          "schema_version": 0,
          "attributes": {
            "allow_unsafe_filter": null,
            "architecture": "x86_64",
            "arn": "arn:aws:ec2:us-west-2::image/ami-0c6f1899df4240296",
            "block_device_mappings": [
              {
                "device_name": "/dev/xvda",
                "ebs": {
                  "delete_on_termination": "true",
                  "encrypted": "false",
                  "iops": "3000",
                  "snapshot_id": "snap-02b7c1a16339b3bb7",
                  "throughput": "125",
                  "volume_initialization_rate": "0",
                  "volume_size": "2",
                  "volume_type": "gp3"
                },
                "no_device": "",
                "virtual_name": ""
              }
            ],
            "boot_mode": "uefi-preferred",
            "creation_date": "2025-09-06T01:04:11.000Z",
            "deprecation_time": "2025-12-05T01:04:00.000Z",
            "description": "Amazon Linux 2023 AMI 2023.8.20250908.0 x86_64 Minimal HVM kernel-6.1",
            "ena_support": true,
            "executable_users": null,
            "filter": [
              {
                "name": "name",
                "values": [
                  "al2023-ami-*-x86_64"
                ]
              }
            ],
            "hypervisor": "xen",
            "id": "ami-0c6f1899df4240296",
            "image_id": "ami-0c6f1899df4240296",
            "image_location": "amazon/al2023-ami-minimal-2023.8.20250908.0-kernel-6.1-x86_64",
            "image_owner_alias": "amazon",
            "image_type": "machine",
            "imds_support": "v2.0",
            "include_deprecated": false,
            "kernel_id": "",
            "last_launched_time": "",
            "most_recent": true,
            "name": "al2023-ami-minimal-2023.8.20250908.0-kernel-6.1-x86_64",
            "name_regex": null,
            "owner_id": "137112412989",
            "owners": [
              "amazon"
            ],
            "platform": "",
            "platform_details": "Linux/UNIX",
            "product_codes": [],
            "public": true,
            "ramdisk_id": "",
            "region": "us-west-2",
            "root_device_name": "/dev/xvda",
            "root_device_type": "ebs",
            "root_snapshot_id": "snap-02b7c1a16339b3bb7",
            "sriov_net_support": "simple",
            "state": "available",
            "state_reason": {
              "code": "UNSET",
              "message": "UNSET"
            },
            "tags": {},
            "timeouts": null,
            "tpm_support": "",
            "uefi_data": null,
            "usage_operation": "RunInstances",
            "virtualization_type": "hvm"
          },
          "sensitive_attributes": [],
          "identity_schema_version": 0
        }
      ]
    },
    {
      "mode": "data",
      "type": "aws_ami",
      "name": "jenkins",
      "provider": "provider[\"registry.terraform.io/hashicorp/aws\"]",
      "instances": [
        {
          "schema_version": 0,
          "attributes": {
            "allow_unsafe_filter": null,
            "architecture": "x86_64",
            "arn": "arn:aws:ec2:us-west-2::image/ami-0c6f1899df4240296",
            "block_device_mappings": [
              {
                "device_name": "/dev/xvda",
                "ebs": {
                  "delete_on_termination": "true",
                  "encrypted": "false",
                  "iops": "3000",
                  "snapshot_id": "snap-02b7c1a16339b3bb7",
                  "throughput": "125",
                  "volume_initialization_rate": "0",
                  "volume_size": "2",
                  "volume_type": "gp3"
                },
                "no_device": "",
                "virtual_name": ""
              }
            ],
            "boot_mode": "uefi-preferred",
            "creation_date": "2025-09-06T01:04:11.000Z",
            "deprecation_time": "2025-12-05T01:04:00.000Z",
            "description": "Amazon Linux 2023 AMI 2023.8.20250908.0 x86_64 Minimal HVM kernel-6.1",
            "ena_support": true,
            "executable_users": null,
            "filter": [
              {
                "name": "name",
                "values": [
                  "al2023-ami-*-x86_64"
                ]
              }
            ],
            "hypervisor": "xen",
            "id": "ami-0c6f1899df4240296",
            "image_id": "ami-0c6f1899df4240296",
            "image_location": "amazon/al2023-ami-minimal-2023.8.20250908.0-kernel-6.1-x86_64",
            "image_owner_alias": "amazon",
            "image_type": "machine",
            "imds_support": "v2.0",
            "include_deprecated": false,
            "kernel_id": "",
            "last_launched_time": "",
            "most_recent": true,
            "name": "al2023-ami-minimal-2023.8.20250908.0-kernel-6.1-x86_64",
            "name_regex": null,
            "owner_id": "137112412989",
            "owners": [
              "amazon"
            ],
            "platform": "",
            "platform_details": "Linux/UNIX",
            "product_codes": [],
            "public": true,
            "ramdisk_id": "",
            "region": "us-west-2",
            "root_device_name": "/dev/xvda",
            "root_device_type": "ebs",
            "root_snapshot_id": "snap-02b7c1a16339b3bb7",
            "sriov_net_support": "simple",
            "state": "available",
            "state_reason": {
              "code": "UNSET",
              "message": "UNSET"
            },
            "tags": {},
            "timeouts": null,
            "tpm_support": "",
            "uefi_data": null,
            "usage_operation": "RunInstances",
            "virtualization_type": "hvm"
          },
          "sensitive_attributes": [],
          "identity_schema_version": 0
        }
      ]
    },
    {
      "mode": "data",
      "type": "aws_ami",
      "name": "proxy",
      "provider": "provider[\"registry.terraform.io/hashicorp/aws\"]",
      "instances": [
        {
          "schema_version": 0,
          "attributes": {
            "allow_unsafe_filter": null,
            "architecture": "x86_64",
            "arn": "arn:aws:ec2:us-west-2::image/ami-0c6f1899df4240296",
            "block_device_mappings": [
              {
                "device_name": "/dev/xvda",
                "ebs": {
                  "delete_on_termination": "true",
                  "encrypted": "false",
                  "iops": "3000",
                  "snapshot_id": "snap-02b7c1a16339b3bb7",
                  "throughput": "125",
                  "volume_initialization_rate": "0",
                  "volume_size": "2",
                  "volume_type": "gp3"
                },
                "no_device": "",
                "virtual_name": ""
              }
            ],
            "boot_mode": "uefi-preferred",
            "creation_date": "2025-09-06T01:04:11.000Z",
            "deprecation_time": "2025-12-05T01:04:00.000Z",
            "description": "Amazon Linux 2023 AMI 2023.8.20250908.0 x86_64 Minimal HVM kernel-6.1",
            "ena_support": true,
            "executable_users": null,
            "filter": [
              {
                "name": "name",
                "values": [
                  "al2023-ami-*-x86_64"
                ]
              }
            ],
            "hypervisor": "xen",
            "id": "ami-0c6f1899df4240296",
            "image_id": "ami-0c6f1899df4240296",
            "image_location": "amazon/al2023-ami-minimal-2023.8.20250908.0-kernel-6.1-x86_64",
            "image_owner_alias": "amazon",
            "image_type": "machine",
            "imds_support": "v2.0",
            "include_deprecated": false,
            "kernel_id": "",
            "last_launched_time": "",
            "most_recent": true,
            "name": "al2023-ami-minimal-2023.8.20250908.0-kernel-6.1-x86_64",
            "name_regex": null,
            "owner_id": "137112412989",
            "owners": [
              "amazon"
            ],
            "platform": "",
            "platform_details": "Linux/UNIX",
            "product_codes": [],
            "public": true,
            "ramdisk_id": "",
            "region": "us-west-2",
            "root_device_name": "/dev/xvda",
            "root_device_type": "ebs",
            "root_snapshot_id": "snap-02b7c1a16339b3bb7",
            "sriov_net_support": "simple",
            "state": "available",
            "state_reason": {
              "code": "UNSET",
              "message": "UNSET"
            },
            "tags": {},
            "timeouts": null,
            "tpm_support": "",
            "uefi_data": null,
            "usage_operation": "RunInstances",
            "virtualization_type": "hvm"
          },
          "sensitive_attributes": [],
          "identity_schema_version": 0
        }
      ]
    },
    {
      "mode": "data",
      "type": "aws_ami",
      "name": "worker",
      "provider": "provider[\"registry.terraform.io/hashicorp/aws\"]",
      "instances": [
        {
          "schema_version": 0,
          "attributes": {
            "allow_unsafe_filter": null,
            "architecture": "x86_64",
            "arn": "arn:aws:ec2:us-west-2::image/ami-0c6f1899df4240296",
            "block_device_mappings": [
              {
                "device_name": "/dev/xvda",
                "ebs": {
                  "delete_on_termination": "true",
                  "encrypted": "false",
                  "iops": "3000",
                  "snapshot_id": "snap-02b7c1a16339b3bb7",
                  "throughput": "125",
                  "volume_initialization_rate": "0",
                  "volume_size": "2",
                  "volume_type": "gp3"
                },
                "no_device": "",
                "virtual_name": ""
              }
            ],
            "boot_mode": "uefi-preferred",
            "creation_date": "2025-09-06T01:04:11.000Z",
            "deprecation_time": "2025-12-05T01:04:00.000Z",
            "description": "Amazon Linux 2023 AMI 2023.8.20250908.0 x86_64 Minimal HVM kernel-6.1",
            "ena_support": true,
            "executable_users": null,
            "filter": [
              {
                "name": "name",
                "values": [
                  "al2023-ami-*-x86_64"
                ]
              }
            ],
            "hypervisor": "xen",
            "id": "ami-0c6f1899df4240296",
            "image_id": "ami-0c6f1899df4240296",
            "image_location": "amazon/al2023-ami-minimal-2023.8.20250908.0-kernel-6.1-x86_64",
            "image_owner_alias": "amazon",
            "image_type": "machine",
            "imds_support": "v2.0",
            "include_deprecated": false,
            "kernel_id": "",
            "last_launched_time": "",
            "most_recent": true,
            "name": "al2023-ami-minimal-2023.8.20250908.0-kernel-6.1-x86_64",
            "name_regex": null,
            "owner_id": "137112412989",
            "owners": [
              "amazon"
            ],
            "platform": "",
            "platform_details": "Linux/UNIX",
            "product_codes": [],
            "public": true,
            "ramdisk_id": "",
            "region": "us-west-2",
            "root_device_name": "/dev/xvda",
            "root_device_type": "ebs",
            "root_snapshot_id": "snap-02b7c1a16339b3bb7",
            "sriov_net_support": "simple",
            "state": "available",
            "state_reason": {
              "code": "UNSET",
              "message": "UNSET"
            },
            "tags": {},
            "timeouts": null,
            "tpm_support": "",
            "uefi_data": null,
            "usage_operation": "RunInstances",
            "virtualization_type": "hvm"
          },
          "sensitive_attributes": [],
          "identity_schema_version": 0
        }
      ]
    },
    {
      "mode": "data",
      "type": "http",
      "name": "my_ip",
      "provider": "provider[\"registry.terraform.io/hashicorp/http\"]",
      "instances": [
        {
          "schema_version": 0,
          "attributes": {
            "body": "84.142.220.65\n",
            "ca_cert_pem": null,
            "client_cert_pem": null,
            "client_key_pem": null,
            "id": "https://checkip.amazonaws.com/",
            "insecure": null,
            "method": null,
            "request_body": null,
            "request_headers": null,
            "request_timeout_ms": null,
            "response_body": "84.142.220.65\n",
            "response_body_base64": "ODQuMTQyLjIyMC42NQo=",
            "response_headers": {
              "Content-Length": "14",
              "Content-Type": "text/plain;charset=UTF-8",
              "Date": "Mon, 15 Sep 2025 10:59:37 GMT",
              "Server": "nginx",
              "Vary": "Origin, Access-Control-Request-Method, Access-Control-Request-Headers"
            },
            "retry": null,
            "status_code": 200,
            "url": "https://checkip.amazonaws.com/"
          },
          "sensitive_attributes": [],
          "identity_schema_version": 0
        }
      ]
    },
    {
      "mode": "data",
      "type": "template_file",
      "name": "user_data_proxy",
      "provider": "provider[\"registry.terraform.io/hashicorp/template\"]",
      "instances": [
        {
          "schema_version": 0,
          "attributes": {
            "filename": null,
            "id": "5c5d7fe11bb495ebec2f76e1e66e39795cbee20dcf0af85999eb3e36e6c7f60f",
            "rendered": "#!/usr/bin/env bash\nset -e\n\nJENKINS_URL=\"http://10.0.1.137:8080\"\n\ndnf upgrade\ndnf -y install nginx\n\nrm -f /etc/nginx/conf.d/default.conf\n\ncat \u003c\u003cEOF \u003e /etc/nginx/conf.d/reverse-proxy.conf\nserver {\n    listen 80;\n\n    location / {\n        proxy_pass $JENKINS_URL;\n        proxy_set_header Host \\$host;\n        proxy_set_header X-Real-IP \\$remote_addr;\n        proxy_set_header X-Forwarded-For \\$proxy_add_x_forwarded_for;\n        proxy_set_header X-Forwarded-Proto \\$scheme;\n    }\n}\nEOF\n\nsudo systemctl enable --now nginx\n\n",
            "template": "#!/usr/bin/env bash\nset -e\n\nJENKINS_URL=\"http://${jenkins_private_ip}:8080\"\n\ndnf upgrade\ndnf -y install nginx\n\nrm -f /etc/nginx/conf.d/default.conf\n\ncat \u003c\u003cEOF \u003e /etc/nginx/conf.d/reverse-proxy.conf\nserver {\n    listen 80;\n\n    location / {\n        proxy_pass $JENKINS_URL;\n        proxy_set_header Host \\$host;\n        proxy_set_header X-Real-IP \\$remote_addr;\n        proxy_set_header X-Forwarded-For \\$proxy_add_x_forwarded_for;\n        proxy_set_header X-Forwarded-Proto \\$scheme;\n    }\n}\nEOF\n\nsudo systemctl enable --now nginx\n\n",
            "vars": {
              "jenkins_private_ip": "10.0.1.137"
            }
          },
          "sensitive_attributes": [],
          "identity_schema_version": 0
        }
      ]
    },
    {
      "mode": "data",
      "type": "template_file",
      "name": "user_data_worker",
      "provider": "provider[\"registry.terraform.io/hashicorp/template\"]",
      "instances": [
        {
          "schema_version": 0,
          "attributes": {
            "filename": null,
            "id": "10720be86b1824c87ecaae09948a85abe0ffb16fa9c740566d69bff9f96c1c1c",
            "rendered": "#!/usr/bin/env bash\n\nexport JENKINS_URL=\"http://10.0.1.137:8080\"\n",
            "template": "#!/usr/bin/env bash\n\nexport JENKINS_URL=\"http://${jenkins_private_ip}:8080\"\n",
            "vars": {
              "jenkins_private_ip": "10.0.1.137"
            }
          },
          "sensitive_attributes": [],
          "identity_schema_version": 0
        }
      ]
    },
    {
      "mode": "managed",
      "type": "aws_autoscaling_group",
      "name": "worker",
      "provider": "provider[\"registry.terraform.io/hashicorp/aws\"]",
      "instances": [
        {
          "schema_version": 1,
          "attributes": {
            "arn": "arn:aws:autoscaling:us-west-2:162590743500:autoScalingGroup:546e426a-c50e-43b2-8908-95dce5278579:autoScalingGroupName/worker-autoscaling-group",
            "availability_zone_distribution": [
              {
                "capacity_distribution_strategy": "balanced-best-effort"
              }
            ],
            "availability_zones": [
              "us-west-2a",
              "us-west-2b"
            ],
            "capacity_rebalance": false,
            "capacity_reservation_specification": [
              {
                "capacity_reservation_preference": "default",
                "capacity_reservation_target": []
              }
            ],
            "context": "",
            "default_cooldown": 300,
            "default_instance_warmup": 0,
            "desired_capacity": 0,
            "desired_capacity_type": "",
            "enabled_metrics": null,
            "force_delete": false,
            "force_delete_warm_pool": false,
            "health_check_grace_period": 300,
            "health_check_type": "EC2",
            "id": "worker-autoscaling-group",
            "ignore_failed_scaling_activities": false,
            "initial_lifecycle_hook": [],
            "instance_maintenance_policy": [],
            "instance_refresh": [],
            "launch_configuration": "",
            "launch_template": [
              {
                "id": "lt-027438e910e7bb5f9",
                "name": "worker-launch-template",
                "version": "$Latest"
              }
            ],
            "load_balancers": [],
            "max_instance_lifetime": 0,
            "max_size": 0,
            "metrics_granularity": "1Minute",
            "min_elb_capacity": null,
            "min_size": 0,
            "mixed_instances_policy": [],
            "name": "worker-autoscaling-group",
            "name_prefix": "",
            "placement_group": "",
            "predicted_capacity": 0,
            "protect_from_scale_in": false,
            "region": "us-west-2",
            "service_linked_role_arn": "arn:aws:iam::162590743500:role/aws-service-role/autoscaling.amazonaws.com/AWSServiceRoleForAutoScaling",
            "suspended_processes": null,
            "tag": [],
            "target_group_arns": [],
            "termination_policies": null,
            "timeouts": null,
            "traffic_source": [],
            "vpc_zone_identifier": [
              "subnet-028a7cebcfc9b4632",
              "subnet-0631412f6e9f86245"
            ],
            "wait_for_capacity_timeout": "10m",
            "wait_for_elb_capacity": null,
            "warm_pool": [],
            "warm_pool_size": 0
          },
          "sensitive_attributes": [],
          "identity_schema_version": 0,
          "private": "eyJlMmJmYjczMC1lY2FhLTExZTYtOGY4OC0zNDM2M2JjN2M0YzAiOnsiZGVsZXRlIjo2MDAwMDAwMDAwMDAsInVwZGF0ZSI6NjAwMDAwMDAwMDAwfSwic2NoZW1hX3ZlcnNpb24iOiIxIn0=",
          "dependencies": [
            "aws_instance.jenkins",
            "aws_launch_template.worker",
            "aws_security_group.bastion",
            "aws_security_group.jenkins",
            "aws_security_group.proxy",
            "aws_security_group.worker",
            "aws_subnet.private_subnet",
            "aws_vpc.custom",
            "data.aws_ami.jenkins",
            "data.aws_ami.worker",
            "data.http.my_ip",
            "data.template_file.user_data_worker"
          ]
        }
      ]
    },
    {
      "mode": "managed",
      "type": "aws_autoscaling_policy",
      "name": "scale-in",
      "provider": "provider[\"registry.terraform.io/hashicorp/aws\"]",
      "instances": [
        {
          "schema_version": 0,
          "attributes": {
            "adjustment_type": "ChangeInCapacity",
            "arn": "arn:aws:autoscaling:us-west-2:162590743500:scalingPolicy:7b0aa543-7302-4f9f-8bcc-a5e10a81c27b:autoScalingGroupName/worker-autoscaling-group:policyName/scale-in-workers",
            "autoscaling_group_name": "worker-autoscaling-group",
            "cooldown": 300,
            "enabled": true,
            "estimated_instance_warmup": 0,
            "id": "scale-in-workers",
            "metric_aggregation_type": "",
            "min_adjustment_magnitude": 0,
            "name": "scale-in-workers",
            "policy_type": "SimpleScaling",
            "predictive_scaling_configuration": [],
            "region": "us-west-2",
            "scaling_adjustment": -1,
            "step_adjustment": [],
            "target_tracking_configuration": []
          },
          "sensitive_attributes": [],
          "identity_schema_version": 0,
          "private": "bnVsbA==",
          "dependencies": [
            "aws_autoscaling_group.worker",
            "aws_instance.jenkins",
            "aws_launch_template.worker",
            "aws_security_group.bastion",
            "aws_security_group.jenkins",
            "aws_security_group.proxy",
            "aws_security_group.worker",
            "aws_subnet.private_subnet",
            "aws_vpc.custom",
            "data.aws_ami.jenkins",
            "data.aws_ami.worker",
            "data.http.my_ip",
            "data.template_file.user_data_worker"
          ]
        }
      ]
    },
    {
      "mode": "managed",
      "type": "aws_autoscaling_policy",
      "name": "scale-out",
      "provider": "provider[\"registry.terraform.io/hashicorp/aws\"]",
      "instances": [
        {
          "schema_version": 0,
          "attributes": {
            "adjustment_type": "ChangeInCapacity",
            "arn": "arn:aws:autoscaling:us-west-2:162590743500:scalingPolicy:3f465c89-cecd-4f0f-9566-94c5555d1467:autoScalingGroupName/worker-autoscaling-group:policyName/scale-out-workers",
            "autoscaling_group_name": "worker-autoscaling-group",
            "cooldown": 300,
            "enabled": true,
            "estimated_instance_warmup": 0,
            "id": "scale-out-workers",
            "metric_aggregation_type": "",
            "min_adjustment_magnitude": 0,
            "name": "scale-out-workers",
            "policy_type": "SimpleScaling",
            "predictive_scaling_configuration": [],
            "region": "us-west-2",
            "scaling_adjustment": 1,
            "step_adjustment": [],
            "target_tracking_configuration": []
          },
          "sensitive_attributes": [],
          "identity_schema_version": 0,
          "private": "bnVsbA==",
          "dependencies": [
            "aws_autoscaling_group.worker",
            "aws_instance.jenkins",
            "aws_launch_template.worker",
            "aws_security_group.bastion",
            "aws_security_group.jenkins",
            "aws_security_group.proxy",
            "aws_security_group.worker",
            "aws_subnet.private_subnet",
            "aws_vpc.custom",
            "data.aws_ami.jenkins",
            "data.aws_ami.worker",
            "data.http.my_ip",
            "data.template_file.user_data_worker"
          ]
        }
      ]
    },
    {
      "mode": "managed",
      "type": "aws_cloudwatch_metric_alarm",
      "name": "high-cpu-workers-alarm",
      "provider": "provider[\"registry.terraform.io/hashicorp/aws\"]",
      "instances": [
        {
          "schema_version": 1,
          "attributes": {
            "actions_enabled": true,
            "alarm_actions": [
              "arn:aws:autoscaling:us-west-2:162590743500:scalingPolicy:3f465c89-cecd-4f0f-9566-94c5555d1467:autoScalingGroupName/worker-autoscaling-group:policyName/scale-out-workers"
            ],
            "alarm_description": "This metric monitors workers cpu utilization",
            "alarm_name": "high-cpu-workers-alarm",
            "arn": "arn:aws:cloudwatch:us-west-2:162590743500:alarm:high-cpu-workers-alarm",
            "comparison_operator": "GreaterThanOrEqualToThreshold",
            "datapoints_to_alarm": 0,
            "dimensions": {
              "AutoScalingGroupName": "worker-autoscaling-group"
            },
            "evaluate_low_sample_count_percentiles": "",
            "evaluation_periods": 2,
            "extended_statistic": "",
            "id": "high-cpu-workers-alarm",
            "insufficient_data_actions": null,
            "metric_name": "CPUUtilization",
            "metric_query": [],
            "namespace": "AWS/EC2",
            "ok_actions": null,
            "period": 120,
            "region": "us-west-2",
            "statistic": "Average",
            "tags": null,
            "tags_all": {},
            "threshold": 80,
            "threshold_metric_id": "",
            "treat_missing_data": "missing",
            "unit": ""
          },
          "sensitive_attributes": [],
          "identity_schema_version": 0,
          "identity": {
            "account_id": "162590743500",
            "alarm_name": "high-cpu-workers-alarm",
            "region": "us-west-2"
          },
          "private": "eyJzY2hlbWFfdmVyc2lvbiI6IjEifQ==",
          "dependencies": [
            "aws_autoscaling_group.worker",
            "aws_autoscaling_policy.scale-out",
            "aws_instance.jenkins",
            "aws_launch_template.worker",
            "aws_security_group.bastion",
            "aws_security_group.jenkins",
            "aws_security_group.proxy",
            "aws_security_group.worker",
            "aws_subnet.private_subnet",
            "aws_vpc.custom",
            "data.aws_ami.jenkins",
            "data.aws_ami.worker",
            "data.http.my_ip",
            "data.template_file.user_data_worker"
          ]
        }
      ]
    },
    {
      "mode": "managed",
      "type": "aws_cloudwatch_metric_alarm",
      "name": "low-cpu-workers-alarm",
      "provider": "provider[\"registry.terraform.io/hashicorp/aws\"]",
      "instances": [
        {
          "schema_version": 1,
          "attributes": {
            "actions_enabled": true,
            "alarm_actions": [
              "arn:aws:autoscaling:us-west-2:162590743500:scalingPolicy:7b0aa543-7302-4f9f-8bcc-a5e10a81c27b:autoScalingGroupName/worker-autoscaling-group:policyName/scale-in-workers"
            ],
            "alarm_description": "This metric monitors workers cpu utilization",
            "alarm_name": "low-cpu-workers-alarm",
            "arn": "arn:aws:cloudwatch:us-west-2:162590743500:alarm:low-cpu-workers-alarm",
            "comparison_operator": "LessThanOrEqualToThreshold",
            "datapoints_to_alarm": 0,
            "dimensions": {
              "AutoScalingGroupName": "worker-autoscaling-group"
            },
            "evaluate_low_sample_count_percentiles": "",
            "evaluation_periods": 2,
            "extended_statistic": "",
            "id": "low-cpu-workers-alarm",
            "insufficient_data_actions": null,
            "metric_name": "CPUUtilization",
            "metric_query": [],
            "namespace": "AWS/EC2",
            "ok_actions": null,
            "period": 120,
            "region": "us-west-2",
            "statistic": "Average",
            "tags": null,
            "tags_all": {},
            "threshold": 20,
            "threshold_metric_id": "",
            "treat_missing_data": "missing",
            "unit": ""
          },
          "sensitive_attributes": [],
          "identity_schema_version": 0,
          "identity": {
            "account_id": "162590743500",
            "alarm_name": "low-cpu-workers-alarm",
            "region": "us-west-2"
          },
          "private": "eyJzY2hlbWFfdmVyc2lvbiI6IjEifQ==",
          "dependencies": [
            "aws_autoscaling_group.worker",
            "aws_autoscaling_policy.scale-in",
            "aws_instance.jenkins",
            "aws_launch_template.worker",
            "aws_security_group.bastion",
            "aws_security_group.jenkins",
            "aws_security_group.proxy",
            "aws_security_group.worker",
            "aws_subnet.private_subnet",
            "aws_vpc.custom",
            "data.aws_ami.jenkins",
            "data.aws_ami.worker",
            "data.http.my_ip",
            "data.template_file.user_data_worker"
          ]
        }
      ]
    },
    {
      "mode": "managed",
      "type": "aws_eip",
      "name": "nat_gateway_eip",
      "provider": "provider[\"registry.terraform.io/hashicorp/aws\"]",
      "instances": [
        {
          "schema_version": 0,
          "attributes": {
            "address": null,
            "allocation_id": "eipalloc-068823e2b82efbaa1",
            "arn": "arn:aws:ec2:us-west-2:162590743500:elastic-ip/eipalloc-068823e2b82efbaa1",
            "associate_with_private_ip": null,
            "association_id": "",
            "carrier_ip": "",
            "customer_owned_ip": "",
            "customer_owned_ipv4_pool": "",
            "domain": "vpc",
            "id": "eipalloc-068823e2b82efbaa1",
            "instance": "",
            "ipam_pool_id": null,
            "network_border_group": "us-west-2",
            "network_interface": "",
            "private_dns": null,
            "private_ip": "",
            "ptr_record": "",
            "public_dns": "ec2-35-164-47-50.us-west-2.compute.amazonaws.com",
            "public_ip": "35.164.47.50",
            "public_ipv4_pool": "amazon",
            "region": "us-west-2",
            "tags": {
              "Author": "Marcus Hogh",
              "Name": "nat-gateway-eip-jenkins"
            },
            "tags_all": {
              "Author": "Marcus Hogh",
              "Name": "nat-gateway-eip-jenkins"
            },
            "timeouts": null
          },
          "sensitive_attributes": [],
          "identity_schema_version": 0,
          "private": "eyJlMmJmYjczMC1lY2FhLTExZTYtOGY4OC0zNDM2M2JjN2M0YzAiOnsiZGVsZXRlIjoxODAwMDAwMDAwMDAsInJlYWQiOjkwMDAwMDAwMDAwMCwidXBkYXRlIjozMDAwMDAwMDAwMDB9fQ=="
        }
      ]
    },
    {
      "mode": "managed",
      "type": "aws_instance",
      "name": "bastion",
      "provider": "provider[\"registry.terraform.io/hashicorp/aws\"]",
      "instances": [
        {
          "schema_version": 2,
          "attributes": {
            "ami": "ami-0c6f1899df4240296",
            "arn": "arn:aws:ec2:us-west-2:162590743500:instance/i-0d71c253c0afa6659",
            "associate_public_ip_address": true,
            "availability_zone": "us-west-2a",
            "capacity_reservation_specification": [
              {
                "capacity_reservation_preference": "open",
                "capacity_reservation_target": []
              }
            ],
            "cpu_options": [
              {
                "amd_sev_snp": "",
                "core_count": 1,
                "threads_per_core": 2
              }
            ],
            "credit_specification": [
              {
                "cpu_credits": "unlimited"
              }
            ],
            "disable_api_stop": false,
            "disable_api_termination": false,
            "ebs_block_device": [],
            "ebs_optimized": false,
            "enable_primary_ipv6": null,
            "enclave_options": [
              {
                "enabled": false
              }
            ],
            "ephemeral_block_device": [],
            "force_destroy": false,
            "get_password_data": false,
            "hibernation": false,
            "host_id": "",
            "host_resource_group_arn": null,
            "iam_instance_profile": "",
            "id": "i-0d71c253c0afa6659",
            "instance_initiated_shutdown_behavior": "stop",
            "instance_lifecycle": "",
            "instance_market_options": [],
            "instance_state": "running",
            "instance_type": "t3.nano",
            "ipv6_address_count": 0,
            "ipv6_addresses": [],
            "key_name": "vockey",
            "launch_template": [],
            "maintenance_options": [
              {
                "auto_recovery": "default"
              }
            ],
            "metadata_options": [
              {
                "http_endpoint": "enabled",
                "http_protocol_ipv6": "disabled",
                "http_put_response_hop_limit": 2,
                "http_tokens": "required",
                "instance_metadata_tags": "disabled"
              }
            ],
            "monitoring": false,
            "network_interface": [],
            "outpost_arn": "",
            "password_data": "",
            "placement_group": "",
            "placement_group_id": "",
            "placement_partition_number": 0,
            "primary_network_interface": [
              {
                "delete_on_termination": true,
                "network_interface_id": "eni-0ebc257d17b26f1b5"
              }
            ],
            "primary_network_interface_id": "eni-0ebc257d17b26f1b5",
            "private_dns": "ip-10-0-0-144.us-west-2.compute.internal",
            "private_dns_name_options": [
              {
                "enable_resource_name_dns_a_record": false,
                "enable_resource_name_dns_aaaa_record": false,
                "hostname_type": "ip-name"
              }
            ],
            "private_ip": "10.0.0.144",
            "public_dns": "ec2-35-91-156-52.us-west-2.compute.amazonaws.com",
            "public_ip": "35.91.156.52",
            "region": "us-west-2",
            "root_block_device": [
              {
                "delete_on_termination": true,
                "device_name": "/dev/xvda",
                "encrypted": true,
                "iops": 3000,
                "kms_key_id": "arn:aws:kms:us-west-2:162590743500:key/6d3659fa-55bf-47cb-832d-9b3cba497437",
                "tags": null,
                "tags_all": {},
                "throughput": 125,
                "volume_id": "vol-020f16dce6e1c6714",
                "volume_size": 8,
                "volume_type": "gp3"
              }
            ],
            "secondary_private_ips": [],
            "security_groups": [],
            "source_dest_check": true,
            "spot_instance_request_id": "",
            "subnet_id": "subnet-0356e702e0fcdf4a8",
            "tags": {
              "Author": "Marcus Hogh",
              "Name": "bastion-jenkins"
            },
            "tags_all": {
              "Author": "Marcus Hogh",
              "Name": "bastion-jenkins"
            },
            "tenancy": "default",
            "timeouts": null,
            "user_data": null,
            "user_data_base64": null,
            "user_data_replace_on_change": false,
            "volume_tags": null,
            "vpc_security_group_ids": [
              "sg-0c325c9db834ed1e8"
            ]
          },
          "sensitive_attributes": [],
          "identity_schema_version": 0,
          "identity": {
            "account_id": "162590743500",
            "id": "i-0d71c253c0afa6659",
            "region": "us-west-2"
          },
          "private": "eyJlMmJmYjczMC1lY2FhLTExZTYtOGY4OC0zNDM2M2JjN2M0YzAiOnsiY3JlYXRlIjo2MDAwMDAwMDAwMDAsImRlbGV0ZSI6MTIwMDAwMDAwMDAwMCwicmVhZCI6OTAwMDAwMDAwMDAwLCJ1cGRhdGUiOjYwMDAwMDAwMDAwMH0sInNjaGVtYV92ZXJzaW9uIjoiMiJ9",
          "dependencies": [
            "aws_security_group.bastion",
            "aws_subnet.public_subnet",
            "aws_vpc.custom",
            "data.aws_ami.bastion",
            "data.http.my_ip"
          ]
        }
      ]
    },
    {
      "mode": "managed",
      "type": "aws_instance",
      "name": "jenkins",
      "provider": "provider[\"registry.terraform.io/hashicorp/aws\"]",
      "instances": [
        {
          "schema_version": 2,
          "attributes": {
            "ami": "ami-0c6f1899df4240296",
            "arn": "arn:aws:ec2:us-west-2:162590743500:instance/i-0468a43b7a590b064",
            "associate_public_ip_address": false,
            "availability_zone": "us-west-2a",
            "capacity_reservation_specification": [
              {
                "capacity_reservation_preference": "open",
                "capacity_reservation_target": []
              }
            ],
            "cpu_options": [
              {
                "amd_sev_snp": "",
                "core_count": 1,
                "threads_per_core": 2
              }
            ],
            "credit_specification": [
              {
                "cpu_credits": "unlimited"
              }
            ],
            "disable_api_stop": false,
            "disable_api_termination": false,
            "ebs_block_device": [],
            "ebs_optimized": false,
            "enable_primary_ipv6": null,
            "enclave_options": [
              {
                "enabled": false
              }
            ],
            "ephemeral_block_device": [],
            "force_destroy": false,
            "get_password_data": false,
            "hibernation": false,
            "host_id": "",
            "host_resource_group_arn": null,
            "iam_instance_profile": "",
            "id": "i-0468a43b7a590b064",
            "instance_initiated_shutdown_behavior": "stop",
            "instance_lifecycle": "",
            "instance_market_options": [],
            "instance_state": "running",
            "instance_type": "t3.micro",
            "ipv6_address_count": 0,
            "ipv6_addresses": [],
            "key_name": "vockey",
            "launch_template": [],
            "maintenance_options": [
              {
                "auto_recovery": "default"
              }
            ],
            "metadata_options": [
              {
                "http_endpoint": "enabled",
                "http_protocol_ipv6": "disabled",
                "http_put_response_hop_limit": 2,
                "http_tokens": "optional",
                "instance_metadata_tags": "disabled"
              }
            ],
            "monitoring": false,
            "network_interface": [],
            "outpost_arn": "",
            "password_data": "",
            "placement_group": "",
            "placement_group_id": "",
            "placement_partition_number": 0,
            "primary_network_interface": [
              {
                "delete_on_termination": true,
                "network_interface_id": "eni-02aead681fe4758ea"
              }
            ],
            "primary_network_interface_id": "eni-02aead681fe4758ea",
            "private_dns": "ip-10-0-1-137.us-west-2.compute.internal",
            "private_dns_name_options": [
              {
                "enable_resource_name_dns_a_record": false,
                "enable_resource_name_dns_aaaa_record": false,
                "hostname_type": "ip-name"
              }
            ],
            "private_ip": "10.0.1.137",
            "public_dns": "",
            "public_ip": "",
            "region": "us-west-2",
            "root_block_device": [
              {
                "delete_on_termination": true,
                "device_name": "/dev/xvda",
                "encrypted": true,
                "iops": 3000,
                "kms_key_id": "arn:aws:kms:us-west-2:162590743500:key/6d3659fa-55bf-47cb-832d-9b3cba497437",
                "tags": null,
                "tags_all": {},
                "throughput": 125,
                "volume_id": "vol-0b367b2e2e0661238",
                "volume_size": 8,
                "volume_type": "gp3"
              }
            ],
            "secondary_private_ips": [],
            "security_groups": [],
            "source_dest_check": true,
            "spot_instance_request_id": "",
            "subnet_id": "subnet-028a7cebcfc9b4632",
            "tags": {
              "Author": "Marcus Hogh",
              "Name": "server-jenkins"
            },
            "tags_all": {
              "Author": "Marcus Hogh",
              "Name": "server-jenkins"
            },
            "tenancy": "default",
            "timeouts": null,
            "user_data": null,
            "user_data_base64": "IyEvdXNyL2Jpbi9lbnYgYmFzaAoKZG5mIHVwZ3JhZGUKZG5mIGluc3RhbGwgLXkgaHR0cGQKCnNlZCAtaSAncy9eTGlzdGVuIDgwJC9MaXN0ZW4gODA4MC8nIC9ldGMvaHR0cGQvY29uZi9odHRwZC5jb25mCgpjYXQgPDxFT0YgPiAvZXRjL2h0dHBkL2NvbmYuZC9sb2dpbi5jb25mCjxJZk1vZHVsZSBtb2RfcmV3cml0ZS5jPgogICAgUmV3cml0ZUVuZ2luZSBPbgogICAgUmV3cml0ZVJ1bGUgXmxvZ2luJCAvbG9naW4vIFtMXQo8L0lmTW9kdWxlPgoKQWxpYXMgL2xvZ2luIC92YXIvd3d3L2h0bWwvbG9naW4KPERpcmVjdG9yeSAiL3Zhci93d3cvaHRtbC9sb2dpbiI+CiAgICBPcHRpb25zIEluZGV4ZXMgRm9sbG93U3ltTGlua3MKICAgIEFsbG93T3ZlcnJpZGUgTm9uZQogICAgUmVxdWlyZSBhbGwgZ3JhbnRlZAogICAgRGlyZWN0b3J5SW5kZXggaW5kZXguaHRtbAo8L0RpcmVjdG9yeT4KRU9GCgpta2RpciAtcCAvdmFyL3d3dy9odG1sL2xvZ2luCmVjaG8gIjxoMT5Mb2dpbiBQYWdlPC9oMT48cD5Zb3UgaGF2ZSByZWFjaGVkIHRoZSAvbG9naW4gZW5kcG9pbnQ8L3A+IiA+IC92YXIvd3d3L2h0bWwvbG9naW4vaW5kZXguaHRtbAoKc3lzdGVtY3RsIGVuYWJsZSAtLW5vdyBodHRwZAo=",
            "user_data_replace_on_change": false,
            "volume_tags": null,
            "vpc_security_group_ids": [
              "sg-0784eb4b5f2034b86"
            ]
          },
          "sensitive_attributes": [],
          "identity_schema_version": 0,
          "identity": {
            "account_id": "162590743500",
            "id": "i-0468a43b7a590b064",
            "region": "us-west-2"
          },
          "private": "eyJlMmJmYjczMC1lY2FhLTExZTYtOGY4OC0zNDM2M2JjN2M0YzAiOnsiY3JlYXRlIjo2MDAwMDAwMDAwMDAsImRlbGV0ZSI6MTIwMDAwMDAwMDAwMCwicmVhZCI6OTAwMDAwMDAwMDAwLCJ1cGRhdGUiOjYwMDAwMDAwMDAwMH0sInNjaGVtYV92ZXJzaW9uIjoiMiJ9",
          "dependencies": [
            "aws_security_group.bastion",
            "aws_security_group.jenkins",
            "aws_security_group.proxy",
            "aws_subnet.private_subnet",
            "aws_vpc.custom",
            "data.aws_ami.jenkins",
            "data.http.my_ip"
          ]
        }
      ]
    },
    {
      "mode": "managed",
      "type": "aws_instance",
      "name": "proxy",
      "provider": "provider[\"registry.terraform.io/hashicorp/aws\"]",
      "instances": [
        {
          "schema_version": 2,
          "attributes": {
            "ami": "ami-0c6f1899df4240296",
            "arn": "arn:aws:ec2:us-west-2:162590743500:instance/i-09af4004ee0833b02",
            "associate_public_ip_address": true,
            "availability_zone": "us-west-2b",
            "capacity_reservation_specification": [
              {
                "capacity_reservation_preference": "open",
                "capacity_reservation_target": []
              }
            ],
            "cpu_options": [
              {
                "amd_sev_snp": "",
                "core_count": 1,
                "threads_per_core": 2
              }
            ],
            "credit_specification": [
              {
                "cpu_credits": "unlimited"
              }
            ],
            "disable_api_stop": false,
            "disable_api_termination": false,
            "ebs_block_device": [],
            "ebs_optimized": false,
            "enable_primary_ipv6": null,
            "enclave_options": [
              {
                "enabled": false
              }
            ],
            "ephemeral_block_device": [],
            "force_destroy": false,
            "get_password_data": false,
            "hibernation": false,
            "host_id": "",
            "host_resource_group_arn": null,
            "iam_instance_profile": "",
            "id": "i-09af4004ee0833b02",
            "instance_initiated_shutdown_behavior": "stop",
            "instance_lifecycle": "",
            "instance_market_options": [],
            "instance_state": "running",
            "instance_type": "t3.nano",
            "ipv6_address_count": 0,
            "ipv6_addresses": [],
            "key_name": "vockey",
            "launch_template": [],
            "maintenance_options": [
              {
                "auto_recovery": "default"
              }
            ],
            "metadata_options": [
              {
                "http_endpoint": "enabled",
                "http_protocol_ipv6": "disabled",
                "http_put_response_hop_limit": 2,
                "http_tokens": "required",
                "instance_metadata_tags": "disabled"
              }
            ],
            "monitoring": false,
            "network_interface": [],
            "outpost_arn": "",
            "password_data": "",
            "placement_group": "",
            "placement_group_id": "",
            "placement_partition_number": 0,
            "primary_network_interface": [
              {
                "delete_on_termination": true,
                "network_interface_id": "eni-0e84f5f1e934d7cf7"
              }
            ],
            "primary_network_interface_id": "eni-0e84f5f1e934d7cf7",
            "private_dns": "ip-10-0-2-213.us-west-2.compute.internal",
            "private_dns_name_options": [
              {
                "enable_resource_name_dns_a_record": false,
                "enable_resource_name_dns_aaaa_record": false,
                "hostname_type": "ip-name"
              }
            ],
            "private_ip": "10.0.2.213",
            "public_dns": "ec2-44-243-13-243.us-west-2.compute.amazonaws.com",
            "public_ip": "44.243.13.243",
            "region": "us-west-2",
            "root_block_device": [
              {
                "delete_on_termination": true,
                "device_name": "/dev/xvda",
                "encrypted": true,
                "iops": 3000,
                "kms_key_id": "arn:aws:kms:us-west-2:162590743500:key/6d3659fa-55bf-47cb-832d-9b3cba497437",
                "tags": null,
                "tags_all": {},
                "throughput": 125,
                "volume_id": "vol-0d616bca9f31b6f9e",
                "volume_size": 8,
                "volume_type": "gp3"
              }
            ],
            "secondary_private_ips": [],
            "security_groups": [],
            "source_dest_check": true,
            "spot_instance_request_id": "",
            "subnet_id": "subnet-0d38a80563505a570",
            "tags": {
              "Author": "Marcus Hogh",
              "Name": "proxy-jenkins"
            },
            "tags_all": {
              "Author": "Marcus Hogh",
              "Name": "proxy-jenkins"
            },
            "tenancy": "default",
            "timeouts": null,
            "user_data": "#!/usr/bin/env bash\nset -e\n\nJENKINS_URL=\"http://10.0.1.137:8080\"\n\ndnf upgrade\ndnf -y install nginx\n\nrm -f /etc/nginx/conf.d/default.conf\n\ncat \u003c\u003cEOF \u003e /etc/nginx/conf.d/reverse-proxy.conf\nserver {\n    listen 80;\n\n    location / {\n        proxy_pass $JENKINS_URL;\n        proxy_set_header Host \\$host;\n        proxy_set_header X-Real-IP \\$remote_addr;\n        proxy_set_header X-Forwarded-For \\$proxy_add_x_forwarded_for;\n        proxy_set_header X-Forwarded-Proto \\$scheme;\n    }\n}\nEOF\n\nsudo systemctl enable --now nginx\n\n",
            "user_data_base64": null,
            "user_data_replace_on_change": false,
            "volume_tags": null,
            "vpc_security_group_ids": [
              "sg-06b6265d37b8db95a"
            ]
          },
          "sensitive_attributes": [],
          "identity_schema_version": 0,
          "identity": {
            "account_id": "162590743500",
            "id": "i-09af4004ee0833b02",
            "region": "us-west-2"
          },
          "private": "eyJlMmJmYjczMC1lY2FhLTExZTYtOGY4OC0zNDM2M2JjN2M0YzAiOnsiY3JlYXRlIjo2MDAwMDAwMDAwMDAsImRlbGV0ZSI6MTIwMDAwMDAwMDAwMCwicmVhZCI6OTAwMDAwMDAwMDAwLCJ1cGRhdGUiOjYwMDAwMDAwMDAwMH0sInNjaGVtYV92ZXJzaW9uIjoiMiJ9",
          "dependencies": [
            "aws_instance.jenkins",
            "aws_security_group.bastion",
            "aws_security_group.jenkins",
            "aws_security_group.proxy",
            "aws_subnet.private_subnet",
            "aws_subnet.public_subnet",
            "aws_vpc.custom",
            "data.aws_ami.jenkins",
            "data.aws_ami.proxy",
            "data.http.my_ip",
            "data.template_file.user_data_proxy"
          ]
        }
      ]
    },
    {
      "mode": "managed",
      "type": "aws_internet_gateway",
      "name": "igw",
      "provider": "provider[\"registry.terraform.io/hashicorp/aws\"]",
      "instances": [
        {
          "schema_version": 0,
          "attributes": {
            "arn": "arn:aws:ec2:us-west-2:162590743500:internet-gateway/igw-0ffb603f9b5e77e9b",
            "id": "igw-0ffb603f9b5e77e9b",
            "owner_id": "162590743500",
            "region": "us-west-2",
            "tags": {
              "Author": "Marcus Hogh",
              "Name": "igw-jenkins"
            },
            "tags_all": {
              "Author": "Marcus Hogh",
              "Name": "igw-jenkins"
            },
            "timeouts": null,
            "vpc_id": "vpc-09a429896d5f6c8af"
          },
          "sensitive_attributes": [],
          "identity_schema_version": 0,
          "private": "eyJlMmJmYjczMC1lY2FhLTExZTYtOGY4OC0zNDM2M2JjN2M0YzAiOnsiY3JlYXRlIjoxMjAwMDAwMDAwMDAwLCJkZWxldGUiOjEyMDAwMDAwMDAwMDAsInVwZGF0ZSI6MTIwMDAwMDAwMDAwMH19",
          "dependencies": [
            "aws_vpc.custom"
          ]
        }
      ]
    },
    {
      "mode": "managed",
      "type": "aws_launch_template",
      "name": "worker",
      "provider": "provider[\"registry.terraform.io/hashicorp/aws\"]",
      "instances": [
        {
          "schema_version": 0,
          "attributes": {
            "arn": "arn:aws:ec2:us-west-2:162590743500:launch-template/lt-027438e910e7bb5f9",
            "block_device_mappings": [
              {
                "device_name": "/dev/xvda",
                "ebs": [
                  {
                    "delete_on_termination": "true",
                    "encrypted": "true",
                    "iops": 3000,
                    "kms_key_id": "",
                    "snapshot_id": "",
                    "throughput": 125,
                    "volume_initialization_rate": 0,
                    "volume_size": 8,
                    "volume_type": "gp3"
                  }
                ],
                "no_device": "",
                "virtual_name": ""
              }
            ],
            "capacity_reservation_specification": [],
            "cpu_options": [],
            "credit_specification": [],
            "default_version": 1,
            "description": "",
            "disable_api_stop": false,
            "disable_api_termination": false,
            "ebs_optimized": "",
            "enclave_options": [],
            "hibernation_options": [],
            "iam_instance_profile": [],
            "id": "lt-027438e910e7bb5f9",
            "image_id": "ami-0c6f1899df4240296",
            "instance_initiated_shutdown_behavior": "",
            "instance_market_options": [],
            "instance_requirements": [],
            "instance_type": "t3.micro",
            "kernel_id": "",
            "key_name": "vockey",
            "latest_version": 1,
            "license_specification": [],
            "maintenance_options": [],
            "metadata_options": [
              {
                "http_endpoint": "enabled",
                "http_protocol_ipv6": "",
                "http_put_response_hop_limit": 0,
                "http_tokens": "optional",
                "instance_metadata_tags": ""
              }
            ],
            "monitoring": [],
            "name": "worker-launch-template",
            "name_prefix": "",
            "network_interfaces": [
              {
                "associate_carrier_ip_address": "",
                "associate_public_ip_address": "false",
                "connection_tracking_specification": [],
                "delete_on_termination": "",
                "description": "",
                "device_index": 0,
                "ena_srd_specification": [],
                "interface_type": "",
                "ipv4_address_count": 0,
                "ipv4_addresses": null,
                "ipv4_prefix_count": 0,
                "ipv4_prefixes": null,
                "ipv6_address_count": 0,
                "ipv6_addresses": null,
                "ipv6_prefix_count": 0,
                "ipv6_prefixes": null,
                "network_card_index": 0,
                "network_interface_id": "",
                "primary_ipv6": "",
                "private_ip_address": "",
                "security_groups": [
                  "sg-075f78a40013ae944"
                ],
                "subnet_id": ""
              }
            ],
            "placement": [],
            "private_dns_name_options": [],
            "ram_disk_id": "",
            "region": "us-west-2",
            "security_group_names": null,
            "tag_specifications": [
              {
                "resource_type": "instance",
                "tags": {
                  "Name": "worker-jenkins"
                }
              }
            ],
            "tags": null,
            "tags_all": {},
            "update_default_version": null,
            "user_data": "IyEvdXNyL2Jpbi9lbnYgYmFzaAoKZXhwb3J0IEpFTktJTlNfVVJMPSJodHRwOi8vMTAuMC4xLjEzNzo4MDgwIgo=",
            "vpc_security_group_ids": null
          },
          "sensitive_attributes": [],
          "identity_schema_version": 0,
          "private": "bnVsbA==",
          "dependencies": [
            "aws_instance.jenkins",
            "aws_security_group.bastion",
            "aws_security_group.jenkins",
            "aws_security_group.proxy",
            "aws_security_group.worker",
            "aws_subnet.private_subnet",
            "aws_vpc.custom",
            "data.aws_ami.jenkins",
            "data.aws_ami.worker",
            "data.http.my_ip",
            "data.template_file.user_data_worker"
          ]
        }
      ]
    },
    {
      "mode": "managed",
      "type": "aws_nat_gateway",
      "name": "nat_gateway",
      "provider": "provider[\"registry.terraform.io/hashicorp/aws\"]",
      "instances": [
        {
          "schema_version": 0,
          "attributes": {
            "allocation_id": "eipalloc-068823e2b82efbaa1",
            "association_id": "eipassoc-0a82167ee3b05afed",
            "connectivity_type": "public",
            "id": "nat-09bfff4db04f9fa4c",
            "network_interface_id": "eni-0062987850c6bddd2",
            "private_ip": "10.0.0.196",
            "public_ip": "35.164.47.50",
            "region": "us-west-2",
            "secondary_allocation_ids": [],
            "secondary_private_ip_address_count": 0,
            "secondary_private_ip_addresses": [],
            "subnet_id": "subnet-0356e702e0fcdf4a8",
            "tags": {
              "Author": "Marcus Hogh",
              "Name": "nat-gateway-jenkins"
            },
            "tags_all": {
              "Author": "Marcus Hogh",
              "Name": "nat-gateway-jenkins"
            },
            "timeouts": null
          },
          "sensitive_attributes": [],
          "identity_schema_version": 0,
          "private": "eyJlMmJmYjczMC1lY2FhLTExZTYtOGY4OC0zNDM2M2JjN2M0YzAiOnsiY3JlYXRlIjo2MDAwMDAwMDAwMDAsImRlbGV0ZSI6MTgwMDAwMDAwMDAwMCwidXBkYXRlIjo2MDAwMDAwMDAwMDB9fQ==",
          "dependencies": [
            "aws_eip.nat_gateway_eip",
            "aws_internet_gateway.igw",
            "aws_subnet.public_subnet",
            "aws_vpc.custom"
          ]
        }
      ]
    },
    {
      "mode": "managed",
      "type": "aws_route_table",
      "name": "private_route_table",
      "provider": "provider[\"registry.terraform.io/hashicorp/aws\"]",
      "instances": [
        {
          "schema_version": 0,
          "attributes": {
            "arn": "arn:aws:ec2:us-west-2:162590743500:route-table/rtb-0e5458ac893fcbb13",
            "id": "rtb-0e5458ac893fcbb13",
            "owner_id": "162590743500",
            "propagating_vgws": [],
            "region": "us-west-2",
            "route": [
              {
                "carrier_gateway_id": "",
                "cidr_block": "0.0.0.0/0",
                "core_network_arn": "",
                "destination_prefix_list_id": "",
                "egress_only_gateway_id": "",
                "gateway_id": "nat-09bfff4db04f9fa4c",
                "ipv6_cidr_block": "",
                "local_gateway_id": "",
                "nat_gateway_id": "",
                "network_interface_id": "",
                "transit_gateway_id": "",
                "vpc_endpoint_id": "",
                "vpc_peering_connection_id": ""
              }
            ],
            "tags": {
              "Author": "Marcus Hogh",
              "Name": "private-route-table-jenkins"
            },
            "tags_all": {
              "Author": "Marcus Hogh",
              "Name": "private-route-table-jenkins"
            },
            "timeouts": null,
            "vpc_id": "vpc-09a429896d5f6c8af"
          },
          "sensitive_attributes": [],
          "identity_schema_version": 0,
          "identity": {
            "account_id": "162590743500",
            "id": "rtb-0e5458ac893fcbb13",
            "region": "us-west-2"
          },
          "private": "eyJlMmJmYjczMC1lY2FhLTExZTYtOGY4OC0zNDM2M2JjN2M0YzAiOnsiY3JlYXRlIjozMDAwMDAwMDAwMDAsImRlbGV0ZSI6MzAwMDAwMDAwMDAwLCJ1cGRhdGUiOjEyMDAwMDAwMDAwMH19",
          "dependencies": [
            "aws_eip.nat_gateway_eip",
            "aws_internet_gateway.igw",
            "aws_nat_gateway.nat_gateway",
            "aws_subnet.public_subnet",
            "aws_vpc.custom"
          ]
        }
      ]
    },
    {
      "mode": "managed",
      "type": "aws_route_table",
      "name": "public_route_table",
      "provider": "provider[\"registry.terraform.io/hashicorp/aws\"]",
      "instances": [
        {
          "schema_version": 0,
          "attributes": {
            "arn": "arn:aws:ec2:us-west-2:162590743500:route-table/rtb-049ea66cd74a6e6d4",
            "id": "rtb-049ea66cd74a6e6d4",
            "owner_id": "162590743500",
            "propagating_vgws": [],
            "region": "us-west-2",
            "route": [
              {
                "carrier_gateway_id": "",
                "cidr_block": "0.0.0.0/0",
                "core_network_arn": "",
                "destination_prefix_list_id": "",
                "egress_only_gateway_id": "",
                "gateway_id": "igw-0ffb603f9b5e77e9b",
                "ipv6_cidr_block": "",
                "local_gateway_id": "",
                "nat_gateway_id": "",
                "network_interface_id": "",
                "transit_gateway_id": "",
                "vpc_endpoint_id": "",
                "vpc_peering_connection_id": ""
              }
            ],
            "tags": {
              "Author": "Marcus Hogh",
              "Name": "public-route-table-jenkins"
            },
            "tags_all": {
              "Author": "Marcus Hogh",
              "Name": "public-route-table-jenkins"
            },
            "timeouts": null,
            "vpc_id": "vpc-09a429896d5f6c8af"
          },
          "sensitive_attributes": [],
          "identity_schema_version": 0,
          "identity": {
            "account_id": "162590743500",
            "id": "rtb-049ea66cd74a6e6d4",
            "region": "us-west-2"
          },
          "private": "eyJlMmJmYjczMC1lY2FhLTExZTYtOGY4OC0zNDM2M2JjN2M0YzAiOnsiY3JlYXRlIjozMDAwMDAwMDAwMDAsImRlbGV0ZSI6MzAwMDAwMDAwMDAwLCJ1cGRhdGUiOjEyMDAwMDAwMDAwMH19",
          "dependencies": [
            "aws_internet_gateway.igw",
            "aws_vpc.custom"
          ]
        }
      ]
    },
    {
      "mode": "managed",
      "type": "aws_route_table_association",
      "name": "private_subnets",
      "provider": "provider[\"registry.terraform.io/hashicorp/aws\"]",
      "instances": [
        {
          "index_key": "us-west-2a",
          "schema_version": 0,
          "attributes": {
            "gateway_id": "",
            "id": "rtbassoc-065b6dd2c60339e82",
            "region": "us-west-2",
            "route_table_id": "rtb-0e5458ac893fcbb13",
            "subnet_id": "subnet-028a7cebcfc9b4632",
            "timeouts": null
          },
          "sensitive_attributes": [],
          "identity_schema_version": 0,
          "private": "eyJlMmJmYjczMC1lY2FhLTExZTYtOGY4OC0zNDM2M2JjN2M0YzAiOnsiY3JlYXRlIjozMDAwMDAwMDAwMDAsImRlbGV0ZSI6MzAwMDAwMDAwMDAwLCJ1cGRhdGUiOjEyMDAwMDAwMDAwMH19",
          "dependencies": [
            "aws_eip.nat_gateway_eip",
            "aws_internet_gateway.igw",
            "aws_nat_gateway.nat_gateway",
            "aws_route_table.private_route_table",
            "aws_subnet.private_subnet",
            "aws_subnet.public_subnet",
            "aws_vpc.custom"
          ]
        },
        {
          "index_key": "us-west-2b",
          "schema_version": 0,
          "attributes": {
            "gateway_id": "",
            "id": "rtbassoc-0226e012ec5d4298b",
            "region": "us-west-2",
            "route_table_id": "rtb-0e5458ac893fcbb13",
            "subnet_id": "subnet-0631412f6e9f86245",
            "timeouts": null
          },
          "sensitive_attributes": [],
          "identity_schema_version": 0,
          "private": "eyJlMmJmYjczMC1lY2FhLTExZTYtOGY4OC0zNDM2M2JjN2M0YzAiOnsiY3JlYXRlIjozMDAwMDAwMDAwMDAsImRlbGV0ZSI6MzAwMDAwMDAwMDAwLCJ1cGRhdGUiOjEyMDAwMDAwMDAwMH19",
          "dependencies": [
            "aws_eip.nat_gateway_eip",
            "aws_internet_gateway.igw",
            "aws_nat_gateway.nat_gateway",
            "aws_route_table.private_route_table",
            "aws_subnet.private_subnet",
            "aws_subnet.public_subnet",
            "aws_vpc.custom"
          ]
        }
      ]
    },
    {
      "mode": "managed",
      "type": "aws_route_table_association",
      "name": "public_subnets",
      "provider": "provider[\"registry.terraform.io/hashicorp/aws\"]",
      "instances": [
        {
          "index_key": "us-west-2a",
          "schema_version": 0,
          "attributes": {
            "gateway_id": "",
            "id": "rtbassoc-03a4505a3d32e0362",
            "region": "us-west-2",
            "route_table_id": "rtb-049ea66cd74a6e6d4",
            "subnet_id": "subnet-0356e702e0fcdf4a8",
            "timeouts": null
          },
          "sensitive_attributes": [],
          "identity_schema_version": 0,
          "private": "eyJlMmJmYjczMC1lY2FhLTExZTYtOGY4OC0zNDM2M2JjN2M0YzAiOnsiY3JlYXRlIjozMDAwMDAwMDAwMDAsImRlbGV0ZSI6MzAwMDAwMDAwMDAwLCJ1cGRhdGUiOjEyMDAwMDAwMDAwMH19",
          "dependencies": [
            "aws_internet_gateway.igw",
            "aws_route_table.public_route_table",
            "aws_subnet.public_subnet",
            "aws_vpc.custom"
          ]
        },
        {
          "index_key": "us-west-2b",
          "schema_version": 0,
          "attributes": {
            "gateway_id": "",
            "id": "rtbassoc-0b02d41a721fb3583",
            "region": "us-west-2",
            "route_table_id": "rtb-049ea66cd74a6e6d4",
            "subnet_id": "subnet-0d38a80563505a570",
            "timeouts": null
          },
          "sensitive_attributes": [],
          "identity_schema_version": 0,
          "private": "eyJlMmJmYjczMC1lY2FhLTExZTYtOGY4OC0zNDM2M2JjN2M0YzAiOnsiY3JlYXRlIjozMDAwMDAwMDAwMDAsImRlbGV0ZSI6MzAwMDAwMDAwMDAwLCJ1cGRhdGUiOjEyMDAwMDAwMDAwMH19",
          "dependencies": [
            "aws_internet_gateway.igw",
            "aws_route_table.public_route_table",
            "aws_subnet.public_subnet",
            "aws_vpc.custom"
          ]
        }
      ]
    },
    {
      "mode": "managed",
      "type": "aws_security_group",
      "name": "bastion",
      "provider": "provider[\"registry.terraform.io/hashicorp/aws\"]",
      "instances": [
        {
          "schema_version": 1,
          "attributes": {
            "arn": "arn:aws:ec2:us-west-2:162590743500:security-group/sg-0c325c9db834ed1e8",
            "description": "Allow tcp/22 from my IP",
            "egress": [
              {
                "cidr_blocks": [
                  "0.0.0.0/0"
                ],
                "description": "",
                "from_port": 0,
                "ipv6_cidr_blocks": [],
                "prefix_list_ids": [],
                "protocol": "-1",
                "security_groups": [],
                "self": false,
                "to_port": 0
              }
            ],
            "id": "sg-0c325c9db834ed1e8",
            "ingress": [
              {
                "cidr_blocks": [
                  "84.142.220.65/32"
                ],
                "description": "",
                "from_port": 22,
                "ipv6_cidr_blocks": [],
                "prefix_list_ids": [],
                "protocol": "tcp",
                "security_groups": [],
                "self": false,
                "to_port": 22
              }
            ],
            "name": "bastion-security-group-jenkins",
            "name_prefix": "",
            "owner_id": "162590743500",
            "region": "us-west-2",
            "revoke_rules_on_delete": false,
            "tags": {
              "Author": "Marcus Hogh",
              "Name": "bastion-security-group-jenkins"
            },
            "tags_all": {
              "Author": "Marcus Hogh",
              "Name": "bastion-security-group-jenkins"
            },
            "timeouts": null,
            "vpc_id": "vpc-09a429896d5f6c8af"
          },
          "sensitive_attributes": [],
          "identity_schema_version": 0,
          "identity": {
            "account_id": "162590743500",
            "id": "sg-0c325c9db834ed1e8",
            "region": "us-west-2"
          },
          "private": "eyJlMmJmYjczMC1lY2FhLTExZTYtOGY4OC0zNDM2M2JjN2M0YzAiOnsiY3JlYXRlIjo2MDAwMDAwMDAwMDAsImRlbGV0ZSI6OTAwMDAwMDAwMDAwfSwic2NoZW1hX3ZlcnNpb24iOiIxIn0=",
          "dependencies": [
            "aws_vpc.custom",
            "data.http.my_ip"
          ]
        }
      ]
    },
    {
      "mode": "managed",
      "type": "aws_security_group",
      "name": "jenkins",
      "provider": "provider[\"registry.terraform.io/hashicorp/aws\"]",
      "instances": [
        {
          "schema_version": 1,
          "attributes": {
            "arn": "arn:aws:ec2:us-west-2:162590743500:security-group/sg-0784eb4b5f2034b86",
            "description": "Allow tcp/8080 from load balancer and tcp/22 from bastion",
            "egress": [
              {
                "cidr_blocks": [
                  "0.0.0.0/0"
                ],
                "description": "",
                "from_port": 0,
                "ipv6_cidr_blocks": [],
                "prefix_list_ids": [],
                "protocol": "-1",
                "security_groups": [],
                "self": false,
                "to_port": 0
              }
            ],
            "id": "sg-0784eb4b5f2034b86",
            "ingress": [
              {
                "cidr_blocks": [],
                "description": "",
                "from_port": 22,
                "ipv6_cidr_blocks": [],
                "prefix_list_ids": [],
                "protocol": "tcp",
                "security_groups": [
                  "sg-0c325c9db834ed1e8"
                ],
                "self": false,
                "to_port": 22
              },
              {
                "cidr_blocks": [],
                "description": "",
                "from_port": 8080,
                "ipv6_cidr_blocks": [],
                "prefix_list_ids": [],
                "protocol": "tcp",
                "security_groups": [
                  "sg-06b6265d37b8db95a"
                ],
                "self": false,
                "to_port": 8080
              }
            ],
            "name": "jenkins-security-group-jenkins",
            "name_prefix": "",
            "owner_id": "162590743500",
            "region": "us-west-2",
            "revoke_rules_on_delete": false,
            "tags": {
              "Author": "Marcus Hogh",
              "Name": "jenkins-security-group-jenkins"
            },
            "tags_all": {
              "Author": "Marcus Hogh",
              "Name": "jenkins-security-group-jenkins"
            },
            "timeouts": null,
            "vpc_id": "vpc-09a429896d5f6c8af"
          },
          "sensitive_attributes": [],
          "identity_schema_version": 0,
          "identity": {
            "account_id": "162590743500",
            "id": "sg-0784eb4b5f2034b86",
            "region": "us-west-2"
          },
          "private": "eyJlMmJmYjczMC1lY2FhLTExZTYtOGY4OC0zNDM2M2JjN2M0YzAiOnsiY3JlYXRlIjo2MDAwMDAwMDAwMDAsImRlbGV0ZSI6OTAwMDAwMDAwMDAwfSwic2NoZW1hX3ZlcnNpb24iOiIxIn0=",
          "dependencies": [
            "aws_security_group.bastion",
            "aws_security_group.proxy",
            "aws_vpc.custom",
            "data.http.my_ip"
          ]
        }
      ]
    },
    {
      "mode": "managed",
      "type": "aws_security_group",
      "name": "proxy",
      "provider": "provider[\"registry.terraform.io/hashicorp/aws\"]",
      "instances": [
        {
          "schema_version": 1,
          "attributes": {
            "arn": "arn:aws:ec2:us-west-2:162590743500:security-group/sg-06b6265d37b8db95a",
            "description": "Allow tcp/80 from my IP",
            "egress": [
              {
                "cidr_blocks": [
                  "0.0.0.0/0"
                ],
                "description": "",
                "from_port": 0,
                "ipv6_cidr_blocks": [],
                "prefix_list_ids": [],
                "protocol": "-1",
                "security_groups": [],
                "self": false,
                "to_port": 0
              }
            ],
            "id": "sg-06b6265d37b8db95a",
            "ingress": [
              {
                "cidr_blocks": [
                  "84.142.220.65/32"
                ],
                "description": "",
                "from_port": 80,
                "ipv6_cidr_blocks": [],
                "prefix_list_ids": [],
                "protocol": "tcp",
                "security_groups": [],
                "self": false,
                "to_port": 80
              }
            ],
            "name": "proxy-security-group-jenkins",
            "name_prefix": "",
            "owner_id": "162590743500",
            "region": "us-west-2",
            "revoke_rules_on_delete": false,
            "tags": {
              "Author": "Marcus Hogh",
              "Name": "proxy-security-group-jenkins"
            },
            "tags_all": {
              "Author": "Marcus Hogh",
              "Name": "proxy-security-group-jenkins"
            },
            "timeouts": null,
            "vpc_id": "vpc-09a429896d5f6c8af"
          },
          "sensitive_attributes": [],
          "identity_schema_version": 0,
          "identity": {
            "account_id": "162590743500",
            "id": "sg-06b6265d37b8db95a",
            "region": "us-west-2"
          },
          "private": "eyJlMmJmYjczMC1lY2FhLTExZTYtOGY4OC0zNDM2M2JjN2M0YzAiOnsiY3JlYXRlIjo2MDAwMDAwMDAwMDAsImRlbGV0ZSI6OTAwMDAwMDAwMDAwfSwic2NoZW1hX3ZlcnNpb24iOiIxIn0=",
          "dependencies": [
            "aws_vpc.custom",
            "data.http.my_ip"
          ]
        }
      ]
    },
    {
      "mode": "managed",
      "type": "aws_security_group",
      "name": "worker",
      "provider": "provider[\"registry.terraform.io/hashicorp/aws\"]",
      "instances": [
        {
          "schema_version": 1,
          "attributes": {
            "arn": "arn:aws:ec2:us-west-2:162590743500:security-group/sg-075f78a40013ae944",
            "description": "Allow tcp/22 from bastion and jenkins security groups",
            "egress": [
              {
                "cidr_blocks": [
                  "0.0.0.0/0"
                ],
                "description": "",
                "from_port": 0,
                "ipv6_cidr_blocks": [],
                "prefix_list_ids": [],
                "protocol": "-1",
                "security_groups": [],
                "self": false,
                "to_port": 0
              }
            ],
            "id": "sg-075f78a40013ae944",
            "ingress": [
              {
                "cidr_blocks": [],
                "description": "",
                "from_port": 22,
                "ipv6_cidr_blocks": [],
                "prefix_list_ids": [],
                "protocol": "tcp",
                "security_groups": [
                  "sg-0784eb4b5f2034b86",
                  "sg-0c325c9db834ed1e8"
                ],
                "self": false,
                "to_port": 22
              }
            ],
            "name": "worker-security-group-jenkins",
            "name_prefix": "",
            "owner_id": "162590743500",
            "region": "us-west-2",
            "revoke_rules_on_delete": false,
            "tags": {
              "Author": "Marcus Hogh",
              "Name": "worker-security-group-jenkins"
            },
            "tags_all": {
              "Author": "Marcus Hogh",
              "Name": "worker-security-group-jenkins"
            },
            "timeouts": null,
            "vpc_id": "vpc-09a429896d5f6c8af"
          },
          "sensitive_attributes": [],
          "identity_schema_version": 0,
          "identity": {
            "account_id": "162590743500",
            "id": "sg-075f78a40013ae944",
            "region": "us-west-2"
          },
          "private": "eyJlMmJmYjczMC1lY2FhLTExZTYtOGY4OC0zNDM2M2JjN2M0YzAiOnsiY3JlYXRlIjo2MDAwMDAwMDAwMDAsImRlbGV0ZSI6OTAwMDAwMDAwMDAwfSwic2NoZW1hX3ZlcnNpb24iOiIxIn0=",
          "dependencies": [
            "aws_security_group.bastion",
            "aws_security_group.jenkins",
            "aws_security_group.proxy",
            "aws_vpc.custom",
            "data.http.my_ip"
          ]
        }
      ]
    },
    {
      "mode": "managed",
      "type": "aws_subnet",
      "name": "private_subnet",
      "provider": "provider[\"registry.terraform.io/hashicorp/aws\"]",
      "instances": [
        {
          "index_key": "us-west-2a",
          "schema_version": 1,
          "attributes": {
            "arn": "arn:aws:ec2:us-west-2:162590743500:subnet/subnet-028a7cebcfc9b4632",
            "assign_ipv6_address_on_creation": false,
            "availability_zone": "us-west-2a",
            "availability_zone_id": "usw2-az1",
            "cidr_block": "10.0.1.0/24",
            "customer_owned_ipv4_pool": "",
            "enable_dns64": false,
            "enable_lni_at_device_index": 0,
            "enable_resource_name_dns_a_record_on_launch": false,
            "enable_resource_name_dns_aaaa_record_on_launch": false,
            "id": "subnet-028a7cebcfc9b4632",
            "ipv6_cidr_block": "",
            "ipv6_cidr_block_association_id": "",
            "ipv6_native": false,
            "map_customer_owned_ip_on_launch": false,
            "map_public_ip_on_launch": false,
            "outpost_arn": "",
            "owner_id": "162590743500",
            "private_dns_hostname_type_on_launch": "ip-name",
            "region": "us-west-2",
            "tags": {
              "Author": "Marcus Hogh",
              "Name": "private-subnet-10.0.1.0/24-us-west-2a-jenkins"
            },
            "tags_all": {
              "Author": "Marcus Hogh",
              "Name": "private-subnet-10.0.1.0/24-us-west-2a-jenkins"
            },
            "timeouts": null,
            "vpc_id": "vpc-09a429896d5f6c8af"
          },
          "sensitive_attributes": [],
          "identity_schema_version": 0,
          "identity": {
            "account_id": "162590743500",
            "id": "subnet-028a7cebcfc9b4632",
            "region": "us-west-2"
          },
          "private": "eyJlMmJmYjczMC1lY2FhLTExZTYtOGY4OC0zNDM2M2JjN2M0YzAiOnsiY3JlYXRlIjo2MDAwMDAwMDAwMDAsImRlbGV0ZSI6MTIwMDAwMDAwMDAwMH0sInNjaGVtYV92ZXJzaW9uIjoiMSJ9",
          "dependencies": [
            "aws_vpc.custom"
          ]
        },
        {
          "index_key": "us-west-2b",
          "schema_version": 1,
          "attributes": {
            "arn": "arn:aws:ec2:us-west-2:162590743500:subnet/subnet-0631412f6e9f86245",
            "assign_ipv6_address_on_creation": false,
            "availability_zone": "us-west-2b",
            "availability_zone_id": "usw2-az2",
            "cidr_block": "10.0.3.0/24",
            "customer_owned_ipv4_pool": "",
            "enable_dns64": false,
            "enable_lni_at_device_index": 0,
            "enable_resource_name_dns_a_record_on_launch": false,
            "enable_resource_name_dns_aaaa_record_on_launch": false,
            "id": "subnet-0631412f6e9f86245",
            "ipv6_cidr_block": "",
            "ipv6_cidr_block_association_id": "",
            "ipv6_native": false,
            "map_customer_owned_ip_on_launch": false,
            "map_public_ip_on_launch": false,
            "outpost_arn": "",
            "owner_id": "162590743500",
            "private_dns_hostname_type_on_launch": "ip-name",
            "region": "us-west-2",
            "tags": {
              "Author": "Marcus Hogh",
              "Name": "private-subnet-10.0.3.0/24-us-west-2b-jenkins"
            },
            "tags_all": {
              "Author": "Marcus Hogh",
              "Name": "private-subnet-10.0.3.0/24-us-west-2b-jenkins"
            },
            "timeouts": null,
            "vpc_id": "vpc-09a429896d5f6c8af"
          },
          "sensitive_attributes": [],
          "identity_schema_version": 0,
          "identity": {
            "account_id": "162590743500",
            "id": "subnet-0631412f6e9f86245",
            "region": "us-west-2"
          },
          "private": "eyJlMmJmYjczMC1lY2FhLTExZTYtOGY4OC0zNDM2M2JjN2M0YzAiOnsiY3JlYXRlIjo2MDAwMDAwMDAwMDAsImRlbGV0ZSI6MTIwMDAwMDAwMDAwMH0sInNjaGVtYV92ZXJzaW9uIjoiMSJ9",
          "dependencies": [
            "aws_vpc.custom"
          ]
        }
      ]
    },
    {
      "mode": "managed",
      "type": "aws_subnet",
      "name": "public_subnet",
      "provider": "provider[\"registry.terraform.io/hashicorp/aws\"]",
      "instances": [
        {
          "index_key": "us-west-2a",
          "schema_version": 1,
          "attributes": {
            "arn": "arn:aws:ec2:us-west-2:162590743500:subnet/subnet-0356e702e0fcdf4a8",
            "assign_ipv6_address_on_creation": false,
            "availability_zone": "us-west-2a",
            "availability_zone_id": "usw2-az1",
            "cidr_block": "10.0.0.0/24",
            "customer_owned_ipv4_pool": "",
            "enable_dns64": false,
            "enable_lni_at_device_index": 0,
            "enable_resource_name_dns_a_record_on_launch": false,
            "enable_resource_name_dns_aaaa_record_on_launch": false,
            "id": "subnet-0356e702e0fcdf4a8",
            "ipv6_cidr_block": "",
            "ipv6_cidr_block_association_id": "",
            "ipv6_native": false,
            "map_customer_owned_ip_on_launch": false,
            "map_public_ip_on_launch": false,
            "outpost_arn": "",
            "owner_id": "162590743500",
            "private_dns_hostname_type_on_launch": "ip-name",
            "region": "us-west-2",
            "tags": {
              "Author": "Marcus Hogh",
              "Name": "public-subnet-10.0.0.0/24-us-west-2a-jenkins"
            },
            "tags_all": {
              "Author": "Marcus Hogh",
              "Name": "public-subnet-10.0.0.0/24-us-west-2a-jenkins"
            },
            "timeouts": null,
            "vpc_id": "vpc-09a429896d5f6c8af"
          },
          "sensitive_attributes": [],
          "identity_schema_version": 0,
          "identity": {
            "account_id": "162590743500",
            "id": "subnet-0356e702e0fcdf4a8",
            "region": "us-west-2"
          },
          "private": "eyJlMmJmYjczMC1lY2FhLTExZTYtOGY4OC0zNDM2M2JjN2M0YzAiOnsiY3JlYXRlIjo2MDAwMDAwMDAwMDAsImRlbGV0ZSI6MTIwMDAwMDAwMDAwMH0sInNjaGVtYV92ZXJzaW9uIjoiMSJ9",
          "dependencies": [
            "aws_vpc.custom"
          ]
        },
        {
          "index_key": "us-west-2b",
          "schema_version": 1,
          "attributes": {
            "arn": "arn:aws:ec2:us-west-2:162590743500:subnet/subnet-0d38a80563505a570",
            "assign_ipv6_address_on_creation": false,
            "availability_zone": "us-west-2b",
            "availability_zone_id": "usw2-az2",
            "cidr_block": "10.0.2.0/24",
            "customer_owned_ipv4_pool": "",
            "enable_dns64": false,
            "enable_lni_at_device_index": 0,
            "enable_resource_name_dns_a_record_on_launch": false,
            "enable_resource_name_dns_aaaa_record_on_launch": false,
            "id": "subnet-0d38a80563505a570",
            "ipv6_cidr_block": "",
            "ipv6_cidr_block_association_id": "",
            "ipv6_native": false,
            "map_customer_owned_ip_on_launch": false,
            "map_public_ip_on_launch": false,
            "outpost_arn": "",
            "owner_id": "162590743500",
            "private_dns_hostname_type_on_launch": "ip-name",
            "region": "us-west-2",
            "tags": {
              "Author": "Marcus Hogh",
              "Name": "public-subnet-10.0.2.0/24-us-west-2b-jenkins"
            },
            "tags_all": {
              "Author": "Marcus Hogh",
              "Name": "public-subnet-10.0.2.0/24-us-west-2b-jenkins"
            },
            "timeouts": null,
            "vpc_id": "vpc-09a429896d5f6c8af"
          },
          "sensitive_attributes": [],
          "identity_schema_version": 0,
          "identity": {
            "account_id": "162590743500",
            "id": "subnet-0d38a80563505a570",
            "region": "us-west-2"
          },
          "private": "eyJlMmJmYjczMC1lY2FhLTExZTYtOGY4OC0zNDM2M2JjN2M0YzAiOnsiY3JlYXRlIjo2MDAwMDAwMDAwMDAsImRlbGV0ZSI6MTIwMDAwMDAwMDAwMH0sInNjaGVtYV92ZXJzaW9uIjoiMSJ9",
          "dependencies": [
            "aws_vpc.custom"
          ]
        }
      ]
    },
    {
      "mode": "managed",
      "type": "aws_vpc",
      "name": "custom",
      "provider": "provider[\"registry.terraform.io/hashicorp/aws\"]",
      "instances": [
        {
          "schema_version": 1,
          "attributes": {
            "arn": "arn:aws:ec2:us-west-2:162590743500:vpc/vpc-09a429896d5f6c8af",
            "assign_generated_ipv6_cidr_block": false,
            "cidr_block": "10.0.0.0/16",
            "default_network_acl_id": "acl-0f3be90598250f349",
            "default_route_table_id": "rtb-0a8168737e3fe6b8e",
            "default_security_group_id": "sg-0c76b666989ef7565",
            "dhcp_options_id": "dopt-0da91310966df0280",
            "enable_dns_hostnames": true,
            "enable_dns_support": true,
            "enable_network_address_usage_metrics": false,
            "id": "vpc-09a429896d5f6c8af",
            "instance_tenancy": "default",
            "ipv4_ipam_pool_id": null,
            "ipv4_netmask_length": null,
            "ipv6_association_id": "",
            "ipv6_cidr_block": "",
            "ipv6_cidr_block_network_border_group": "",
            "ipv6_ipam_pool_id": "",
            "ipv6_netmask_length": 0,
            "main_route_table_id": "rtb-0a8168737e3fe6b8e",
            "owner_id": "162590743500",
            "region": "us-west-2",
            "tags": {
              "Author": "Marcus Hogh",
              "Name": "jenkins"
            },
            "tags_all": {
              "Author": "Marcus Hogh",
              "Name": "jenkins"
            }
          },
          "sensitive_attributes": [],
          "identity_schema_version": 0,
          "private": "eyJzY2hlbWFfdmVyc2lvbiI6IjEifQ=="
        }
      ]
    }
  ],
  "check_results": null
}
