{
  "version": 4,
  "terraform_version": "1.12.2",
  "serial": 1663,
  "lineage": "b3e64b2a-cc0d-c2f1-6c81-a420c6ac1afb",
  "outputs": {
    "bastion": {
      "value": "63.177.251.82",
      "type": "string"
    },
    "proxy": {
      "value": "ec2-3-121-215-235.eu-central-1.compute.amazonaws.com",
      "type": "string"
    }
  },
  "resources": [
    {
      "mode": "data",
      "type": "aws_ami",
      "name": "bastion",
      "provider": "provider[\"registry.terraform.io/hashicorp/aws\"]",
      "instances": [
        {
          "schema_version": 0,
          "attributes": {
            "allow_unsafe_filter": null,
            "architecture": "x86_64",
            "arn": "arn:aws:ec2:eu-central-1::image/ami-08d741313c3efe2f2",
            "block_device_mappings": [
              {
                "device_name": "/dev/xvda",
                "ebs": {
                  "delete_on_termination": "true",
                  "encrypted": "false",
                  "iops": "3000",
                  "snapshot_id": "snap-094ac8b37e8936e0a",
                  "throughput": "125",
                  "volume_initialization_rate": "0",
                  "volume_size": "30",
                  "volume_type": "gp3"
                },
                "no_device": "",
                "virtual_name": ""
              }
            ],
            "boot_mode": "uefi-preferred",
            "creation_date": "2025-09-11T21:03:42.000Z",
            "deprecation_time": "2027-09-11T21:03:42.000Z",
            "description": "Amazon Linux AMI 2023.0.20250909 x86_64 ECS HVM EBS",
            "ena_support": true,
            "executable_users": null,
            "filter": [
              {
                "name": "name",
                "values": [
                  "al2023-ami-*-x86_64"
                ]
              }
            ],
            "hypervisor": "xen",
            "id": "ami-08d741313c3efe2f2",
            "image_id": "ami-08d741313c3efe2f2",
            "image_location": "amazon/al2023-ami-ecs-neuron-hvm-2023.0.20250909-kernel-6.1-x86_64",
            "image_owner_alias": "amazon",
            "image_type": "machine",
            "imds_support": "v2.0",
            "include_deprecated": false,
            "kernel_id": "",
            "last_launched_time": "",
            "most_recent": true,
            "name": "al2023-ami-ecs-neuron-hvm-2023.0.20250909-kernel-6.1-x86_64",
            "name_regex": null,
            "owner_id": "591542846629",
            "owners": [
              "amazon"
            ],
            "platform": "",
            "platform_details": "Linux/UNIX",
            "product_codes": [],
            "public": true,
            "ramdisk_id": "",
            "region": "eu-central-1",
            "root_device_name": "/dev/xvda",
            "root_device_type": "ebs",
            "root_snapshot_id": "snap-094ac8b37e8936e0a",
            "sriov_net_support": "simple",
            "state": "available",
            "state_reason": {
              "code": "UNSET",
              "message": "UNSET"
            },
            "tags": {},
            "timeouts": null,
            "tpm_support": "",
            "uefi_data": null,
            "usage_operation": "RunInstances",
            "virtualization_type": "hvm"
          },
          "sensitive_attributes": [],
          "identity_schema_version": 0
        }
      ]
    },
    {
      "mode": "data",
      "type": "aws_ami",
      "name": "jenkins",
      "provider": "provider[\"registry.terraform.io/hashicorp/aws\"]",
      "instances": [
        {
          "schema_version": 0,
          "attributes": {
            "allow_unsafe_filter": null,
            "architecture": "x86_64",
            "arn": "arn:aws:ec2:eu-central-1::image/ami-026618ed453f59b4c",
            "block_device_mappings": [
              {
                "device_name": "/dev/xvda",
                "ebs": {
                  "delete_on_termination": "true",
                  "encrypted": "false",
                  "iops": "3000",
                  "snapshot_id": "snap-0e1a2d43000f7341a",
                  "throughput": "125",
                  "volume_initialization_rate": "0",
                  "volume_size": "30",
                  "volume_type": "gp3"
                },
                "no_device": "",
                "virtual_name": ""
              }
            ],
            "boot_mode": "uefi-preferred",
            "creation_date": "2025-09-17T17:01:42.000Z",
            "deprecation_time": "",
            "description": "Amazon Linux Image with Jenkins Server",
            "ena_support": true,
            "executable_users": null,
            "filter": [
              {
                "name": "name",
                "values": [
                  "jenkins-server-*"
                ]
              }
            ],
            "hypervisor": "xen",
            "id": "ami-026618ed453f59b4c",
            "image_id": "ami-026618ed453f59b4c",
            "image_location": "730323515716/jenkins-server-2.516.3",
            "image_owner_alias": "",
            "image_type": "machine",
            "imds_support": "v2.0",
            "include_deprecated": false,
            "kernel_id": "",
            "last_launched_time": "",
            "most_recent": true,
            "name": "jenkins-server-2.516.3",
            "name_regex": null,
            "owner_id": "730323515716",
            "owners": [
              "self"
            ],
            "platform": "",
            "platform_details": "Linux/UNIX",
            "product_codes": [],
            "public": false,
            "ramdisk_id": "",
            "region": "eu-central-1",
            "root_device_name": "/dev/xvda",
            "root_device_type": "ebs",
            "root_snapshot_id": "snap-0e1a2d43000f7341a",
            "sriov_net_support": "simple",
            "state": "available",
            "state_reason": {
              "code": "UNSET",
              "message": "UNSET"
            },
            "tags": {},
            "timeouts": null,
            "tpm_support": "",
            "uefi_data": null,
            "usage_operation": "RunInstances",
            "virtualization_type": "hvm"
          },
          "sensitive_attributes": [],
          "identity_schema_version": 0
        }
      ]
    },
    {
      "mode": "data",
      "type": "aws_ami",
      "name": "proxy",
      "provider": "provider[\"registry.terraform.io/hashicorp/aws\"]",
      "instances": [
        {
          "schema_version": 0,
          "attributes": {
            "allow_unsafe_filter": null,
            "architecture": "x86_64",
            "arn": "arn:aws:ec2:eu-central-1::image/ami-08d741313c3efe2f2",
            "block_device_mappings": [
              {
                "device_name": "/dev/xvda",
                "ebs": {
                  "delete_on_termination": "true",
                  "encrypted": "false",
                  "iops": "3000",
                  "snapshot_id": "snap-094ac8b37e8936e0a",
                  "throughput": "125",
                  "volume_initialization_rate": "0",
                  "volume_size": "30",
                  "volume_type": "gp3"
                },
                "no_device": "",
                "virtual_name": ""
              }
            ],
            "boot_mode": "uefi-preferred",
            "creation_date": "2025-09-11T21:03:42.000Z",
            "deprecation_time": "2027-09-11T21:03:42.000Z",
            "description": "Amazon Linux AMI 2023.0.20250909 x86_64 ECS HVM EBS",
            "ena_support": true,
            "executable_users": null,
            "filter": [
              {
                "name": "name",
                "values": [
                  "al2023-ami-*-x86_64"
                ]
              }
            ],
            "hypervisor": "xen",
            "id": "ami-08d741313c3efe2f2",
            "image_id": "ami-08d741313c3efe2f2",
            "image_location": "amazon/al2023-ami-ecs-neuron-hvm-2023.0.20250909-kernel-6.1-x86_64",
            "image_owner_alias": "amazon",
            "image_type": "machine",
            "imds_support": "v2.0",
            "include_deprecated": false,
            "kernel_id": "",
            "last_launched_time": "",
            "most_recent": true,
            "name": "al2023-ami-ecs-neuron-hvm-2023.0.20250909-kernel-6.1-x86_64",
            "name_regex": null,
            "owner_id": "591542846629",
            "owners": [
              "amazon"
            ],
            "platform": "",
            "platform_details": "Linux/UNIX",
            "product_codes": [],
            "public": true,
            "ramdisk_id": "",
            "region": "eu-central-1",
            "root_device_name": "/dev/xvda",
            "root_device_type": "ebs",
            "root_snapshot_id": "snap-094ac8b37e8936e0a",
            "sriov_net_support": "simple",
            "state": "available",
            "state_reason": {
              "code": "UNSET",
              "message": "UNSET"
            },
            "tags": {},
            "timeouts": null,
            "tpm_support": "",
            "uefi_data": null,
            "usage_operation": "RunInstances",
            "virtualization_type": "hvm"
          },
          "sensitive_attributes": [],
          "identity_schema_version": 0
        }
      ]
    },
    {
      "mode": "data",
      "type": "aws_ami",
      "name": "worker",
      "provider": "provider[\"registry.terraform.io/hashicorp/aws\"]",
      "instances": [
        {
          "schema_version": 0,
          "attributes": {
            "allow_unsafe_filter": null,
            "architecture": "x86_64",
            "arn": "arn:aws:ec2:eu-central-1::image/ami-0701a90827bf9885a",
            "block_device_mappings": [
              {
                "device_name": "/dev/xvda",
                "ebs": {
                  "delete_on_termination": "true",
                  "encrypted": "false",
                  "iops": "3000",
                  "snapshot_id": "snap-0032b9a48f204383d",
                  "throughput": "125",
                  "volume_initialization_rate": "0",
                  "volume_size": "30",
                  "volume_type": "gp3"
                },
                "no_device": "",
                "virtual_name": ""
              }
            ],
            "boot_mode": "uefi-preferred",
            "creation_date": "2025-09-17T15:52:42.000Z",
            "deprecation_time": "",
            "description": "Amazon Linux Image with Worker for Jenkins",
            "ena_support": true,
            "executable_users": null,
            "filter": [
              {
                "name": "name",
                "values": [
                  "jenkins-worker"
                ]
              }
            ],
            "hypervisor": "xen",
            "id": "ami-0701a90827bf9885a",
            "image_id": "ami-0701a90827bf9885a",
            "image_location": "730323515716/jenkins-worker",
            "image_owner_alias": "",
            "image_type": "machine",
            "imds_support": "v2.0",
            "include_deprecated": false,
            "kernel_id": "",
            "last_launched_time": "",
            "most_recent": true,
            "name": "jenkins-worker",
            "name_regex": null,
            "owner_id": "730323515716",
            "owners": [
              "self"
            ],
            "platform": "",
            "platform_details": "Linux/UNIX",
            "product_codes": [],
            "public": false,
            "ramdisk_id": "",
            "region": "eu-central-1",
            "root_device_name": "/dev/xvda",
            "root_device_type": "ebs",
            "root_snapshot_id": "snap-0032b9a48f204383d",
            "sriov_net_support": "simple",
            "state": "available",
            "state_reason": {
              "code": "UNSET",
              "message": "UNSET"
            },
            "tags": {},
            "timeouts": null,
            "tpm_support": "",
            "uefi_data": null,
            "usage_operation": "RunInstances",
            "virtualization_type": "hvm"
          },
          "sensitive_attributes": [],
          "identity_schema_version": 0
        }
      ]
    },
    {
      "mode": "data",
      "type": "http",
      "name": "my_ip",
      "provider": "provider[\"registry.terraform.io/hashicorp/http\"]",
      "instances": [
        {
          "schema_version": 0,
          "attributes": {
            "body": "84.142.220.65\n",
            "ca_cert_pem": null,
            "client_cert_pem": null,
            "client_key_pem": null,
            "id": "https://checkip.amazonaws.com/",
            "insecure": null,
            "method": null,
            "request_body": null,
            "request_headers": null,
            "request_timeout_ms": null,
            "response_body": "84.142.220.65\n",
            "response_body_base64": "ODQuMTQyLjIyMC42NQo=",
            "response_headers": {
              "Content-Length": "14",
              "Content-Type": "text/plain;charset=UTF-8",
              "Date": "Wed, 17 Sep 2025 17:21:43 GMT",
              "Server": "nginx",
              "Vary": "Origin, Access-Control-Request-Method, Access-Control-Request-Headers"
            },
            "retry": null,
            "status_code": 200,
            "url": "https://checkip.amazonaws.com/"
          },
          "sensitive_attributes": [],
          "identity_schema_version": 0
        }
      ]
    },
    {
      "mode": "data",
      "type": "template_file",
      "name": "user_data_proxy",
      "provider": "provider[\"registry.terraform.io/hashicorp/template\"]",
      "instances": [
        {
          "schema_version": 0,
          "attributes": {
            "filename": null,
            "id": "5258eb65fcc3e380ee75bb67759dd8e47b29c3dae69fab8edf7656fd1c9337c2",
            "rendered": "#!/usr/bin/env bash\nset -e\n\nJENKINS_URL=\"http://10.0.1.33:8080\"\n\ndnf upgrade\ndnf -y install nginx\n\nrm -f /etc/nginx/conf.d/default.conf\n\ncat \u003c\u003cEOF \u003e /etc/nginx/conf.d/reverse-proxy.conf\nserver {\n    listen 80;\n\n    location / {\n        proxy_pass $JENKINS_URL;\n        proxy_set_header Host \\$host;\n        proxy_set_header X-Real-IP \\$remote_addr;\n        proxy_set_header X-Forwarded-For \\$proxy_add_x_forwarded_for;\n        proxy_set_header X-Forwarded-Proto \\$scheme;\n    }\n}\nEOF\n\nsudo systemctl enable --now nginx\n\n",
            "template": "#!/usr/bin/env bash\nset -e\n\nJENKINS_URL=\"http://${jenkins_private_ip}:8080\"\n\ndnf upgrade\ndnf -y install nginx\n\nrm -f /etc/nginx/conf.d/default.conf\n\ncat \u003c\u003cEOF \u003e /etc/nginx/conf.d/reverse-proxy.conf\nserver {\n    listen 80;\n\n    location / {\n        proxy_pass $JENKINS_URL;\n        proxy_set_header Host \\$host;\n        proxy_set_header X-Real-IP \\$remote_addr;\n        proxy_set_header X-Forwarded-For \\$proxy_add_x_forwarded_for;\n        proxy_set_header X-Forwarded-Proto \\$scheme;\n    }\n}\nEOF\n\nsudo systemctl enable --now nginx\n\n",
            "vars": {
              "jenkins_private_ip": "10.0.1.33"
            }
          },
          "sensitive_attributes": [],
          "identity_schema_version": 0
        }
      ]
    },
    {
      "mode": "data",
      "type": "template_file",
      "name": "user_data_worker",
      "provider": "provider[\"registry.terraform.io/hashicorp/template\"]",
      "instances": [
        {
          "schema_version": 0,
          "attributes": {
            "filename": null,
            "id": "5341d05acb2760674ec5a846ccee0b99dc8e3951abeef4543dcddd8b5c7d7f2d",
            "rendered": "#!/usr/bin/env bash\nset -euo pipefail\n\nJENKINS_URL=\"http://10.0.1.33:8080\"\n\n# === wait until jenkins server is healthy ===\nuntil curl -s --head --fail --max-time 3 \"$JENKINS_URL/login\" \u003e /dev/null; do\n  echo \"$(date '+%Y-%m-%d %H:%M:%S') $JENKINS_URL is offline. Retrying in 5s...\"\n  sleep 3\ndone\n\n# === add JENKINS_URL to service override configuration ===\nOVERRIDE_CONF=\"/etc/systemd/system/jenkins-worker.service.d/override.conf\"\necho \"Environment=\\\"JENKINS_URL=$JENKINS_URL\\\"\" \u003e\u003e \"$OVERRIDE_CONF\"\nsystemctl start jenkins-worker.service\n",
            "template": "#!/usr/bin/env bash\nset -euo pipefail\n\nJENKINS_URL=\"http://${jenkins_private_ip}:8080\"\n\n# === wait until jenkins server is healthy ===\nuntil curl -s --head --fail --max-time 3 \"$JENKINS_URL/login\" \u003e /dev/null; do\n  echo \"$(date '+%Y-%m-%d %H:%M:%S') $JENKINS_URL is offline. Retrying in 5s...\"\n  sleep 3\ndone\n\n# === add JENKINS_URL to service override configuration ===\nOVERRIDE_CONF=\"/etc/systemd/system/jenkins-worker.service.d/override.conf\"\necho \"Environment=\\\"JENKINS_URL=$JENKINS_URL\\\"\" \u003e\u003e \"$OVERRIDE_CONF\"\nsystemctl start jenkins-worker.service\n",
            "vars": {
              "jenkins_private_ip": "10.0.1.33"
            }
          },
          "sensitive_attributes": [],
          "identity_schema_version": 0
        }
      ]
    },
    {
      "mode": "managed",
      "type": "aws_autoscaling_group",
      "name": "worker",
      "provider": "provider[\"registry.terraform.io/hashicorp/aws\"]",
      "instances": [
        {
          "schema_version": 1,
          "attributes": {
            "arn": "arn:aws:autoscaling:eu-central-1:730323515716:autoScalingGroup:0077f84e-522b-4f3b-9543-ae4520c88456:autoScalingGroupName/worker-autoscaling-group",
            "availability_zone_distribution": [
              {
                "capacity_distribution_strategy": "balanced-best-effort"
              }
            ],
            "availability_zones": [
              "eu-central-1a",
              "eu-central-1b"
            ],
            "capacity_rebalance": false,
            "capacity_reservation_specification": [
              {
                "capacity_reservation_preference": "default",
                "capacity_reservation_target": []
              }
            ],
            "context": "",
            "default_cooldown": 300,
            "default_instance_warmup": 0,
            "desired_capacity": 1,
            "desired_capacity_type": "",
            "enabled_metrics": [],
            "force_delete": false,
            "force_delete_warm_pool": false,
            "health_check_grace_period": 300,
            "health_check_type": "EC2",
            "id": "worker-autoscaling-group",
            "ignore_failed_scaling_activities": false,
            "initial_lifecycle_hook": [],
            "instance_maintenance_policy": [],
            "instance_refresh": [],
            "launch_configuration": "",
            "launch_template": [
              {
                "id": "lt-0d65fa51d0e4b7ffa",
                "name": "worker-launch-template",
                "version": "$Latest"
              }
            ],
            "load_balancers": [],
            "max_instance_lifetime": 0,
            "max_size": 1,
            "metrics_granularity": "1Minute",
            "min_elb_capacity": null,
            "min_size": 1,
            "mixed_instances_policy": [],
            "name": "worker-autoscaling-group",
            "name_prefix": "",
            "placement_group": "",
            "predicted_capacity": 0,
            "protect_from_scale_in": false,
            "region": "eu-central-1",
            "service_linked_role_arn": "arn:aws:iam::730323515716:role/aws-service-role/autoscaling.amazonaws.com/AWSServiceRoleForAutoScaling",
            "suspended_processes": [],
            "tag": [],
            "target_group_arns": [],
            "termination_policies": [],
            "timeouts": null,
            "traffic_source": [],
            "vpc_zone_identifier": [
              "subnet-05510bd6b4b52fc28",
              "subnet-084b81173e6a28905"
            ],
            "wait_for_capacity_timeout": "10m",
            "wait_for_elb_capacity": null,
            "warm_pool": [],
            "warm_pool_size": 0
          },
          "sensitive_attributes": [],
          "identity_schema_version": 0,
          "private": "eyJlMmJmYjczMC1lY2FhLTExZTYtOGY4OC0zNDM2M2JjN2M0YzAiOnsiZGVsZXRlIjo2MDAwMDAwMDAwMDAsInVwZGF0ZSI6NjAwMDAwMDAwMDAwfSwic2NoZW1hX3ZlcnNpb24iOiIxIn0=",
          "dependencies": [
            "aws_instance.jenkins",
            "aws_launch_template.worker",
            "aws_security_group.bastion",
            "aws_security_group.jenkins",
            "aws_security_group.proxy",
            "aws_security_group.worker",
            "aws_subnet.private_subnet",
            "aws_vpc.custom",
            "data.aws_ami.jenkins",
            "data.aws_ami.worker",
            "data.http.my_ip",
            "data.template_file.user_data_worker"
          ]
        }
      ]
    },
    {
      "mode": "managed",
      "type": "aws_autoscaling_policy",
      "name": "scale-in",
      "provider": "provider[\"registry.terraform.io/hashicorp/aws\"]",
      "instances": [
        {
          "schema_version": 0,
          "attributes": {
            "adjustment_type": "ChangeInCapacity",
            "arn": "arn:aws:autoscaling:eu-central-1:730323515716:scalingPolicy:347397fd-af75-4633-9137-6bf7c160f6f3:autoScalingGroupName/worker-autoscaling-group:policyName/scale-in-workers",
            "autoscaling_group_name": "worker-autoscaling-group",
            "cooldown": 300,
            "enabled": true,
            "estimated_instance_warmup": 0,
            "id": "scale-in-workers",
            "metric_aggregation_type": "",
            "min_adjustment_magnitude": 0,
            "name": "scale-in-workers",
            "policy_type": "SimpleScaling",
            "predictive_scaling_configuration": [],
            "region": "eu-central-1",
            "scaling_adjustment": -1,
            "step_adjustment": [],
            "target_tracking_configuration": []
          },
          "sensitive_attributes": [],
          "identity_schema_version": 0,
          "private": "bnVsbA==",
          "dependencies": [
            "aws_autoscaling_group.worker",
            "aws_instance.jenkins",
            "aws_launch_template.worker",
            "aws_security_group.bastion",
            "aws_security_group.jenkins",
            "aws_security_group.proxy",
            "aws_security_group.worker",
            "aws_subnet.private_subnet",
            "aws_vpc.custom",
            "data.aws_ami.jenkins",
            "data.aws_ami.worker",
            "data.http.my_ip",
            "data.template_file.user_data_worker"
          ]
        }
      ]
    },
    {
      "mode": "managed",
      "type": "aws_autoscaling_policy",
      "name": "scale-out",
      "provider": "provider[\"registry.terraform.io/hashicorp/aws\"]",
      "instances": [
        {
          "schema_version": 0,
          "attributes": {
            "adjustment_type": "ChangeInCapacity",
            "arn": "arn:aws:autoscaling:eu-central-1:730323515716:scalingPolicy:2ba787ca-a34a-4211-aaae-c7ab00e05473:autoScalingGroupName/worker-autoscaling-group:policyName/scale-out-workers",
            "autoscaling_group_name": "worker-autoscaling-group",
            "cooldown": 300,
            "enabled": true,
            "estimated_instance_warmup": 0,
            "id": "scale-out-workers",
            "metric_aggregation_type": "",
            "min_adjustment_magnitude": 0,
            "name": "scale-out-workers",
            "policy_type": "SimpleScaling",
            "predictive_scaling_configuration": [],
            "region": "eu-central-1",
            "scaling_adjustment": 1,
            "step_adjustment": [],
            "target_tracking_configuration": []
          },
          "sensitive_attributes": [],
          "identity_schema_version": 0,
          "private": "bnVsbA==",
          "dependencies": [
            "aws_autoscaling_group.worker",
            "aws_instance.jenkins",
            "aws_launch_template.worker",
            "aws_security_group.bastion",
            "aws_security_group.jenkins",
            "aws_security_group.proxy",
            "aws_security_group.worker",
            "aws_subnet.private_subnet",
            "aws_vpc.custom",
            "data.aws_ami.jenkins",
            "data.aws_ami.worker",
            "data.http.my_ip",
            "data.template_file.user_data_worker"
          ]
        }
      ]
    },
    {
      "mode": "managed",
      "type": "aws_cloudwatch_metric_alarm",
      "name": "high-cpu-workers-alarm",
      "provider": "provider[\"registry.terraform.io/hashicorp/aws\"]",
      "instances": [
        {
          "schema_version": 1,
          "attributes": {
            "actions_enabled": true,
            "alarm_actions": [
              "arn:aws:autoscaling:eu-central-1:730323515716:scalingPolicy:2ba787ca-a34a-4211-aaae-c7ab00e05473:autoScalingGroupName/worker-autoscaling-group:policyName/scale-out-workers"
            ],
            "alarm_description": "This metric monitors workers cpu utilization",
            "alarm_name": "high-cpu-workers-alarm",
            "arn": "arn:aws:cloudwatch:eu-central-1:730323515716:alarm:high-cpu-workers-alarm",
            "comparison_operator": "GreaterThanOrEqualToThreshold",
            "datapoints_to_alarm": 0,
            "dimensions": {
              "AutoScalingGroupName": "worker-autoscaling-group"
            },
            "evaluate_low_sample_count_percentiles": "",
            "evaluation_periods": 2,
            "extended_statistic": "",
            "id": "high-cpu-workers-alarm",
            "insufficient_data_actions": [],
            "metric_name": "CPUUtilization",
            "metric_query": [],
            "namespace": "AWS/EC2",
            "ok_actions": [],
            "period": 120,
            "region": "eu-central-1",
            "statistic": "Average",
            "tags": {},
            "tags_all": {},
            "threshold": 80,
            "threshold_metric_id": "",
            "treat_missing_data": "missing",
            "unit": ""
          },
          "sensitive_attributes": [],
          "identity_schema_version": 0,
          "identity": {
            "account_id": "730323515716",
            "alarm_name": "high-cpu-workers-alarm",
            "region": "eu-central-1"
          },
          "private": "eyJzY2hlbWFfdmVyc2lvbiI6IjEifQ==",
          "dependencies": [
            "aws_autoscaling_group.worker",
            "aws_autoscaling_policy.scale-out",
            "aws_instance.jenkins",
            "aws_launch_template.worker",
            "aws_security_group.bastion",
            "aws_security_group.jenkins",
            "aws_security_group.proxy",
            "aws_security_group.worker",
            "aws_subnet.private_subnet",
            "aws_vpc.custom",
            "data.aws_ami.jenkins",
            "data.aws_ami.worker",
            "data.http.my_ip",
            "data.template_file.user_data_worker"
          ]
        }
      ]
    },
    {
      "mode": "managed",
      "type": "aws_cloudwatch_metric_alarm",
      "name": "low-cpu-workers-alarm",
      "provider": "provider[\"registry.terraform.io/hashicorp/aws\"]",
      "instances": [
        {
          "schema_version": 1,
          "attributes": {
            "actions_enabled": true,
            "alarm_actions": [
              "arn:aws:autoscaling:eu-central-1:730323515716:scalingPolicy:347397fd-af75-4633-9137-6bf7c160f6f3:autoScalingGroupName/worker-autoscaling-group:policyName/scale-in-workers"
            ],
            "alarm_description": "This metric monitors workers cpu utilization",
            "alarm_name": "low-cpu-workers-alarm",
            "arn": "arn:aws:cloudwatch:eu-central-1:730323515716:alarm:low-cpu-workers-alarm",
            "comparison_operator": "LessThanOrEqualToThreshold",
            "datapoints_to_alarm": 0,
            "dimensions": {
              "AutoScalingGroupName": "worker-autoscaling-group"
            },
            "evaluate_low_sample_count_percentiles": "",
            "evaluation_periods": 2,
            "extended_statistic": "",
            "id": "low-cpu-workers-alarm",
            "insufficient_data_actions": [],
            "metric_name": "CPUUtilization",
            "metric_query": [],
            "namespace": "AWS/EC2",
            "ok_actions": [],
            "period": 120,
            "region": "eu-central-1",
            "statistic": "Average",
            "tags": {},
            "tags_all": {},
            "threshold": 20,
            "threshold_metric_id": "",
            "treat_missing_data": "missing",
            "unit": ""
          },
          "sensitive_attributes": [],
          "identity_schema_version": 0,
          "identity": {
            "account_id": "730323515716",
            "alarm_name": "low-cpu-workers-alarm",
            "region": "eu-central-1"
          },
          "private": "eyJzY2hlbWFfdmVyc2lvbiI6IjEifQ==",
          "dependencies": [
            "aws_autoscaling_group.worker",
            "aws_autoscaling_policy.scale-in",
            "aws_instance.jenkins",
            "aws_launch_template.worker",
            "aws_security_group.bastion",
            "aws_security_group.jenkins",
            "aws_security_group.proxy",
            "aws_security_group.worker",
            "aws_subnet.private_subnet",
            "aws_vpc.custom",
            "data.aws_ami.jenkins",
            "data.aws_ami.worker",
            "data.http.my_ip",
            "data.template_file.user_data_worker"
          ]
        }
      ]
    },
    {
      "mode": "managed",
      "type": "aws_eip",
      "name": "nat_gateway_eip",
      "provider": "provider[\"registry.terraform.io/hashicorp/aws\"]",
      "instances": [
        {
          "schema_version": 0,
          "attributes": {
            "address": null,
            "allocation_id": "eipalloc-0e2e64609ab6cc7ee",
            "arn": "arn:aws:ec2:eu-central-1:730323515716:elastic-ip/eipalloc-0e2e64609ab6cc7ee",
            "associate_with_private_ip": null,
            "association_id": "eipassoc-029f49bd19cb13ac7",
            "carrier_ip": "",
            "customer_owned_ip": "",
            "customer_owned_ipv4_pool": "",
            "domain": "vpc",
            "id": "eipalloc-0e2e64609ab6cc7ee",
            "instance": "",
            "ipam_pool_id": null,
            "network_border_group": "eu-central-1",
            "network_interface": "eni-07f2a4a7cafa43b55",
            "private_dns": "ip-10-0-0-80.eu-central-1.compute.internal",
            "private_ip": "10.0.0.80",
            "ptr_record": "",
            "public_dns": "ec2-63-176-17-56.eu-central-1.compute.amazonaws.com",
            "public_ip": "63.176.17.56",
            "public_ipv4_pool": "amazon",
            "region": "eu-central-1",
            "tags": {
              "Author": "Marcus Hogh",
              "Name": "nat-gateway-eip-jenkins"
            },
            "tags_all": {
              "Author": "Marcus Hogh",
              "Name": "nat-gateway-eip-jenkins"
            },
            "timeouts": null
          },
          "sensitive_attributes": [],
          "identity_schema_version": 0,
          "private": "eyJlMmJmYjczMC1lY2FhLTExZTYtOGY4OC0zNDM2M2JjN2M0YzAiOnsiZGVsZXRlIjoxODAwMDAwMDAwMDAsInJlYWQiOjkwMDAwMDAwMDAwMCwidXBkYXRlIjozMDAwMDAwMDAwMDB9fQ=="
        }
      ]
    },
    {
      "mode": "managed",
      "type": "aws_instance",
      "name": "bastion",
      "provider": "provider[\"registry.terraform.io/hashicorp/aws\"]",
      "instances": [
        {
          "schema_version": 2,
          "attributes": {
            "ami": "ami-08d741313c3efe2f2",
            "arn": "arn:aws:ec2:eu-central-1:730323515716:instance/i-0b89b108dc963f42c",
            "associate_public_ip_address": true,
            "availability_zone": "eu-central-1a",
            "capacity_reservation_specification": [
              {
                "capacity_reservation_preference": "open",
                "capacity_reservation_target": []
              }
            ],
            "cpu_options": [
              {
                "amd_sev_snp": "",
                "core_count": 1,
                "threads_per_core": 2
              }
            ],
            "credit_specification": [
              {
                "cpu_credits": "unlimited"
              }
            ],
            "disable_api_stop": false,
            "disable_api_termination": false,
            "ebs_block_device": [],
            "ebs_optimized": false,
            "enable_primary_ipv6": null,
            "enclave_options": [
              {
                "enabled": false
              }
            ],
            "ephemeral_block_device": [],
            "force_destroy": false,
            "get_password_data": false,
            "hibernation": false,
            "host_id": "",
            "host_resource_group_arn": null,
            "iam_instance_profile": "",
            "id": "i-0b89b108dc963f42c",
            "instance_initiated_shutdown_behavior": "stop",
            "instance_lifecycle": "",
            "instance_market_options": [],
            "instance_state": "running",
            "instance_type": "t3.micro",
            "ipv6_address_count": 0,
            "ipv6_addresses": [],
            "key_name": "jenkins",
            "launch_template": [],
            "maintenance_options": [
              {
                "auto_recovery": "default"
              }
            ],
            "metadata_options": [
              {
                "http_endpoint": "enabled",
                "http_protocol_ipv6": "disabled",
                "http_put_response_hop_limit": 2,
                "http_tokens": "required",
                "instance_metadata_tags": "disabled"
              }
            ],
            "monitoring": false,
            "network_interface": [],
            "outpost_arn": "",
            "password_data": "",
            "placement_group": "",
            "placement_group_id": "",
            "placement_partition_number": 0,
            "primary_network_interface": [
              {
                "delete_on_termination": true,
                "network_interface_id": "eni-0edf36b229403ec84"
              }
            ],
            "primary_network_interface_id": "eni-0edf36b229403ec84",
            "private_dns": "ip-10-0-0-206.eu-central-1.compute.internal",
            "private_dns_name_options": [
              {
                "enable_resource_name_dns_a_record": false,
                "enable_resource_name_dns_aaaa_record": false,
                "hostname_type": "ip-name"
              }
            ],
            "private_ip": "10.0.0.206",
            "public_dns": "ec2-63-177-251-82.eu-central-1.compute.amazonaws.com",
            "public_ip": "63.177.251.82",
            "region": "eu-central-1",
            "root_block_device": [
              {
                "delete_on_termination": true,
                "device_name": "/dev/xvda",
                "encrypted": true,
                "iops": 3000,
                "kms_key_id": "arn:aws:kms:eu-central-1:730323515716:key/c390d482-8533-4c11-8f62-03e5f8b5350b",
                "tags": null,
                "tags_all": {},
                "throughput": 125,
                "volume_id": "vol-02f4d98ce5d0a36b7",
                "volume_size": 30,
                "volume_type": "gp3"
              }
            ],
            "secondary_private_ips": [],
            "security_groups": [],
            "source_dest_check": true,
            "spot_instance_request_id": "",
            "subnet_id": "subnet-04134c99da149bdd7",
            "tags": {
              "Author": "Marcus Hogh",
              "Name": "bastion-jenkins"
            },
            "tags_all": {
              "Author": "Marcus Hogh",
              "Name": "bastion-jenkins"
            },
            "tenancy": "default",
            "timeouts": null,
            "user_data": null,
            "user_data_base64": null,
            "user_data_replace_on_change": false,
            "volume_tags": null,
            "vpc_security_group_ids": [
              "sg-016eb1bc1d1764ec6"
            ]
          },
          "sensitive_attributes": [],
          "identity_schema_version": 0,
          "identity": {
            "account_id": "730323515716",
            "id": "i-0b89b108dc963f42c",
            "region": "eu-central-1"
          },
          "private": "eyJlMmJmYjczMC1lY2FhLTExZTYtOGY4OC0zNDM2M2JjN2M0YzAiOnsiY3JlYXRlIjo2MDAwMDAwMDAwMDAsImRlbGV0ZSI6MTIwMDAwMDAwMDAwMCwicmVhZCI6OTAwMDAwMDAwMDAwLCJ1cGRhdGUiOjYwMDAwMDAwMDAwMH0sInNjaGVtYV92ZXJzaW9uIjoiMiJ9",
          "dependencies": [
            "aws_security_group.bastion",
            "aws_subnet.public_subnet",
            "aws_vpc.custom",
            "data.aws_ami.bastion",
            "data.http.my_ip"
          ]
        }
      ]
    },
    {
      "mode": "managed",
      "type": "aws_instance",
      "name": "jenkins",
      "provider": "provider[\"registry.terraform.io/hashicorp/aws\"]",
      "instances": [
        {
          "schema_version": 2,
          "attributes": {
            "ami": "ami-026618ed453f59b4c",
            "arn": "arn:aws:ec2:eu-central-1:730323515716:instance/i-07847aef555a2fc0b",
            "associate_public_ip_address": false,
            "availability_zone": "eu-central-1a",
            "capacity_reservation_specification": [
              {
                "capacity_reservation_preference": "open",
                "capacity_reservation_target": []
              }
            ],
            "cpu_options": [
              {
                "amd_sev_snp": "",
                "core_count": 1,
                "threads_per_core": 2
              }
            ],
            "credit_specification": [
              {
                "cpu_credits": "unlimited"
              }
            ],
            "disable_api_stop": false,
            "disable_api_termination": false,
            "ebs_block_device": [],
            "ebs_optimized": false,
            "enable_primary_ipv6": null,
            "enclave_options": [
              {
                "enabled": false
              }
            ],
            "ephemeral_block_device": [],
            "force_destroy": false,
            "get_password_data": false,
            "hibernation": false,
            "host_id": "",
            "host_resource_group_arn": null,
            "iam_instance_profile": "",
            "id": "i-07847aef555a2fc0b",
            "instance_initiated_shutdown_behavior": "stop",
            "instance_lifecycle": "",
            "instance_market_options": [],
            "instance_state": "running",
            "instance_type": "t3.small",
            "ipv6_address_count": 0,
            "ipv6_addresses": [],
            "key_name": "jenkins",
            "launch_template": [],
            "maintenance_options": [
              {
                "auto_recovery": "default"
              }
            ],
            "metadata_options": [
              {
                "http_endpoint": "enabled",
                "http_protocol_ipv6": "disabled",
                "http_put_response_hop_limit": 2,
                "http_tokens": "optional",
                "instance_metadata_tags": "disabled"
              }
            ],
            "monitoring": false,
            "network_interface": [],
            "outpost_arn": "",
            "password_data": "",
            "placement_group": "",
            "placement_group_id": "",
            "placement_partition_number": 0,
            "primary_network_interface": [
              {
                "delete_on_termination": true,
                "network_interface_id": "eni-0fcb57131a6c94766"
              }
            ],
            "primary_network_interface_id": "eni-0fcb57131a6c94766",
            "private_dns": "ip-10-0-1-33.eu-central-1.compute.internal",
            "private_dns_name_options": [
              {
                "enable_resource_name_dns_a_record": false,
                "enable_resource_name_dns_aaaa_record": false,
                "hostname_type": "ip-name"
              }
            ],
            "private_ip": "10.0.1.33",
            "public_dns": "",
            "public_ip": "",
            "region": "eu-central-1",
            "root_block_device": [
              {
                "delete_on_termination": true,
                "device_name": "/dev/xvda",
                "encrypted": true,
                "iops": 3000,
                "kms_key_id": "arn:aws:kms:eu-central-1:730323515716:key/c390d482-8533-4c11-8f62-03e5f8b5350b",
                "tags": {},
                "tags_all": {},
                "throughput": 125,
                "volume_id": "vol-07abe310717ac4005",
                "volume_size": 30,
                "volume_type": "gp3"
              }
            ],
            "secondary_private_ips": [],
            "security_groups": [],
            "source_dest_check": true,
            "spot_instance_request_id": "",
            "subnet_id": "subnet-05510bd6b4b52fc28",
            "tags": {
              "Author": "Marcus Hogh",
              "Name": "server-jenkins"
            },
            "tags_all": {
              "Author": "Marcus Hogh",
              "Name": "server-jenkins"
            },
            "tenancy": "default",
            "timeouts": null,
            "user_data": null,
            "user_data_base64": null,
            "user_data_replace_on_change": false,
            "volume_tags": null,
            "vpc_security_group_ids": [
              "sg-0372fa9bebfdb6f5f"
            ]
          },
          "sensitive_attributes": [],
          "identity_schema_version": 0,
          "identity": {
            "account_id": "730323515716",
            "id": "i-07847aef555a2fc0b",
            "region": "eu-central-1"
          },
          "private": "eyJlMmJmYjczMC1lY2FhLTExZTYtOGY4OC0zNDM2M2JjN2M0YzAiOnsiY3JlYXRlIjo2MDAwMDAwMDAwMDAsImRlbGV0ZSI6MTIwMDAwMDAwMDAwMCwicmVhZCI6OTAwMDAwMDAwMDAwLCJ1cGRhdGUiOjYwMDAwMDAwMDAwMH0sInNjaGVtYV92ZXJzaW9uIjoiMiJ9",
          "dependencies": [
            "aws_security_group.bastion",
            "aws_security_group.jenkins",
            "aws_security_group.proxy",
            "aws_subnet.private_subnet",
            "aws_vpc.custom",
            "data.aws_ami.jenkins",
            "data.http.my_ip"
          ]
        }
      ]
    },
    {
      "mode": "managed",
      "type": "aws_instance",
      "name": "proxy",
      "provider": "provider[\"registry.terraform.io/hashicorp/aws\"]",
      "instances": [
        {
          "schema_version": 2,
          "attributes": {
            "ami": "ami-08d741313c3efe2f2",
            "arn": "arn:aws:ec2:eu-central-1:730323515716:instance/i-0b75c3d57da0a175e",
            "associate_public_ip_address": true,
            "availability_zone": "eu-central-1b",
            "capacity_reservation_specification": [
              {
                "capacity_reservation_preference": "open",
                "capacity_reservation_target": []
              }
            ],
            "cpu_options": [
              {
                "amd_sev_snp": "",
                "core_count": 1,
                "threads_per_core": 2
              }
            ],
            "credit_specification": [
              {
                "cpu_credits": "unlimited"
              }
            ],
            "disable_api_stop": false,
            "disable_api_termination": false,
            "ebs_block_device": [],
            "ebs_optimized": false,
            "enable_primary_ipv6": null,
            "enclave_options": [
              {
                "enabled": false
              }
            ],
            "ephemeral_block_device": [],
            "force_destroy": false,
            "get_password_data": false,
            "hibernation": false,
            "host_id": "",
            "host_resource_group_arn": null,
            "iam_instance_profile": "",
            "id": "i-0b75c3d57da0a175e",
            "instance_initiated_shutdown_behavior": "stop",
            "instance_lifecycle": "",
            "instance_market_options": [],
            "instance_state": "running",
            "instance_type": "t3.micro",
            "ipv6_address_count": 0,
            "ipv6_addresses": [],
            "key_name": "jenkins",
            "launch_template": [],
            "maintenance_options": [
              {
                "auto_recovery": "default"
              }
            ],
            "metadata_options": [
              {
                "http_endpoint": "enabled",
                "http_protocol_ipv6": "disabled",
                "http_put_response_hop_limit": 2,
                "http_tokens": "required",
                "instance_metadata_tags": "disabled"
              }
            ],
            "monitoring": false,
            "network_interface": [],
            "outpost_arn": "",
            "password_data": "",
            "placement_group": "",
            "placement_group_id": "",
            "placement_partition_number": 0,
            "primary_network_interface": [
              {
                "delete_on_termination": true,
                "network_interface_id": "eni-0b3de22ad1d8ac1d9"
              }
            ],
            "primary_network_interface_id": "eni-0b3de22ad1d8ac1d9",
            "private_dns": "ip-10-0-2-165.eu-central-1.compute.internal",
            "private_dns_name_options": [
              {
                "enable_resource_name_dns_a_record": false,
                "enable_resource_name_dns_aaaa_record": false,
                "hostname_type": "ip-name"
              }
            ],
            "private_ip": "10.0.2.165",
            "public_dns": "ec2-3-121-215-235.eu-central-1.compute.amazonaws.com",
            "public_ip": "3.121.215.235",
            "region": "eu-central-1",
            "root_block_device": [
              {
                "delete_on_termination": true,
                "device_name": "/dev/xvda",
                "encrypted": true,
                "iops": 3000,
                "kms_key_id": "arn:aws:kms:eu-central-1:730323515716:key/c390d482-8533-4c11-8f62-03e5f8b5350b",
                "tags": null,
                "tags_all": {},
                "throughput": 125,
                "volume_id": "vol-017047bdad528f949",
                "volume_size": 30,
                "volume_type": "gp3"
              }
            ],
            "secondary_private_ips": [],
            "security_groups": [],
            "source_dest_check": true,
            "spot_instance_request_id": "",
            "subnet_id": "subnet-00d85ddc3549c2808",
            "tags": {
              "Author": "Marcus Hogh",
              "Name": "proxy-jenkins"
            },
            "tags_all": {
              "Author": "Marcus Hogh",
              "Name": "proxy-jenkins"
            },
            "tenancy": "default",
            "timeouts": null,
            "user_data": null,
            "user_data_base64": "IyEvdXNyL2Jpbi9lbnYgYmFzaApzZXQgLWUKCkpFTktJTlNfVVJMPSJodHRwOi8vMTAuMC4xLjMzOjgwODAiCgpkbmYgdXBncmFkZQpkbmYgLXkgaW5zdGFsbCBuZ2lueAoKcm0gLWYgL2V0Yy9uZ2lueC9jb25mLmQvZGVmYXVsdC5jb25mCgpjYXQgPDxFT0YgPiAvZXRjL25naW54L2NvbmYuZC9yZXZlcnNlLXByb3h5LmNvbmYKc2VydmVyIHsKICAgIGxpc3RlbiA4MDsKCiAgICBsb2NhdGlvbiAvIHsKICAgICAgICBwcm94eV9wYXNzICRKRU5LSU5TX1VSTDsKICAgICAgICBwcm94eV9zZXRfaGVhZGVyIEhvc3QgXCRob3N0OwogICAgICAgIHByb3h5X3NldF9oZWFkZXIgWC1SZWFsLUlQIFwkcmVtb3RlX2FkZHI7CiAgICAgICAgcHJveHlfc2V0X2hlYWRlciBYLUZvcndhcmRlZC1Gb3IgXCRwcm94eV9hZGRfeF9mb3J3YXJkZWRfZm9yOwogICAgICAgIHByb3h5X3NldF9oZWFkZXIgWC1Gb3J3YXJkZWQtUHJvdG8gXCRzY2hlbWU7CiAgICB9Cn0KRU9GCgpzdWRvIHN5c3RlbWN0bCBlbmFibGUgLS1ub3cgbmdpbngKCg==",
            "user_data_replace_on_change": false,
            "volume_tags": null,
            "vpc_security_group_ids": [
              "sg-0bf6780df13a5e047"
            ]
          },
          "sensitive_attributes": [],
          "identity_schema_version": 0,
          "identity": {
            "account_id": "730323515716",
            "id": "i-0b75c3d57da0a175e",
            "region": "eu-central-1"
          },
          "private": "eyJlMmJmYjczMC1lY2FhLTExZTYtOGY4OC0zNDM2M2JjN2M0YzAiOnsiY3JlYXRlIjo2MDAwMDAwMDAwMDAsImRlbGV0ZSI6MTIwMDAwMDAwMDAwMCwicmVhZCI6OTAwMDAwMDAwMDAwLCJ1cGRhdGUiOjYwMDAwMDAwMDAwMH0sInNjaGVtYV92ZXJzaW9uIjoiMiJ9",
          "dependencies": [
            "aws_instance.jenkins",
            "aws_security_group.bastion",
            "aws_security_group.jenkins",
            "aws_security_group.proxy",
            "aws_subnet.private_subnet",
            "aws_subnet.public_subnet",
            "aws_vpc.custom",
            "data.aws_ami.jenkins",
            "data.aws_ami.proxy",
            "data.http.my_ip",
            "data.template_file.user_data_proxy"
          ]
        }
      ]
    },
    {
      "mode": "managed",
      "type": "aws_internet_gateway",
      "name": "igw",
      "provider": "provider[\"registry.terraform.io/hashicorp/aws\"]",
      "instances": [
        {
          "schema_version": 0,
          "attributes": {
            "arn": "arn:aws:ec2:eu-central-1:730323515716:internet-gateway/igw-02b9112b5864863f5",
            "id": "igw-02b9112b5864863f5",
            "owner_id": "730323515716",
            "region": "eu-central-1",
            "tags": {
              "Author": "Marcus Hogh",
              "Name": "igw-jenkins"
            },
            "tags_all": {
              "Author": "Marcus Hogh",
              "Name": "igw-jenkins"
            },
            "timeouts": null,
            "vpc_id": "vpc-03bbab19ade5dd849"
          },
          "sensitive_attributes": [],
          "identity_schema_version": 0,
          "private": "eyJlMmJmYjczMC1lY2FhLTExZTYtOGY4OC0zNDM2M2JjN2M0YzAiOnsiY3JlYXRlIjoxMjAwMDAwMDAwMDAwLCJkZWxldGUiOjEyMDAwMDAwMDAwMDAsInVwZGF0ZSI6MTIwMDAwMDAwMDAwMH19",
          "dependencies": [
            "aws_vpc.custom"
          ]
        }
      ]
    },
    {
      "mode": "managed",
      "type": "aws_launch_template",
      "name": "worker",
      "provider": "provider[\"registry.terraform.io/hashicorp/aws\"]",
      "instances": [
        {
          "schema_version": 0,
          "attributes": {
            "arn": "arn:aws:ec2:eu-central-1:730323515716:launch-template/lt-0d65fa51d0e4b7ffa",
            "block_device_mappings": [
              {
                "device_name": "/dev/xvda",
                "ebs": [
                  {
                    "delete_on_termination": "true",
                    "encrypted": "true",
                    "iops": 3000,
                    "kms_key_id": "",
                    "snapshot_id": "",
                    "throughput": 125,
                    "volume_initialization_rate": 0,
                    "volume_size": 30,
                    "volume_type": "gp3"
                  }
                ],
                "no_device": "",
                "virtual_name": ""
              }
            ],
            "capacity_reservation_specification": [],
            "cpu_options": [],
            "credit_specification": [],
            "default_version": 1,
            "description": "",
            "disable_api_stop": false,
            "disable_api_termination": false,
            "ebs_optimized": "",
            "enclave_options": [],
            "hibernation_options": [],
            "iam_instance_profile": [],
            "id": "lt-0d65fa51d0e4b7ffa",
            "image_id": "ami-0701a90827bf9885a",
            "instance_initiated_shutdown_behavior": "",
            "instance_market_options": [],
            "instance_requirements": [],
            "instance_type": "t3.small",
            "kernel_id": "",
            "key_name": "jenkins",
            "latest_version": 2,
            "license_specification": [],
            "maintenance_options": [],
            "metadata_options": [
              {
                "http_endpoint": "enabled",
                "http_protocol_ipv6": "",
                "http_put_response_hop_limit": 0,
                "http_tokens": "optional",
                "instance_metadata_tags": ""
              }
            ],
            "monitoring": [],
            "name": "worker-launch-template",
            "name_prefix": "",
            "network_interfaces": [
              {
                "associate_carrier_ip_address": "",
                "associate_public_ip_address": "false",
                "connection_tracking_specification": [],
                "delete_on_termination": "",
                "description": "",
                "device_index": 0,
                "ena_srd_specification": [],
                "interface_type": "",
                "ipv4_address_count": 0,
                "ipv4_addresses": [],
                "ipv4_prefix_count": 0,
                "ipv4_prefixes": [],
                "ipv6_address_count": 0,
                "ipv6_addresses": [],
                "ipv6_prefix_count": 0,
                "ipv6_prefixes": [],
                "network_card_index": 0,
                "network_interface_id": "",
                "primary_ipv6": "",
                "private_ip_address": "",
                "security_groups": [
                  "sg-00d7fed8e0b9cdf6f"
                ],
                "subnet_id": ""
              }
            ],
            "placement": [],
            "private_dns_name_options": [],
            "ram_disk_id": "",
            "region": "eu-central-1",
            "security_group_names": [],
            "tag_specifications": [
              {
                "resource_type": "instance",
                "tags": {
                  "Name": "worker-jenkins"
                }
              }
            ],
            "tags": {},
            "tags_all": {},
            "update_default_version": null,
            "user_data": "IyEvdXNyL2Jpbi9lbnYgYmFzaApzZXQgLWV1byBwaXBlZmFpbAoKSkVOS0lOU19VUkw9Imh0dHA6Ly8xMC4wLjEuMzM6ODA4MCIKCiMgPT09IHdhaXQgdW50aWwgamVua2lucyBzZXJ2ZXIgaXMgaGVhbHRoeSA9PT0KdW50aWwgY3VybCAtcyAtLWhlYWQgLS1mYWlsIC0tbWF4LXRpbWUgMyAiJEpFTktJTlNfVVJML2xvZ2luIiA+IC9kZXYvbnVsbDsgZG8KICBlY2hvICIkKGRhdGUgJyslWS0lbS0lZCAlSDolTTolUycpICRKRU5LSU5TX1VSTCBpcyBvZmZsaW5lLiBSZXRyeWluZyBpbiA1cy4uLiIKICBzbGVlcCAzCmRvbmUKCiMgPT09IGFkZCBKRU5LSU5TX1VSTCB0byBzZXJ2aWNlIG92ZXJyaWRlIGNvbmZpZ3VyYXRpb24gPT09Ck9WRVJSSURFX0NPTkY9Ii9ldGMvc3lzdGVtZC9zeXN0ZW0vamVua2lucy13b3JrZXIuc2VydmljZS5kL292ZXJyaWRlLmNvbmYiCmVjaG8gIkVudmlyb25tZW50PVwiSkVOS0lOU19VUkw9JEpFTktJTlNfVVJMXCIiID4+ICIkT1ZFUlJJREVfQ09ORiIKc3lzdGVtY3RsIHN0YXJ0IGplbmtpbnMtd29ya2VyLnNlcnZpY2UK",
            "vpc_security_group_ids": []
          },
          "sensitive_attributes": [],
          "identity_schema_version": 0,
          "private": "bnVsbA==",
          "dependencies": [
            "aws_instance.jenkins",
            "aws_security_group.bastion",
            "aws_security_group.jenkins",
            "aws_security_group.proxy",
            "aws_security_group.worker",
            "aws_subnet.private_subnet",
            "aws_vpc.custom",
            "data.aws_ami.jenkins",
            "data.aws_ami.worker",
            "data.http.my_ip",
            "data.template_file.user_data_worker"
          ]
        }
      ]
    },
    {
      "mode": "managed",
      "type": "aws_nat_gateway",
      "name": "nat_gateway",
      "provider": "provider[\"registry.terraform.io/hashicorp/aws\"]",
      "instances": [
        {
          "schema_version": 0,
          "attributes": {
            "allocation_id": "eipalloc-0e2e64609ab6cc7ee",
            "association_id": "eipassoc-029f49bd19cb13ac7",
            "connectivity_type": "public",
            "id": "nat-02a4d2b4b888a123d",
            "network_interface_id": "eni-07f2a4a7cafa43b55",
            "private_ip": "10.0.0.80",
            "public_ip": "63.176.17.56",
            "region": "eu-central-1",
            "secondary_allocation_ids": [],
            "secondary_private_ip_address_count": 0,
            "secondary_private_ip_addresses": [],
            "subnet_id": "subnet-04134c99da149bdd7",
            "tags": {
              "Author": "Marcus Hogh",
              "Name": "nat-gateway-jenkins"
            },
            "tags_all": {
              "Author": "Marcus Hogh",
              "Name": "nat-gateway-jenkins"
            },
            "timeouts": null
          },
          "sensitive_attributes": [],
          "identity_schema_version": 0,
          "private": "eyJlMmJmYjczMC1lY2FhLTExZTYtOGY4OC0zNDM2M2JjN2M0YzAiOnsiY3JlYXRlIjo2MDAwMDAwMDAwMDAsImRlbGV0ZSI6MTgwMDAwMDAwMDAwMCwidXBkYXRlIjo2MDAwMDAwMDAwMDB9fQ==",
          "dependencies": [
            "aws_eip.nat_gateway_eip",
            "aws_internet_gateway.igw",
            "aws_subnet.public_subnet",
            "aws_vpc.custom"
          ]
        }
      ]
    },
    {
      "mode": "managed",
      "type": "aws_route_table",
      "name": "private_route_table",
      "provider": "provider[\"registry.terraform.io/hashicorp/aws\"]",
      "instances": [
        {
          "schema_version": 0,
          "attributes": {
            "arn": "arn:aws:ec2:eu-central-1:730323515716:route-table/rtb-00f4424163dab1340",
            "id": "rtb-00f4424163dab1340",
            "owner_id": "730323515716",
            "propagating_vgws": [],
            "region": "eu-central-1",
            "route": [
              {
                "carrier_gateway_id": "",
                "cidr_block": "0.0.0.0/0",
                "core_network_arn": "",
                "destination_prefix_list_id": "",
                "egress_only_gateway_id": "",
                "gateway_id": "nat-02a4d2b4b888a123d",
                "ipv6_cidr_block": "",
                "local_gateway_id": "",
                "nat_gateway_id": "",
                "network_interface_id": "",
                "transit_gateway_id": "",
                "vpc_endpoint_id": "",
                "vpc_peering_connection_id": ""
              }
            ],
            "tags": {
              "Author": "Marcus Hogh",
              "Name": "private-route-table-jenkins"
            },
            "tags_all": {
              "Author": "Marcus Hogh",
              "Name": "private-route-table-jenkins"
            },
            "timeouts": null,
            "vpc_id": "vpc-03bbab19ade5dd849"
          },
          "sensitive_attributes": [],
          "identity_schema_version": 0,
          "identity": {
            "account_id": "730323515716",
            "id": "rtb-00f4424163dab1340",
            "region": "eu-central-1"
          },
          "private": "eyJlMmJmYjczMC1lY2FhLTExZTYtOGY4OC0zNDM2M2JjN2M0YzAiOnsiY3JlYXRlIjozMDAwMDAwMDAwMDAsImRlbGV0ZSI6MzAwMDAwMDAwMDAwLCJ1cGRhdGUiOjEyMDAwMDAwMDAwMH19",
          "dependencies": [
            "aws_eip.nat_gateway_eip",
            "aws_internet_gateway.igw",
            "aws_nat_gateway.nat_gateway",
            "aws_subnet.public_subnet",
            "aws_vpc.custom"
          ]
        }
      ]
    },
    {
      "mode": "managed",
      "type": "aws_route_table",
      "name": "public_route_table",
      "provider": "provider[\"registry.terraform.io/hashicorp/aws\"]",
      "instances": [
        {
          "schema_version": 0,
          "attributes": {
            "arn": "arn:aws:ec2:eu-central-1:730323515716:route-table/rtb-02953f08e3b3f65cf",
            "id": "rtb-02953f08e3b3f65cf",
            "owner_id": "730323515716",
            "propagating_vgws": [],
            "region": "eu-central-1",
            "route": [
              {
                "carrier_gateway_id": "",
                "cidr_block": "0.0.0.0/0",
                "core_network_arn": "",
                "destination_prefix_list_id": "",
                "egress_only_gateway_id": "",
                "gateway_id": "igw-02b9112b5864863f5",
                "ipv6_cidr_block": "",
                "local_gateway_id": "",
                "nat_gateway_id": "",
                "network_interface_id": "",
                "transit_gateway_id": "",
                "vpc_endpoint_id": "",
                "vpc_peering_connection_id": ""
              }
            ],
            "tags": {
              "Author": "Marcus Hogh",
              "Name": "public-route-table-jenkins"
            },
            "tags_all": {
              "Author": "Marcus Hogh",
              "Name": "public-route-table-jenkins"
            },
            "timeouts": null,
            "vpc_id": "vpc-03bbab19ade5dd849"
          },
          "sensitive_attributes": [],
          "identity_schema_version": 0,
          "identity": {
            "account_id": "730323515716",
            "id": "rtb-02953f08e3b3f65cf",
            "region": "eu-central-1"
          },
          "private": "eyJlMmJmYjczMC1lY2FhLTExZTYtOGY4OC0zNDM2M2JjN2M0YzAiOnsiY3JlYXRlIjozMDAwMDAwMDAwMDAsImRlbGV0ZSI6MzAwMDAwMDAwMDAwLCJ1cGRhdGUiOjEyMDAwMDAwMDAwMH19",
          "dependencies": [
            "aws_internet_gateway.igw",
            "aws_vpc.custom"
          ]
        }
      ]
    },
    {
      "mode": "managed",
      "type": "aws_route_table_association",
      "name": "private_subnets",
      "provider": "provider[\"registry.terraform.io/hashicorp/aws\"]",
      "instances": [
        {
          "index_key": "eu-central-1a",
          "schema_version": 0,
          "attributes": {
            "gateway_id": "",
            "id": "rtbassoc-07e18fe54cbf7f696",
            "region": "eu-central-1",
            "route_table_id": "rtb-00f4424163dab1340",
            "subnet_id": "subnet-05510bd6b4b52fc28",
            "timeouts": null
          },
          "sensitive_attributes": [],
          "identity_schema_version": 0,
          "private": "eyJlMmJmYjczMC1lY2FhLTExZTYtOGY4OC0zNDM2M2JjN2M0YzAiOnsiY3JlYXRlIjozMDAwMDAwMDAwMDAsImRlbGV0ZSI6MzAwMDAwMDAwMDAwLCJ1cGRhdGUiOjEyMDAwMDAwMDAwMH19",
          "dependencies": [
            "aws_eip.nat_gateway_eip",
            "aws_internet_gateway.igw",
            "aws_nat_gateway.nat_gateway",
            "aws_route_table.private_route_table",
            "aws_subnet.private_subnet",
            "aws_subnet.public_subnet",
            "aws_vpc.custom"
          ]
        },
        {
          "index_key": "eu-central-1b",
          "schema_version": 0,
          "attributes": {
            "gateway_id": "",
            "id": "rtbassoc-01e57dc4f478504dd",
            "region": "eu-central-1",
            "route_table_id": "rtb-00f4424163dab1340",
            "subnet_id": "subnet-084b81173e6a28905",
            "timeouts": null
          },
          "sensitive_attributes": [],
          "identity_schema_version": 0,
          "private": "eyJlMmJmYjczMC1lY2FhLTExZTYtOGY4OC0zNDM2M2JjN2M0YzAiOnsiY3JlYXRlIjozMDAwMDAwMDAwMDAsImRlbGV0ZSI6MzAwMDAwMDAwMDAwLCJ1cGRhdGUiOjEyMDAwMDAwMDAwMH19",
          "dependencies": [
            "aws_eip.nat_gateway_eip",
            "aws_internet_gateway.igw",
            "aws_nat_gateway.nat_gateway",
            "aws_route_table.private_route_table",
            "aws_subnet.private_subnet",
            "aws_subnet.public_subnet",
            "aws_vpc.custom"
          ]
        }
      ]
    },
    {
      "mode": "managed",
      "type": "aws_route_table_association",
      "name": "public_subnets",
      "provider": "provider[\"registry.terraform.io/hashicorp/aws\"]",
      "instances": [
        {
          "index_key": "eu-central-1a",
          "schema_version": 0,
          "attributes": {
            "gateway_id": "",
            "id": "rtbassoc-080c91d8ad4529eab",
            "region": "eu-central-1",
            "route_table_id": "rtb-02953f08e3b3f65cf",
            "subnet_id": "subnet-04134c99da149bdd7",
            "timeouts": null
          },
          "sensitive_attributes": [],
          "identity_schema_version": 0,
          "private": "eyJlMmJmYjczMC1lY2FhLTExZTYtOGY4OC0zNDM2M2JjN2M0YzAiOnsiY3JlYXRlIjozMDAwMDAwMDAwMDAsImRlbGV0ZSI6MzAwMDAwMDAwMDAwLCJ1cGRhdGUiOjEyMDAwMDAwMDAwMH19",
          "dependencies": [
            "aws_internet_gateway.igw",
            "aws_route_table.public_route_table",
            "aws_subnet.public_subnet",
            "aws_vpc.custom"
          ]
        },
        {
          "index_key": "eu-central-1b",
          "schema_version": 0,
          "attributes": {
            "gateway_id": "",
            "id": "rtbassoc-034dbf98da747ef4f",
            "region": "eu-central-1",
            "route_table_id": "rtb-02953f08e3b3f65cf",
            "subnet_id": "subnet-00d85ddc3549c2808",
            "timeouts": null
          },
          "sensitive_attributes": [],
          "identity_schema_version": 0,
          "private": "eyJlMmJmYjczMC1lY2FhLTExZTYtOGY4OC0zNDM2M2JjN2M0YzAiOnsiY3JlYXRlIjozMDAwMDAwMDAwMDAsImRlbGV0ZSI6MzAwMDAwMDAwMDAwLCJ1cGRhdGUiOjEyMDAwMDAwMDAwMH19",
          "dependencies": [
            "aws_internet_gateway.igw",
            "aws_route_table.public_route_table",
            "aws_subnet.public_subnet",
            "aws_vpc.custom"
          ]
        }
      ]
    },
    {
      "mode": "managed",
      "type": "aws_security_group",
      "name": "bastion",
      "provider": "provider[\"registry.terraform.io/hashicorp/aws\"]",
      "instances": [
        {
          "schema_version": 1,
          "attributes": {
            "arn": "arn:aws:ec2:eu-central-1:730323515716:security-group/sg-016eb1bc1d1764ec6",
            "description": "Allow tcp/22 from my IP",
            "egress": [
              {
                "cidr_blocks": [
                  "0.0.0.0/0"
                ],
                "description": "",
                "from_port": 0,
                "ipv6_cidr_blocks": [],
                "prefix_list_ids": [],
                "protocol": "-1",
                "security_groups": [],
                "self": false,
                "to_port": 0
              }
            ],
            "id": "sg-016eb1bc1d1764ec6",
            "ingress": [
              {
                "cidr_blocks": [
                  "84.142.220.65/32"
                ],
                "description": "",
                "from_port": 22,
                "ipv6_cidr_blocks": [],
                "prefix_list_ids": [],
                "protocol": "tcp",
                "security_groups": [],
                "self": false,
                "to_port": 22
              }
            ],
            "name": "bastion-security-group-jenkins",
            "name_prefix": "",
            "owner_id": "730323515716",
            "region": "eu-central-1",
            "revoke_rules_on_delete": false,
            "tags": {
              "Author": "Marcus Hogh",
              "Name": "bastion-security-group-jenkins"
            },
            "tags_all": {
              "Author": "Marcus Hogh",
              "Name": "bastion-security-group-jenkins"
            },
            "timeouts": null,
            "vpc_id": "vpc-03bbab19ade5dd849"
          },
          "sensitive_attributes": [],
          "identity_schema_version": 0,
          "identity": {
            "account_id": "730323515716",
            "id": "sg-016eb1bc1d1764ec6",
            "region": "eu-central-1"
          },
          "private": "eyJlMmJmYjczMC1lY2FhLTExZTYtOGY4OC0zNDM2M2JjN2M0YzAiOnsiY3JlYXRlIjo2MDAwMDAwMDAwMDAsImRlbGV0ZSI6OTAwMDAwMDAwMDAwfSwic2NoZW1hX3ZlcnNpb24iOiIxIn0=",
          "dependencies": [
            "aws_vpc.custom",
            "data.http.my_ip"
          ]
        }
      ]
    },
    {
      "mode": "managed",
      "type": "aws_security_group",
      "name": "jenkins",
      "provider": "provider[\"registry.terraform.io/hashicorp/aws\"]",
      "instances": [
        {
          "schema_version": 1,
          "attributes": {
            "arn": "arn:aws:ec2:eu-central-1:730323515716:security-group/sg-0372fa9bebfdb6f5f",
            "description": "Allow tcp/8080 from load balancer and tcp/22 from bastion",
            "egress": [
              {
                "cidr_blocks": [
                  "0.0.0.0/0"
                ],
                "description": "",
                "from_port": 0,
                "ipv6_cidr_blocks": [],
                "prefix_list_ids": [],
                "protocol": "-1",
                "security_groups": [],
                "self": false,
                "to_port": 0
              }
            ],
            "id": "sg-0372fa9bebfdb6f5f",
            "ingress": [
              {
                "cidr_blocks": [
                  "10.0.1.0/24",
                  "10.0.3.0/24"
                ],
                "description": "",
                "from_port": 8080,
                "ipv6_cidr_blocks": [],
                "prefix_list_ids": [],
                "protocol": "tcp",
                "security_groups": [
                  "sg-0bf6780df13a5e047"
                ],
                "self": false,
                "to_port": 8080
              },
              {
                "cidr_blocks": [],
                "description": "",
                "from_port": 22,
                "ipv6_cidr_blocks": [],
                "prefix_list_ids": [],
                "protocol": "tcp",
                "security_groups": [
                  "sg-016eb1bc1d1764ec6"
                ],
                "self": false,
                "to_port": 22
              }
            ],
            "name": "jenkins-security-group-jenkins",
            "name_prefix": "",
            "owner_id": "730323515716",
            "region": "eu-central-1",
            "revoke_rules_on_delete": false,
            "tags": {
              "Author": "Marcus Hogh",
              "Name": "jenkins-security-group-jenkins"
            },
            "tags_all": {
              "Author": "Marcus Hogh",
              "Name": "jenkins-security-group-jenkins"
            },
            "timeouts": null,
            "vpc_id": "vpc-03bbab19ade5dd849"
          },
          "sensitive_attributes": [],
          "identity_schema_version": 0,
          "identity": {
            "account_id": "730323515716",
            "id": "sg-0372fa9bebfdb6f5f",
            "region": "eu-central-1"
          },
          "private": "eyJlMmJmYjczMC1lY2FhLTExZTYtOGY4OC0zNDM2M2JjN2M0YzAiOnsiY3JlYXRlIjo2MDAwMDAwMDAwMDAsImRlbGV0ZSI6OTAwMDAwMDAwMDAwfSwic2NoZW1hX3ZlcnNpb24iOiIxIn0=",
          "dependencies": [
            "aws_security_group.bastion",
            "aws_security_group.proxy",
            "aws_subnet.private_subnet",
            "aws_vpc.custom",
            "data.http.my_ip"
          ]
        }
      ]
    },
    {
      "mode": "managed",
      "type": "aws_security_group",
      "name": "proxy",
      "provider": "provider[\"registry.terraform.io/hashicorp/aws\"]",
      "instances": [
        {
          "schema_version": 1,
          "attributes": {
            "arn": "arn:aws:ec2:eu-central-1:730323515716:security-group/sg-0bf6780df13a5e047",
            "description": "Allow tcp/80 from my IP",
            "egress": [
              {
                "cidr_blocks": [
                  "0.0.0.0/0"
                ],
                "description": "",
                "from_port": 0,
                "ipv6_cidr_blocks": [],
                "prefix_list_ids": [],
                "protocol": "-1",
                "security_groups": [],
                "self": false,
                "to_port": 0
              }
            ],
            "id": "sg-0bf6780df13a5e047",
            "ingress": [
              {
                "cidr_blocks": [
                  "84.142.220.65/32"
                ],
                "description": "",
                "from_port": 80,
                "ipv6_cidr_blocks": [],
                "prefix_list_ids": [],
                "protocol": "tcp",
                "security_groups": [],
                "self": false,
                "to_port": 80
              }
            ],
            "name": "proxy-security-group-jenkins",
            "name_prefix": "",
            "owner_id": "730323515716",
            "region": "eu-central-1",
            "revoke_rules_on_delete": false,
            "tags": {
              "Author": "Marcus Hogh",
              "Name": "proxy-security-group-jenkins"
            },
            "tags_all": {
              "Author": "Marcus Hogh",
              "Name": "proxy-security-group-jenkins"
            },
            "timeouts": null,
            "vpc_id": "vpc-03bbab19ade5dd849"
          },
          "sensitive_attributes": [],
          "identity_schema_version": 0,
          "identity": {
            "account_id": "730323515716",
            "id": "sg-0bf6780df13a5e047",
            "region": "eu-central-1"
          },
          "private": "eyJlMmJmYjczMC1lY2FhLTExZTYtOGY4OC0zNDM2M2JjN2M0YzAiOnsiY3JlYXRlIjo2MDAwMDAwMDAwMDAsImRlbGV0ZSI6OTAwMDAwMDAwMDAwfSwic2NoZW1hX3ZlcnNpb24iOiIxIn0=",
          "dependencies": [
            "aws_vpc.custom",
            "data.http.my_ip"
          ]
        }
      ]
    },
    {
      "mode": "managed",
      "type": "aws_security_group",
      "name": "worker",
      "provider": "provider[\"registry.terraform.io/hashicorp/aws\"]",
      "instances": [
        {
          "schema_version": 1,
          "attributes": {
            "arn": "arn:aws:ec2:eu-central-1:730323515716:security-group/sg-00d7fed8e0b9cdf6f",
            "description": "Allow tcp/22 from bastion and jenkins security groups",
            "egress": [
              {
                "cidr_blocks": [
                  "0.0.0.0/0"
                ],
                "description": "",
                "from_port": 0,
                "ipv6_cidr_blocks": [],
                "prefix_list_ids": [],
                "protocol": "-1",
                "security_groups": [],
                "self": false,
                "to_port": 0
              }
            ],
            "id": "sg-00d7fed8e0b9cdf6f",
            "ingress": [
              {
                "cidr_blocks": [],
                "description": "",
                "from_port": 22,
                "ipv6_cidr_blocks": [],
                "prefix_list_ids": [],
                "protocol": "tcp",
                "security_groups": [
                  "sg-016eb1bc1d1764ec6",
                  "sg-0372fa9bebfdb6f5f"
                ],
                "self": false,
                "to_port": 22
              }
            ],
            "name": "worker-security-group-jenkins",
            "name_prefix": "",
            "owner_id": "730323515716",
            "region": "eu-central-1",
            "revoke_rules_on_delete": false,
            "tags": {
              "Author": "Marcus Hogh",
              "Name": "worker-security-group-jenkins"
            },
            "tags_all": {
              "Author": "Marcus Hogh",
              "Name": "worker-security-group-jenkins"
            },
            "timeouts": null,
            "vpc_id": "vpc-03bbab19ade5dd849"
          },
          "sensitive_attributes": [],
          "identity_schema_version": 0,
          "identity": {
            "account_id": "730323515716",
            "id": "sg-00d7fed8e0b9cdf6f",
            "region": "eu-central-1"
          },
          "private": "eyJlMmJmYjczMC1lY2FhLTExZTYtOGY4OC0zNDM2M2JjN2M0YzAiOnsiY3JlYXRlIjo2MDAwMDAwMDAwMDAsImRlbGV0ZSI6OTAwMDAwMDAwMDAwfSwic2NoZW1hX3ZlcnNpb24iOiIxIn0=",
          "dependencies": [
            "aws_security_group.bastion",
            "aws_security_group.jenkins",
            "aws_security_group.proxy",
            "aws_subnet.private_subnet",
            "aws_vpc.custom",
            "data.http.my_ip"
          ]
        }
      ]
    },
    {
      "mode": "managed",
      "type": "aws_subnet",
      "name": "private_subnet",
      "provider": "provider[\"registry.terraform.io/hashicorp/aws\"]",
      "instances": [
        {
          "index_key": "eu-central-1a",
          "schema_version": 1,
          "attributes": {
            "arn": "arn:aws:ec2:eu-central-1:730323515716:subnet/subnet-05510bd6b4b52fc28",
            "assign_ipv6_address_on_creation": false,
            "availability_zone": "eu-central-1a",
            "availability_zone_id": "euc1-az2",
            "cidr_block": "10.0.1.0/24",
            "customer_owned_ipv4_pool": "",
            "enable_dns64": false,
            "enable_lni_at_device_index": 0,
            "enable_resource_name_dns_a_record_on_launch": false,
            "enable_resource_name_dns_aaaa_record_on_launch": false,
            "id": "subnet-05510bd6b4b52fc28",
            "ipv6_cidr_block": "",
            "ipv6_cidr_block_association_id": "",
            "ipv6_native": false,
            "map_customer_owned_ip_on_launch": false,
            "map_public_ip_on_launch": false,
            "outpost_arn": "",
            "owner_id": "730323515716",
            "private_dns_hostname_type_on_launch": "ip-name",
            "region": "eu-central-1",
            "tags": {
              "Author": "Marcus Hogh",
              "Name": "private-subnet-10.0.1.0/24-eu-central-1a-jenkins"
            },
            "tags_all": {
              "Author": "Marcus Hogh",
              "Name": "private-subnet-10.0.1.0/24-eu-central-1a-jenkins"
            },
            "timeouts": null,
            "vpc_id": "vpc-03bbab19ade5dd849"
          },
          "sensitive_attributes": [],
          "identity_schema_version": 0,
          "identity": {
            "account_id": "730323515716",
            "id": "subnet-05510bd6b4b52fc28",
            "region": "eu-central-1"
          },
          "private": "eyJlMmJmYjczMC1lY2FhLTExZTYtOGY4OC0zNDM2M2JjN2M0YzAiOnsiY3JlYXRlIjo2MDAwMDAwMDAwMDAsImRlbGV0ZSI6MTIwMDAwMDAwMDAwMH0sInNjaGVtYV92ZXJzaW9uIjoiMSJ9",
          "dependencies": [
            "aws_vpc.custom"
          ]
        },
        {
          "index_key": "eu-central-1b",
          "schema_version": 1,
          "attributes": {
            "arn": "arn:aws:ec2:eu-central-1:730323515716:subnet/subnet-084b81173e6a28905",
            "assign_ipv6_address_on_creation": false,
            "availability_zone": "eu-central-1b",
            "availability_zone_id": "euc1-az3",
            "cidr_block": "10.0.3.0/24",
            "customer_owned_ipv4_pool": "",
            "enable_dns64": false,
            "enable_lni_at_device_index": 0,
            "enable_resource_name_dns_a_record_on_launch": false,
            "enable_resource_name_dns_aaaa_record_on_launch": false,
            "id": "subnet-084b81173e6a28905",
            "ipv6_cidr_block": "",
            "ipv6_cidr_block_association_id": "",
            "ipv6_native": false,
            "map_customer_owned_ip_on_launch": false,
            "map_public_ip_on_launch": false,
            "outpost_arn": "",
            "owner_id": "730323515716",
            "private_dns_hostname_type_on_launch": "ip-name",
            "region": "eu-central-1",
            "tags": {
              "Author": "Marcus Hogh",
              "Name": "private-subnet-10.0.3.0/24-eu-central-1b-jenkins"
            },
            "tags_all": {
              "Author": "Marcus Hogh",
              "Name": "private-subnet-10.0.3.0/24-eu-central-1b-jenkins"
            },
            "timeouts": null,
            "vpc_id": "vpc-03bbab19ade5dd849"
          },
          "sensitive_attributes": [],
          "identity_schema_version": 0,
          "identity": {
            "account_id": "730323515716",
            "id": "subnet-084b81173e6a28905",
            "region": "eu-central-1"
          },
          "private": "eyJlMmJmYjczMC1lY2FhLTExZTYtOGY4OC0zNDM2M2JjN2M0YzAiOnsiY3JlYXRlIjo2MDAwMDAwMDAwMDAsImRlbGV0ZSI6MTIwMDAwMDAwMDAwMH0sInNjaGVtYV92ZXJzaW9uIjoiMSJ9",
          "dependencies": [
            "aws_vpc.custom"
          ]
        }
      ]
    },
    {
      "mode": "managed",
      "type": "aws_subnet",
      "name": "public_subnet",
      "provider": "provider[\"registry.terraform.io/hashicorp/aws\"]",
      "instances": [
        {
          "index_key": "eu-central-1a",
          "schema_version": 1,
          "attributes": {
            "arn": "arn:aws:ec2:eu-central-1:730323515716:subnet/subnet-04134c99da149bdd7",
            "assign_ipv6_address_on_creation": false,
            "availability_zone": "eu-central-1a",
            "availability_zone_id": "euc1-az2",
            "cidr_block": "10.0.0.0/24",
            "customer_owned_ipv4_pool": "",
            "enable_dns64": false,
            "enable_lni_at_device_index": 0,
            "enable_resource_name_dns_a_record_on_launch": false,
            "enable_resource_name_dns_aaaa_record_on_launch": false,
            "id": "subnet-04134c99da149bdd7",
            "ipv6_cidr_block": "",
            "ipv6_cidr_block_association_id": "",
            "ipv6_native": false,
            "map_customer_owned_ip_on_launch": false,
            "map_public_ip_on_launch": false,
            "outpost_arn": "",
            "owner_id": "730323515716",
            "private_dns_hostname_type_on_launch": "ip-name",
            "region": "eu-central-1",
            "tags": {
              "Author": "Marcus Hogh",
              "Name": "public-subnet-10.0.0.0/24-eu-central-1a-jenkins"
            },
            "tags_all": {
              "Author": "Marcus Hogh",
              "Name": "public-subnet-10.0.0.0/24-eu-central-1a-jenkins"
            },
            "timeouts": null,
            "vpc_id": "vpc-03bbab19ade5dd849"
          },
          "sensitive_attributes": [],
          "identity_schema_version": 0,
          "identity": {
            "account_id": "730323515716",
            "id": "subnet-04134c99da149bdd7",
            "region": "eu-central-1"
          },
          "private": "eyJlMmJmYjczMC1lY2FhLTExZTYtOGY4OC0zNDM2M2JjN2M0YzAiOnsiY3JlYXRlIjo2MDAwMDAwMDAwMDAsImRlbGV0ZSI6MTIwMDAwMDAwMDAwMH0sInNjaGVtYV92ZXJzaW9uIjoiMSJ9",
          "dependencies": [
            "aws_vpc.custom"
          ]
        },
        {
          "index_key": "eu-central-1b",
          "schema_version": 1,
          "attributes": {
            "arn": "arn:aws:ec2:eu-central-1:730323515716:subnet/subnet-00d85ddc3549c2808",
            "assign_ipv6_address_on_creation": false,
            "availability_zone": "eu-central-1b",
            "availability_zone_id": "euc1-az3",
            "cidr_block": "10.0.2.0/24",
            "customer_owned_ipv4_pool": "",
            "enable_dns64": false,
            "enable_lni_at_device_index": 0,
            "enable_resource_name_dns_a_record_on_launch": false,
            "enable_resource_name_dns_aaaa_record_on_launch": false,
            "id": "subnet-00d85ddc3549c2808",
            "ipv6_cidr_block": "",
            "ipv6_cidr_block_association_id": "",
            "ipv6_native": false,
            "map_customer_owned_ip_on_launch": false,
            "map_public_ip_on_launch": false,
            "outpost_arn": "",
            "owner_id": "730323515716",
            "private_dns_hostname_type_on_launch": "ip-name",
            "region": "eu-central-1",
            "tags": {
              "Author": "Marcus Hogh",
              "Name": "public-subnet-10.0.2.0/24-eu-central-1b-jenkins"
            },
            "tags_all": {
              "Author": "Marcus Hogh",
              "Name": "public-subnet-10.0.2.0/24-eu-central-1b-jenkins"
            },
            "timeouts": null,
            "vpc_id": "vpc-03bbab19ade5dd849"
          },
          "sensitive_attributes": [],
          "identity_schema_version": 0,
          "identity": {
            "account_id": "730323515716",
            "id": "subnet-00d85ddc3549c2808",
            "region": "eu-central-1"
          },
          "private": "eyJlMmJmYjczMC1lY2FhLTExZTYtOGY4OC0zNDM2M2JjN2M0YzAiOnsiY3JlYXRlIjo2MDAwMDAwMDAwMDAsImRlbGV0ZSI6MTIwMDAwMDAwMDAwMH0sInNjaGVtYV92ZXJzaW9uIjoiMSJ9",
          "dependencies": [
            "aws_vpc.custom"
          ]
        }
      ]
    },
    {
      "mode": "managed",
      "type": "aws_vpc",
      "name": "custom",
      "provider": "provider[\"registry.terraform.io/hashicorp/aws\"]",
      "instances": [
        {
          "schema_version": 1,
          "attributes": {
            "arn": "arn:aws:ec2:eu-central-1:730323515716:vpc/vpc-03bbab19ade5dd849",
            "assign_generated_ipv6_cidr_block": false,
            "cidr_block": "10.0.0.0/16",
            "default_network_acl_id": "acl-01c8c6519e1d33d30",
            "default_route_table_id": "rtb-0da865a54a20e4096",
            "default_security_group_id": "sg-041cb91512db5d032",
            "dhcp_options_id": "dopt-039f3b904be3116b5",
            "enable_dns_hostnames": true,
            "enable_dns_support": true,
            "enable_network_address_usage_metrics": false,
            "id": "vpc-03bbab19ade5dd849",
            "instance_tenancy": "default",
            "ipv4_ipam_pool_id": null,
            "ipv4_netmask_length": null,
            "ipv6_association_id": "",
            "ipv6_cidr_block": "",
            "ipv6_cidr_block_network_border_group": "",
            "ipv6_ipam_pool_id": "",
            "ipv6_netmask_length": 0,
            "main_route_table_id": "rtb-0da865a54a20e4096",
            "owner_id": "730323515716",
            "region": "eu-central-1",
            "tags": {
              "Author": "Marcus Hogh",
              "Name": "jenkins"
            },
            "tags_all": {
              "Author": "Marcus Hogh",
              "Name": "jenkins"
            }
          },
          "sensitive_attributes": [],
          "identity_schema_version": 0,
          "private": "eyJzY2hlbWFfdmVyc2lvbiI6IjEifQ=="
        }
      ]
    }
  ],
  "check_results": null
}
